// !$*UTF8*$!
{
	archiveVersion = 1;
	classes = {
	};
	objectVersion = 45;
	objects = {

/* Begin PBXBuildFile section */
		151D0AC11077A289009DAE07 /* MvrContactIsADuplicate.alert in Resources */ = {isa = PBXBuildFile; fileRef = 151D0AC01077A289009DAE07 /* MvrContactIsADuplicate.alert */; };
		151E02011067652E00C6CDFF /* MvrImageItem.m in Sources */ = {isa = PBXBuildFile; fileRef = 151E02001067652E00C6CDFF /* MvrImageItem.m */; };
		151E0220106767A900C6CDFF /* MvrImageItemUI.m in Sources */ = {isa = PBXBuildFile; fileRef = 151E021F106767A900C6CDFF /* MvrImageItemUI.m */; };
		151E02231067683400C6CDFF /* MvrImagePickerSource.m in Sources */ = {isa = PBXBuildFile; fileRef = 151E02221067683400C6CDFF /* MvrImagePickerSource.m */; };
		1567510E10620DDB006EC706 /* libMoverNetwork.a in Frameworks */ = {isa = PBXBuildFile; fileRef = 1567510510620DAD006EC706 /* libMoverNetwork.a */; };
		1567511410620DF7006EC706 /* libz.1.1.3.dylib in Frameworks */ = {isa = PBXBuildFile; fileRef = 1567511310620DF7006EC706 /* libz.1.1.3.dylib */; };
		1567511610620DFC006EC706 /* SystemConfiguration.framework in Frameworks */ = {isa = PBXBuildFile; fileRef = 1567511510620DFC006EC706 /* SystemConfiguration.framework */; };
		1567511810620E01006EC706 /* CFNetwork.framework in Frameworks */ = {isa = PBXBuildFile; fileRef = 1567511710620E01006EC706 /* CFNetwork.framework */; };
		1567511A10620E08006EC706 /* MobileCoreServices.framework in Frameworks */ = {isa = PBXBuildFile; fileRef = 1567511910620E08006EC706 /* MobileCoreServices.framework */; };
		1567514910620E49006EC706 /* libMuiKit.a in Frameworks */ = {isa = PBXBuildFile; fileRef = 1567514010620E3C006EC706 /* libMuiKit.a */; };
		1567514A10620E4F006EC706 /* MuiKit.bundle in Resources */ = {isa = PBXBuildFile; fileRef = 1567514210620E3C006EC706 /* MuiKit.bundle */; };
		1567514E10620E75006EC706 /* Foundation.framework in Frameworks */ = {isa = PBXBuildFile; fileRef = 1567514D10620E75006EC706 /* Foundation.framework */; };
		1567515010620E78006EC706 /* UIKit.framework in Frameworks */ = {isa = PBXBuildFile; fileRef = 1567514F10620E78006EC706 /* UIKit.framework */; };
		1567515210620E7A006EC706 /* CoreGraphics.framework in Frameworks */ = {isa = PBXBuildFile; fileRef = 1567515110620E7A006EC706 /* CoreGraphics.framework */; };
		1567516610620F26006EC706 /* Mover-Baseline-Debug.xcconfig in Resources */ = {isa = PBXBuildFile; fileRef = 1567516410620F26006EC706 /* Mover-Baseline-Debug.xcconfig */; };
		1567516710620F26006EC706 /* Mover-Baseline-Release.xcconfig in Resources */ = {isa = PBXBuildFile; fileRef = 1567516510620F26006EC706 /* Mover-Baseline-Release.xcconfig */; };
		156751B91062176E006EC706 /* MvrItemUI.m in Sources */ = {isa = PBXBuildFile; fileRef = 156751B81062176E006EC706 /* MvrItemUI.m */; };
		156E7FD910662C4A00315D0C /* MvrGenericItemUI.m in Sources */ = {isa = PBXBuildFile; fileRef = 156E7FD810662C4A00315D0C /* MvrGenericItemUI.m */; };
		156E804210663AEB00315D0C /* GenericItemIcon.png in Resources */ = {isa = PBXBuildFile; fileRef = 156E804110663AEB00315D0C /* GenericItemIcon.png */; };
		1577006A10748D0100907F62 /* MvrVideoItem.m in Sources */ = {isa = PBXBuildFile; fileRef = 1577006910748D0100907F62 /* MvrVideoItem.m */; };
		15779EF91075D80B00FF2018 /* MvrVideoItemUI.m in Sources */ = {isa = PBXBuildFile; fileRef = 15779EF81075D80B00FF2018 /* MvrVideoItemUI.m */; };
		15779F111075DC8300FF2018 /* MediaPlayer.framework in Frameworks */ = {isa = PBXBuildFile; fileRef = 15779F101075DC8300FF2018 /* MediaPlayer.framework */; };
		157B68B21072548600E25E96 /* GreenDot.png in Resources */ = {isa = PBXBuildFile; fileRef = 157B68B11072548600E25E96 /* GreenDot.png */; };
		157B68B41072548D00E25E96 /* RedDot.png in Resources */ = {isa = PBXBuildFile; fileRef = 157B68B31072548D00E25E96 /* RedDot.png */; };
		157B96BD1076586100F1A1A8 /* MvrContactItem.m in Sources */ = {isa = PBXBuildFile; fileRef = 157B96BC1076586100F1A1A8 /* MvrContactItem.m */; };
		157B96BF1076589800F1A1A8 /* AddressBook.framework in Frameworks */ = {isa = PBXBuildFile; fileRef = 157B96BE1076589800F1A1A8 /* AddressBook.framework */; };
		157B96C11076589B00F1A1A8 /* AddressBookUI.framework in Frameworks */ = {isa = PBXBuildFile; fileRef = 157B96C01076589B00F1A1A8 /* AddressBookUI.framework */; };
		157B96D810765F5800F1A1A8 /* MvrContactItemUI.m in Sources */ = {isa = PBXBuildFile; fileRef = 157B96D710765F5800F1A1A8 /* MvrContactItemUI.m */; };
		158CBF7310774EEE006813A7 /* MvrImageVisor.m in Sources */ = {isa = PBXBuildFile; fileRef = 158CBF7110774EEE006813A7 /* MvrImageVisor.m */; };
		158CBF7610774F13006813A7 /* MvrImageVisor.xib in Resources */ = {isa = PBXBuildFile; fileRef = 158CBF7510774F13006813A7 /* MvrImageVisor.xib */; };
		158CBFE310775816006813A7 /* VideoItemIcon.png in Resources */ = {isa = PBXBuildFile; fileRef = 158CBFE210775816006813A7 /* VideoItemIcon.png */; };
		158CBFE51077583F006813A7 /* ContactWithoutImageIcon.png in Resources */ = {isa = PBXBuildFile; fileRef = 158CBFE41077583F006813A7 /* ContactWithoutImageIcon.png */; };
		1591A7051063EA0F00C5A5BD /* MvrTableController.m in Sources */ = {isa = PBXBuildFile; fileRef = 1591A7041063EA0F00C5A5BD /* MvrTableController.m */; };
		1591A7071063EC4000C5A5BD /* Backdrop.png in Resources */ = {isa = PBXBuildFile; fileRef = 1591A7061063EC4000C5A5BD /* Backdrop.png */; };
		1591A70E1063ED2900C5A5BD /* MvrSlidesView.m in Sources */ = {isa = PBXBuildFile; fileRef = 1591A70D1063ED2900C5A5BD /* MvrSlidesView.m */; };
		1591A7111063EDA100C5A5BD /* MvrSlide.m in Sources */ = {isa = PBXBuildFile; fileRef = 1591A7101063EDA100C5A5BD /* MvrSlide.m */; };
		1591A7131063EEF700C5A5BD /* MvrSlide.xib in Resources */ = {isa = PBXBuildFile; fileRef = 1591A7121063EEF700C5A5BD /* MvrSlide.xib */; };
		1591A7171063EF2900C5A5BD /* Frame-Highlighted.png in Resources */ = {isa = PBXBuildFile; fileRef = 1591A7151063EF2900C5A5BD /* Frame-Highlighted.png */; };
		1591A7181063EF2900C5A5BD /* Frame.png in Resources */ = {isa = PBXBuildFile; fileRef = 1591A7161063EF2900C5A5BD /* Frame.png */; };
		1591A7481063EF8A00C5A5BD /* ActionButton-Pressed.png in Resources */ = {isa = PBXBuildFile; fileRef = 1591A7461063EF8A00C5A5BD /* ActionButton-Pressed.png */; };
		1591A7491063EF8A00C5A5BD /* ActionButton.png in Resources */ = {isa = PBXBuildFile; fileRef = 1591A7471063EF8A00C5A5BD /* ActionButton.png */; };
		1595583110775E6300FBC9B4 /* MvrBookmarkItem.m in Sources */ = {isa = PBXBuildFile; fileRef = 1595583010775E6300FBC9B4 /* MvrBookmarkItem.m */; };
		159559121077602800FBC9B4 /* MvrBookmarkItemUI.m in Sources */ = {isa = PBXBuildFile; fileRef = 159559111077602800FBC9B4 /* MvrBookmarkItemUI.m */; };
		15955935107760EE00FBC9B4 /* BookmarkIcon.png in Resources */ = {isa = PBXBuildFile; fileRef = 15955934107760EE00FBC9B4 /* BookmarkIcon.png */; };
		159559D5107767C100FBC9B4 /* MvrTextItem.m in Sources */ = {isa = PBXBuildFile; fileRef = 159559D4107767C100FBC9B4 /* MvrTextItem.m */; };
		159559DE107768EF00FBC9B4 /* MvrTextItemUI.m in Sources */ = {isa = PBXBuildFile; fileRef = 159559DD107768EF00FBC9B4 /* MvrTextItemUI.m */; };
		159559E5107769F500FBC9B4 /* TextIcon.png in Resources */ = {isa = PBXBuildFile; fileRef = 159559E4107769F500FBC9B4 /* TextIcon.png */; };
		15955A1D10776B2200FBC9B4 /* MvrTextVisor.m in Sources */ = {isa = PBXBuildFile; fileRef = 15955A1C10776B2200FBC9B4 /* MvrTextVisor.m */; };
		15955A2110776B7D00FBC9B4 /* MvrVisor.m in Sources */ = {isa = PBXBuildFile; fileRef = 15955A2010776B7D00FBC9B4 /* MvrVisor.m */; };
		15955A621077700200FBC9B4 /* MvrTextVisor.xib in Resources */ = {isa = PBXBuildFile; fileRef = 15955A611077700200FBC9B4 /* MvrTextVisor.xib */; };
		15AD032F1073F57200D92F5E /* QuartzCore.framework in Frameworks */ = {isa = PBXBuildFile; fileRef = 15AD032E1073F57200D92F5E /* QuartzCore.framework */; };
		15AD035B1073F83200D92F5E /* NetworkToolbarIcon.png in Resources */ = {isa = PBXBuildFile; fileRef = 15AD035A1073F83200D92F5E /* NetworkToolbarIcon.png */; };
		15C1C84B1068D8AA000C9CDE /* MvrArrowView.m in Sources */ = {isa = PBXBuildFile; fileRef = 15C1C84A1068D8AA000C9CDE /* MvrArrowView.m */; };
		15C1C8531068DAAA000C9CDE /* MvrArrowView.xib in Resources */ = {isa = PBXBuildFile; fileRef = 15C1C8521068DAAA000C9CDE /* MvrArrowView.xib */; };
		15C1C86B1068DB92000C9CDE /* MvrWiFiMode.m in Sources */ = {isa = PBXBuildFile; fileRef = 15C1C86A1068DB92000C9CDE /* MvrWiFiMode.m */; };
		15C1C86F1068DBDB000C9CDE /* MvrUIMode.m in Sources */ = {isa = PBXBuildFile; fileRef = 15C1C86E1068DBDB000C9CDE /* MvrUIMode.m */; };
		15C1C8901068DCDB000C9CDE /* MvrArrowsView.m in Sources */ = {isa = PBXBuildFile; fileRef = 15C1C88F1068DCDB000C9CDE /* MvrArrowsView.m */; };
		15CFDB2210710B2D00FAB245 /* TopShadow.png in Resources */ = {isa = PBXBuildFile; fileRef = 15CFDB2110710B2D00FAB245 /* TopShadow.png */; };
		15CFDB41107112C800FAB245 /* Arrow.png in Resources */ = {isa = PBXBuildFile; fileRef = 15CFDB3F107112C800FAB245 /* Arrow.png */; };
		15CFDB42107112C800FAB245 /* DrawerBackdrop.png in Resources */ = {isa = PBXBuildFile; fileRef = 15CFDB40107112C800FAB245 /* DrawerBackdrop.png */; };
		15D46D0E10724C5A00DA8260 /* DrawerButton.png in Resources */ = {isa = PBXBuildFile; fileRef = 15D46D0C10724C5A00DA8260 /* DrawerButton.png */; };
		15D46D0F10724C5A00DA8260 /* DrawerLabelHolder.png in Resources */ = {isa = PBXBuildFile; fileRef = 15D46D0D10724C5A00DA8260 /* DrawerLabelHolder.png */; };
		1D3623260D0F684500981E51 /* MvrAppDelegate.m in Sources */ = {isa = PBXBuildFile; fileRef = 1D3623250D0F684500981E51 /* MvrAppDelegate.m */; };
		1D60589B0D05DD56006BFB54 /* main.m in Sources */ = {isa = PBXBuildFile; fileRef = 29B97316FDCFA39411CA2CEA /* main.m */; };
		28AD733F0D9D9553002E5188 /* MainWindow.xib in Resources */ = {isa = PBXBuildFile; fileRef = 28AD733E0D9D9553002E5188 /* MainWindow.xib */; };
/* End PBXBuildFile section */

/* Begin PBXContainerItemProxy section */
		1567510410620DAD006EC706 /* PBXContainerItemProxy */ = {
			isa = PBXContainerItemProxy;
			containerPortal = 156750FE10620DAD006EC706 /* Network+Storage.xcodeproj */;
			proxyType = 2;
			remoteGlobalIDString = D2AAC07E0554694100DB518D;
			remoteInfo = Network;
		};
		1567510610620DAD006EC706 /* PBXContainerItemProxy */ = {
			isa = PBXContainerItemProxy;
			containerPortal = 156750FE10620DAD006EC706 /* Network+Storage.xcodeproj */;
			proxyType = 2;
			remoteGlobalIDString = 1593E964105BB9FB00220989;
			remoteInfo = "Network+Test";
		};
		1567510810620DAD006EC706 /* PBXContainerItemProxy */ = {
			isa = PBXContainerItemProxy;
			containerPortal = 156750FE10620DAD006EC706 /* Network+Storage.xcodeproj */;
			proxyType = 2;
			remoteGlobalIDString = 153B4212105BF36700DB8FB2;
			remoteInfo = "mvr-wifi";
		};
		1567513410620E38006EC706 /* PBXContainerItemProxy */ = {
			isa = PBXContainerItemProxy;
			containerPortal = 156750FE10620DAD006EC706 /* Network+Storage.xcodeproj */;
			proxyType = 1;
			remoteGlobalIDString = D2AAC07D0554694100DB518D;
			remoteInfo = Network;
		};
		1567513F10620E3C006EC706 /* PBXContainerItemProxy */ = {
			isa = PBXContainerItemProxy;
			containerPortal = 1567512210620E27006EC706 /* MuiKit.xcodeproj */;
			proxyType = 2;
			remoteGlobalIDString = 154B01F00F78156D0082109B;
			remoteInfo = "MuiKit (Library)";
		};
		1567514110620E3C006EC706 /* PBXContainerItemProxy */ = {
			isa = PBXContainerItemProxy;
			containerPortal = 1567512210620E27006EC706 /* MuiKit.xcodeproj */;
			proxyType = 2;
			remoteGlobalIDString = 156FD76B0F7A25F900F83283;
			remoteInfo = "MuiKit (Resources)";
		};
		1567514310620E3C006EC706 /* PBXContainerItemProxy */ = {
			isa = PBXContainerItemProxy;
			containerPortal = 1567512210620E27006EC706 /* MuiKit.xcodeproj */;
			proxyType = 2;
			remoteGlobalIDString = 154635591011BD77000238EE;
			remoteInfo = "MuiKit+Test";
		};
		1567514510620E3C006EC706 /* PBXContainerItemProxy */ = {
			isa = PBXContainerItemProxy;
			containerPortal = 1567512210620E27006EC706 /* MuiKit.xcodeproj */;
			proxyType = 2;
			remoteGlobalIDString = 153B416C105BEFCA00DB8FB2;
			remoteInfo = "MuiKit (Library - Mac OS X)";
		};
		1567514710620E42006EC706 /* PBXContainerItemProxy */ = {
			isa = PBXContainerItemProxy;
			containerPortal = 1567512210620E27006EC706 /* MuiKit.xcodeproj */;
			proxyType = 1;
			remoteGlobalIDString = 156FD7720F7A261B00F83283;
			remoteInfo = MuiKit;
		};
/* End PBXContainerItemProxy section */

/* Begin PBXFileReference section */
		151D0AC01077A289009DAE07 /* MvrContactIsADuplicate.alert */ = {isa = PBXFileReference; fileEncoding = 4; lastKnownFileType = text.xml; path = MvrContactIsADuplicate.alert; sourceTree = "<group>"; };
		151E01FF1067652E00C6CDFF /* MvrImageItem.h */ = {isa = PBXFileReference; fileEncoding = 4; lastKnownFileType = sourcecode.c.h; path = MvrImageItem.h; sourceTree = "<group>"; };
		151E02001067652E00C6CDFF /* MvrImageItem.m */ = {isa = PBXFileReference; fileEncoding = 4; lastKnownFileType = sourcecode.c.objc; path = MvrImageItem.m; sourceTree = "<group>"; };
		151E021E106767A900C6CDFF /* MvrImageItemUI.h */ = {isa = PBXFileReference; fileEncoding = 4; lastKnownFileType = sourcecode.c.h; path = MvrImageItemUI.h; sourceTree = "<group>"; };
		151E021F106767A900C6CDFF /* MvrImageItemUI.m */ = {isa = PBXFileReference; fileEncoding = 4; lastKnownFileType = sourcecode.c.objc; path = MvrImageItemUI.m; sourceTree = "<group>"; };
		151E02211067683400C6CDFF /* MvrImagePickerSource.h */ = {isa = PBXFileReference; fileEncoding = 4; lastKnownFileType = sourcecode.c.h; path = MvrImagePickerSource.h; sourceTree = "<group>"; };
		151E02221067683400C6CDFF /* MvrImagePickerSource.m */ = {isa = PBXFileReference; fileEncoding = 4; lastKnownFileType = sourcecode.c.objc; path = MvrImagePickerSource.m; sourceTree = "<group>"; };
		156750FE10620DAD006EC706 /* Network+Storage.xcodeproj */ = {isa = PBXFileReference; lastKnownFileType = "wrapper.pb-project"; name = "Network+Storage.xcodeproj"; path = "Network+Storage/Network+Storage.xcodeproj"; sourceTree = "<group>"; };
		1567511310620DF7006EC706 /* libz.1.1.3.dylib */ = {isa = PBXFileReference; lastKnownFileType = "compiled.mach-o.dylib"; name = libz.1.1.3.dylib; path = usr/lib/libz.1.1.3.dylib; sourceTree = SDKROOT; };
		1567511510620DFC006EC706 /* SystemConfiguration.framework */ = {isa = PBXFileReference; lastKnownFileType = wrapper.framework; name = SystemConfiguration.framework; path = System/Library/Frameworks/SystemConfiguration.framework; sourceTree = SDKROOT; };
		1567511710620E01006EC706 /* CFNetwork.framework */ = {isa = PBXFileReference; lastKnownFileType = wrapper.framework; name = CFNetwork.framework; path = System/Library/Frameworks/CFNetwork.framework; sourceTree = SDKROOT; };
		1567511910620E08006EC706 /* MobileCoreServices.framework */ = {isa = PBXFileReference; lastKnownFileType = wrapper.framework; name = MobileCoreServices.framework; path = System/Library/Frameworks/MobileCoreServices.framework; sourceTree = SDKROOT; };
		1567512210620E27006EC706 /* MuiKit.xcodeproj */ = {isa = PBXFileReference; lastKnownFileType = "wrapper.pb-project"; path = MuiKit.xcodeproj; sourceTree = INFINITELABS_LIB_MUIKIT; };
		1567514D10620E75006EC706 /* Foundation.framework */ = {isa = PBXFileReference; lastKnownFileType = wrapper.framework; name = Foundation.framework; path = System/Library/Frameworks/Foundation.framework; sourceTree = SDKROOT; };
		1567514F10620E78006EC706 /* UIKit.framework */ = {isa = PBXFileReference; lastKnownFileType = wrapper.framework; name = UIKit.framework; path = System/Library/Frameworks/UIKit.framework; sourceTree = SDKROOT; };
		1567515110620E7A006EC706 /* CoreGraphics.framework */ = {isa = PBXFileReference; lastKnownFileType = wrapper.framework; name = CoreGraphics.framework; path = System/Library/Frameworks/CoreGraphics.framework; sourceTree = SDKROOT; };
		1567516410620F26006EC706 /* Mover-Baseline-Debug.xcconfig */ = {isa = PBXFileReference; fileEncoding = 4; lastKnownFileType = text.xcconfig; path = "Mover-Baseline-Debug.xcconfig"; sourceTree = "<group>"; };
		1567516510620F26006EC706 /* Mover-Baseline-Release.xcconfig */ = {isa = PBXFileReference; fileEncoding = 4; lastKnownFileType = text.xcconfig; path = "Mover-Baseline-Release.xcconfig"; sourceTree = "<group>"; };
		156751B71062176E006EC706 /* MvrItemUI.h */ = {isa = PBXFileReference; fileEncoding = 4; lastKnownFileType = sourcecode.c.h; path = MvrItemUI.h; sourceTree = "<group>"; };
		156751B81062176E006EC706 /* MvrItemUI.m */ = {isa = PBXFileReference; fileEncoding = 4; lastKnownFileType = sourcecode.c.objc; path = MvrItemUI.m; sourceTree = "<group>"; };
		156CF0D4105BAEC3006D8E7A /* Local-Debug.xcconfig */ = {isa = PBXFileReference; fileEncoding = 4; lastKnownFileType = text.xcconfig; path = "Local-Debug.xcconfig"; sourceTree = "<group>"; };
		156CF0D5105BAEC3006D8E7A /* Local-Release.xcconfig */ = {isa = PBXFileReference; fileEncoding = 4; lastKnownFileType = text.xcconfig; path = "Local-Release.xcconfig"; sourceTree = "<group>"; };
		156CF0D6105BAEC3006D8E7A /* Local.xcconfig */ = {isa = PBXFileReference; fileEncoding = 4; lastKnownFileType = text.xcconfig; path = Local.xcconfig; sourceTree = "<group>"; };
		156CF0D7105BAECB006D8E7A /* Mover-Debug.xcconfig */ = {isa = PBXFileReference; fileEncoding = 4; lastKnownFileType = text.xcconfig; path = "Mover-Debug.xcconfig"; sourceTree = "<group>"; };
		156CF0D8105BAECB006D8E7A /* Mover-Release.xcconfig */ = {isa = PBXFileReference; fileEncoding = 4; lastKnownFileType = text.xcconfig; path = "Mover-Release.xcconfig"; sourceTree = "<group>"; };
		156CF0D9105BAECB006D8E7A /* Mover.xcconfig */ = {isa = PBXFileReference; fileEncoding = 4; lastKnownFileType = text.xcconfig; path = Mover.xcconfig; sourceTree = "<group>"; };
		156CF0E0105BAF47006D8E7A /* Open.xcconfig */ = {isa = PBXFileReference; fileEncoding = 4; lastKnownFileType = text.xcconfig; path = Open.xcconfig; sourceTree = "<group>"; };
		156CF0F8105BB127006D8E7A /* Mover-Baseline.xcconfig */ = {isa = PBXFileReference; fileEncoding = 4; lastKnownFileType = text.xcconfig; path = "Mover-Baseline.xcconfig"; sourceTree = "<group>"; };
		156E7FD710662C4A00315D0C /* MvrGenericItemUI.h */ = {isa = PBXFileReference; fileEncoding = 4; lastKnownFileType = sourcecode.c.h; path = MvrGenericItemUI.h; sourceTree = "<group>"; };
		156E7FD810662C4A00315D0C /* MvrGenericItemUI.m */ = {isa = PBXFileReference; fileEncoding = 4; lastKnownFileType = sourcecode.c.objc; path = MvrGenericItemUI.m; sourceTree = "<group>"; };
		156E804110663AEB00315D0C /* GenericItemIcon.png */ = {isa = PBXFileReference; lastKnownFileType = image.png; path = GenericItemIcon.png; sourceTree = "<group>"; };
		1577006810748D0100907F62 /* MvrVideoItem.h */ = {isa = PBXFileReference; fileEncoding = 4; lastKnownFileType = sourcecode.c.h; path = MvrVideoItem.h; sourceTree = "<group>"; };
		1577006910748D0100907F62 /* MvrVideoItem.m */ = {isa = PBXFileReference; fileEncoding = 4; lastKnownFileType = sourcecode.c.objc; path = MvrVideoItem.m; sourceTree = "<group>"; };
		15779EF71075D80B00FF2018 /* MvrVideoItemUI.h */ = {isa = PBXFileReference; fileEncoding = 4; lastKnownFileType = sourcecode.c.h; path = MvrVideoItemUI.h; sourceTree = "<group>"; };
		15779EF81075D80B00FF2018 /* MvrVideoItemUI.m */ = {isa = PBXFileReference; fileEncoding = 4; lastKnownFileType = sourcecode.c.objc; path = MvrVideoItemUI.m; sourceTree = "<group>"; };
		15779F101075DC8300FF2018 /* MediaPlayer.framework */ = {isa = PBXFileReference; lastKnownFileType = wrapper.framework; name = MediaPlayer.framework; path = System/Library/Frameworks/MediaPlayer.framework; sourceTree = SDKROOT; };
		157B68B11072548600E25E96 /* GreenDot.png */ = {isa = PBXFileReference; lastKnownFileType = image.png; path = GreenDot.png; sourceTree = "<group>"; };
		157B68B31072548D00E25E96 /* RedDot.png */ = {isa = PBXFileReference; lastKnownFileType = image.png; path = RedDot.png; sourceTree = "<group>"; };
		157B96BB1076586100F1A1A8 /* MvrContactItem.h */ = {isa = PBXFileReference; fileEncoding = 4; lastKnownFileType = sourcecode.c.h; path = MvrContactItem.h; sourceTree = "<group>"; };
		157B96BC1076586100F1A1A8 /* MvrContactItem.m */ = {isa = PBXFileReference; fileEncoding = 4; lastKnownFileType = sourcecode.c.objc; path = MvrContactItem.m; sourceTree = "<group>"; };
		157B96BE1076589800F1A1A8 /* AddressBook.framework */ = {isa = PBXFileReference; lastKnownFileType = wrapper.framework; name = AddressBook.framework; path = System/Library/Frameworks/AddressBook.framework; sourceTree = SDKROOT; };
		157B96C01076589B00F1A1A8 /* AddressBookUI.framework */ = {isa = PBXFileReference; lastKnownFileType = wrapper.framework; name = AddressBookUI.framework; path = System/Library/Frameworks/AddressBookUI.framework; sourceTree = SDKROOT; };
		157B96D610765F5800F1A1A8 /* MvrContactItemUI.h */ = {isa = PBXFileReference; fileEncoding = 4; lastKnownFileType = sourcecode.c.h; path = MvrContactItemUI.h; sourceTree = "<group>"; };
		157B96D710765F5800F1A1A8 /* MvrContactItemUI.m */ = {isa = PBXFileReference; fileEncoding = 4; lastKnownFileType = sourcecode.c.objc; path = MvrContactItemUI.m; sourceTree = "<group>"; };
		158CBF7010774EEE006813A7 /* MvrImageVisor.h */ = {isa = PBXFileReference; fileEncoding = 4; lastKnownFileType = sourcecode.c.h; path = MvrImageVisor.h; sourceTree = "<group>"; };
		158CBF7110774EEE006813A7 /* MvrImageVisor.m */ = {isa = PBXFileReference; fileEncoding = 4; lastKnownFileType = sourcecode.c.objc; path = MvrImageVisor.m; sourceTree = "<group>"; };
		158CBF7510774F13006813A7 /* MvrImageVisor.xib */ = {isa = PBXFileReference; lastKnownFileType = file.xib; path = MvrImageVisor.xib; sourceTree = "<group>"; };
		158CBFE210775816006813A7 /* VideoItemIcon.png */ = {isa = PBXFileReference; lastKnownFileType = image.png; path = VideoItemIcon.png; sourceTree = "<group>"; };
		158CBFE41077583F006813A7 /* ContactWithoutImageIcon.png */ = {isa = PBXFileReference; lastKnownFileType = image.png; path = ContactWithoutImageIcon.png; sourceTree = "<group>"; };
		1591A7031063EA0F00C5A5BD /* MvrTableController.h */ = {isa = PBXFileReference; fileEncoding = 4; lastKnownFileType = sourcecode.c.h; path = MvrTableController.h; sourceTree = "<group>"; };
		1591A7041063EA0F00C5A5BD /* MvrTableController.m */ = {isa = PBXFileReference; fileEncoding = 4; lastKnownFileType = sourcecode.c.objc; path = MvrTableController.m; sourceTree = "<group>"; };
		1591A7061063EC4000C5A5BD /* Backdrop.png */ = {isa = PBXFileReference; lastKnownFileType = image.png; name = Backdrop.png; path = Theme/Backdrop.png; sourceTree = "<group>"; };
		1591A70C1063ED2900C5A5BD /* MvrSlidesView.h */ = {isa = PBXFileReference; fileEncoding = 4; lastKnownFileType = sourcecode.c.h; path = MvrSlidesView.h; sourceTree = "<group>"; };
		1591A70D1063ED2900C5A5BD /* MvrSlidesView.m */ = {isa = PBXFileReference; fileEncoding = 4; lastKnownFileType = sourcecode.c.objc; path = MvrSlidesView.m; sourceTree = "<group>"; };
		1591A70F1063EDA100C5A5BD /* MvrSlide.h */ = {isa = PBXFileReference; fileEncoding = 4; lastKnownFileType = sourcecode.c.h; path = MvrSlide.h; sourceTree = "<group>"; };
		1591A7101063EDA100C5A5BD /* MvrSlide.m */ = {isa = PBXFileReference; fileEncoding = 4; lastKnownFileType = sourcecode.c.objc; path = MvrSlide.m; sourceTree = "<group>"; };
		1591A7121063EEF700C5A5BD /* MvrSlide.xib */ = {isa = PBXFileReference; lastKnownFileType = file.xib; path = MvrSlide.xib; sourceTree = "<group>"; };
		1591A7151063EF2900C5A5BD /* Frame-Highlighted.png */ = {isa = PBXFileReference; lastKnownFileType = image.png; name = "Frame-Highlighted.png"; path = "Theme/Frame-Highlighted.png"; sourceTree = "<group>"; };
		1591A7161063EF2900C5A5BD /* Frame.png */ = {isa = PBXFileReference; lastKnownFileType = image.png; name = Frame.png; path = Theme/Frame.png; sourceTree = "<group>"; };
		1591A7461063EF8A00C5A5BD /* ActionButton-Pressed.png */ = {isa = PBXFileReference; lastKnownFileType = image.png; name = "ActionButton-Pressed.png"; path = "Theme/ActionButton-Pressed.png"; sourceTree = "<group>"; };
		1591A7471063EF8A00C5A5BD /* ActionButton.png */ = {isa = PBXFileReference; lastKnownFileType = image.png; name = ActionButton.png; path = Theme/ActionButton.png; sourceTree = "<group>"; };
		1595582F10775E6300FBC9B4 /* MvrBookmarkItem.h */ = {isa = PBXFileReference; fileEncoding = 4; lastKnownFileType = sourcecode.c.h; path = MvrBookmarkItem.h; sourceTree = "<group>"; };
		1595583010775E6300FBC9B4 /* MvrBookmarkItem.m */ = {isa = PBXFileReference; fileEncoding = 4; lastKnownFileType = sourcecode.c.objc; path = MvrBookmarkItem.m; sourceTree = "<group>"; };
		159559101077602800FBC9B4 /* MvrBookmarkItemUI.h */ = {isa = PBXFileReference; fileEncoding = 4; lastKnownFileType = sourcecode.c.h; path = MvrBookmarkItemUI.h; sourceTree = "<group>"; };
		159559111077602800FBC9B4 /* MvrBookmarkItemUI.m */ = {isa = PBXFileReference; fileEncoding = 4; lastKnownFileType = sourcecode.c.objc; path = MvrBookmarkItemUI.m; sourceTree = "<group>"; };
		15955934107760EE00FBC9B4 /* BookmarkIcon.png */ = {isa = PBXFileReference; lastKnownFileType = image.png; path = BookmarkIcon.png; sourceTree = "<group>"; };
		159559D3107767C100FBC9B4 /* MvrTextItem.h */ = {isa = PBXFileReference; fileEncoding = 4; lastKnownFileType = sourcecode.c.h; path = MvrTextItem.h; sourceTree = "<group>"; };
		159559D4107767C100FBC9B4 /* MvrTextItem.m */ = {isa = PBXFileReference; fileEncoding = 4; lastKnownFileType = sourcecode.c.objc; path = MvrTextItem.m; sourceTree = "<group>"; };
		159559DC107768EF00FBC9B4 /* MvrTextItemUI.h */ = {isa = PBXFileReference; fileEncoding = 4; lastKnownFileType = sourcecode.c.h; path = MvrTextItemUI.h; sourceTree = "<group>"; };
		159559DD107768EF00FBC9B4 /* MvrTextItemUI.m */ = {isa = PBXFileReference; fileEncoding = 4; lastKnownFileType = sourcecode.c.objc; path = MvrTextItemUI.m; sourceTree = "<group>"; };
		159559E4107769F500FBC9B4 /* TextIcon.png */ = {isa = PBXFileReference; lastKnownFileType = image.png; path = TextIcon.png; sourceTree = "<group>"; };
		15955A1B10776B2200FBC9B4 /* MvrTextVisor.h */ = {isa = PBXFileReference; fileEncoding = 4; lastKnownFileType = sourcecode.c.h; path = MvrTextVisor.h; sourceTree = "<group>"; };
		15955A1C10776B2200FBC9B4 /* MvrTextVisor.m */ = {isa = PBXFileReference; fileEncoding = 4; lastKnownFileType = sourcecode.c.objc; path = MvrTextVisor.m; sourceTree = "<group>"; };
		15955A1F10776B7D00FBC9B4 /* MvrVisor.h */ = {isa = PBXFileReference; fileEncoding = 4; lastKnownFileType = sourcecode.c.h; path = MvrVisor.h; sourceTree = "<group>"; };
		15955A2010776B7D00FBC9B4 /* MvrVisor.m */ = {isa = PBXFileReference; fileEncoding = 4; lastKnownFileType = sourcecode.c.objc; path = MvrVisor.m; sourceTree = "<group>"; };
		15955A611077700200FBC9B4 /* MvrTextVisor.xib */ = {isa = PBXFileReference; lastKnownFileType = file.xib; path = MvrTextVisor.xib; sourceTree = "<group>"; };
		15AD032E1073F57200D92F5E /* QuartzCore.framework */ = {isa = PBXFileReference; lastKnownFileType = wrapper.framework; name = QuartzCore.framework; path = System/Library/Frameworks/QuartzCore.framework; sourceTree = SDKROOT; };
		15AD035A1073F83200D92F5E /* NetworkToolbarIcon.png */ = {isa = PBXFileReference; lastKnownFileType = image.png; path = NetworkToolbarIcon.png; sourceTree = "<group>"; };
		15C1C8491068D8AA000C9CDE /* MvrArrowView.h */ = {isa = PBXFileReference; fileEncoding = 4; lastKnownFileType = sourcecode.c.h; path = MvrArrowView.h; sourceTree = "<group>"; };
		15C1C84A1068D8AA000C9CDE /* MvrArrowView.m */ = {isa = PBXFileReference; fileEncoding = 4; lastKnownFileType = sourcecode.c.objc; path = MvrArrowView.m; sourceTree = "<group>"; };
		15C1C8521068DAAA000C9CDE /* MvrArrowView.xib */ = {isa = PBXFileReference; lastKnownFileType = file.xib; path = MvrArrowView.xib; sourceTree = "<group>"; };
		15C1C8691068DB92000C9CDE /* MvrWiFiMode.h */ = {isa = PBXFileReference; fileEncoding = 4; lastKnownFileType = sourcecode.c.h; path = MvrWiFiMode.h; sourceTree = "<group>"; };
		15C1C86A1068DB92000C9CDE /* MvrWiFiMode.m */ = {isa = PBXFileReference; fileEncoding = 4; lastKnownFileType = sourcecode.c.objc; path = MvrWiFiMode.m; sourceTree = "<group>"; };
		15C1C86D1068DBDB000C9CDE /* MvrUIMode.h */ = {isa = PBXFileReference; fileEncoding = 4; lastKnownFileType = sourcecode.c.h; path = MvrUIMode.h; sourceTree = "<group>"; };
		15C1C86E1068DBDB000C9CDE /* MvrUIMode.m */ = {isa = PBXFileReference; fileEncoding = 4; lastKnownFileType = sourcecode.c.objc; path = MvrUIMode.m; sourceTree = "<group>"; };
		15C1C88E1068DCDB000C9CDE /* MvrArrowsView.h */ = {isa = PBXFileReference; fileEncoding = 4; lastKnownFileType = sourcecode.c.h; path = MvrArrowsView.h; sourceTree = "<group>"; };
		15C1C88F1068DCDB000C9CDE /* MvrArrowsView.m */ = {isa = PBXFileReference; fileEncoding = 4; lastKnownFileType = sourcecode.c.objc; path = MvrArrowsView.m; sourceTree = "<group>"; };
		15CFDB2110710B2D00FAB245 /* TopShadow.png */ = {isa = PBXFileReference; lastKnownFileType = image.png; name = TopShadow.png; path = Theme/TopShadow.png; sourceTree = "<group>"; };
		15CFDB3F107112C800FAB245 /* Arrow.png */ = {isa = PBXFileReference; lastKnownFileType = image.png; name = Arrow.png; path = Theme/Arrow.png; sourceTree = "<group>"; };
		15CFDB40107112C800FAB245 /* DrawerBackdrop.png */ = {isa = PBXFileReference; lastKnownFileType = image.png; name = DrawerBackdrop.png; path = Theme/DrawerBackdrop.png; sourceTree = "<group>"; };
		15D46D0C10724C5A00DA8260 /* DrawerButton.png */ = {isa = PBXFileReference; lastKnownFileType = image.png; path = DrawerButton.png; sourceTree = "<group>"; };
		15D46D0D10724C5A00DA8260 /* DrawerLabelHolder.png */ = {isa = PBXFileReference; lastKnownFileType = image.png; path = DrawerLabelHolder.png; sourceTree = "<group>"; };
		1D3623240D0F684500981E51 /* MvrAppDelegate.h */ = {isa = PBXFileReference; fileEncoding = 4; lastKnownFileType = sourcecode.c.h; path = MvrAppDelegate.h; sourceTree = "<group>"; };
		1D3623250D0F684500981E51 /* MvrAppDelegate.m */ = {isa = PBXFileReference; fileEncoding = 4; lastKnownFileType = sourcecode.c.objc; path = MvrAppDelegate.m; sourceTree = "<group>"; };
		1D6058910D05DD3D006BFB54 /* Mover3.app */ = {isa = PBXFileReference; explicitFileType = wrapper.application; includeInIndex = 0; path = Mover3.app; sourceTree = BUILT_PRODUCTS_DIR; };
		28AD733E0D9D9553002E5188 /* MainWindow.xib */ = {isa = PBXFileReference; lastKnownFileType = file.xib; path = MainWindow.xib; sourceTree = "<group>"; };
		29B97316FDCFA39411CA2CEA /* main.m */ = {isa = PBXFileReference; fileEncoding = 4; lastKnownFileType = sourcecode.c.objc; path = main.m; sourceTree = "<group>"; };
		32CA4F630368D1EE00C91783 /* Mover3_Prefix.pch */ = {isa = PBXFileReference; fileEncoding = 4; lastKnownFileType = sourcecode.c.h; path = Mover3_Prefix.pch; sourceTree = "<group>"; };
		8D1107310486CEB800E47090 /* Mover3-Info.plist */ = {isa = PBXFileReference; fileEncoding = 4; lastKnownFileType = text.plist.xml; path = "Mover3-Info.plist"; plistStructureDefinitionIdentifier = "com.apple.xcode.plist.structure-definition.iphone.info-plist"; sourceTree = "<group>"; };
/* End PBXFileReference section */

/* Begin PBXFrameworksBuildPhase section */
		1D60588F0D05DD3D006BFB54 /* Frameworks */ = {
			isa = PBXFrameworksBuildPhase;
			buildActionMask = 2147483647;
			files = (
				1567514910620E49006EC706 /* libMuiKit.a in Frameworks */,
				1567510E10620DDB006EC706 /* libMoverNetwork.a in Frameworks */,
				1567511410620DF7006EC706 /* libz.1.1.3.dylib in Frameworks */,
				1567511610620DFC006EC706 /* SystemConfiguration.framework in Frameworks */,
				1567511810620E01006EC706 /* CFNetwork.framework in Frameworks */,
				1567511A10620E08006EC706 /* MobileCoreServices.framework in Frameworks */,
				1567514E10620E75006EC706 /* Foundation.framework in Frameworks */,
				1567515010620E78006EC706 /* UIKit.framework in Frameworks */,
				1567515210620E7A006EC706 /* CoreGraphics.framework in Frameworks */,
				15AD032F1073F57200D92F5E /* QuartzCore.framework in Frameworks */,
				15779F111075DC8300FF2018 /* MediaPlayer.framework in Frameworks */,
				157B96BF1076589800F1A1A8 /* AddressBook.framework in Frameworks */,
				157B96C11076589B00F1A1A8 /* AddressBookUI.framework in Frameworks */,
			);
			runOnlyForDeploymentPostprocessing = 0;
		};
/* End PBXFrameworksBuildPhase section */

/* Begin PBXGroup section */
		080E96DDFE201D6D7F000001 /* Classes */ = {
			isa = PBXGroup;
			children = (
				1D3623240D0F684500981E51 /* MvrAppDelegate.h */,
				1D3623250D0F684500981E51 /* MvrAppDelegate.m */,
				151E01FE1067652600C6CDFF /* Items */,
				1591A7081063ECE200C5A5BD /* The Table */,
				158A5F09106A6659008C6801 /* Modes */,
			);
			path = Classes;
			sourceTree = "<group>";
		};
		151E01FE1067652600C6CDFF /* Items */ = {
			isa = PBXGroup;
			children = (
				156751B610621758006EC706 /* Item UI */,
				1595582610775E5700FBC9B4 /* Bookmarks */,
				159559D2107767B100FBC9B4 /* Text clippings */,
				15E94B6710741BDD009DA076 /* Images & Video */,
				157B96D910765F5F00F1A1A8 /* Contacts */,
			);
			name = Items;
			sourceTree = "<group>";
		};
		156750FF10620DAD006EC706 /* Products */ = {
			isa = PBXGroup;
			children = (
				1567510510620DAD006EC706 /* libMoverNetwork.a */,
				1567510710620DAD006EC706 /* Network+Test.octest */,
				1567510910620DAD006EC706 /* mvr-wifi */,
			);
			name = Products;
			sourceTree = "<group>";
		};
		1567513610620E3C006EC706 /* Products */ = {
			isa = PBXGroup;
			children = (
				1567514010620E3C006EC706 /* libMuiKit.a */,
				1567514210620E3C006EC706 /* MuiKit.bundle */,
				1567514410620E3C006EC706 /* MuiKit+Test.octest */,
				1567514610620E3C006EC706 /* libMuiKit-Mac.a */,
			);
			name = Products;
			sourceTree = "<group>";
		};
		156751B610621758006EC706 /* Item UI */ = {
			isa = PBXGroup;
			children = (
				156751B71062176E006EC706 /* MvrItemUI.h */,
				156751B81062176E006EC706 /* MvrItemUI.m */,
				156E7FD710662C4A00315D0C /* MvrGenericItemUI.h */,
				156E7FD810662C4A00315D0C /* MvrGenericItemUI.m */,
				15955A1F10776B7D00FBC9B4 /* MvrVisor.h */,
				15955A2010776B7D00FBC9B4 /* MvrVisor.m */,
			);
			name = "Item UI";
			sourceTree = "<group>";
		};
		156CF0D3105BAEB5006D8E7A /* Configuration files */ = {
			isa = PBXGroup;
			children = (
				156CF0F8105BB127006D8E7A /* Mover-Baseline.xcconfig */,
				1567516410620F26006EC706 /* Mover-Baseline-Debug.xcconfig */,
				1567516510620F26006EC706 /* Mover-Baseline-Release.xcconfig */,
				156CF0D9105BAECB006D8E7A /* Mover.xcconfig */,
				156CF0D4105BAEC3006D8E7A /* Local-Debug.xcconfig */,
				156CF0DF105BAF47006D8E7A /* Variants */,
				156CF0DA105BAEDC006D8E7A /* More */,
			);
			name = "Configuration files";
			sourceTree = "<group>";
		};
		156CF0DA105BAEDC006D8E7A /* More */ = {
			isa = PBXGroup;
			children = (
				156CF0D7105BAECB006D8E7A /* Mover-Debug.xcconfig */,
				156CF0D8105BAECB006D8E7A /* Mover-Release.xcconfig */,
				156CF0D5105BAEC3006D8E7A /* Local-Release.xcconfig */,
				156CF0D6105BAEC3006D8E7A /* Local.xcconfig */,
			);
			name = More;
			sourceTree = "<group>";
		};
		156CF0DF105BAF47006D8E7A /* Variants */ = {
			isa = PBXGroup;
			children = (
				156CF0E0105BAF47006D8E7A /* Open.xcconfig */,
			);
			path = Variants;
			sourceTree = "<group>";
		};
		1577006710748CF400907F62 /* Images */ = {
			isa = PBXGroup;
			children = (
				151E01FF1067652E00C6CDFF /* MvrImageItem.h */,
				151E02001067652E00C6CDFF /* MvrImageItem.m */,
				151E021E106767A900C6CDFF /* MvrImageItemUI.h */,
				151E021F106767A900C6CDFF /* MvrImageItemUI.m */,
				158CBF7010774EEE006813A7 /* MvrImageVisor.h */,
				158CBF7110774EEE006813A7 /* MvrImageVisor.m */,
			);
			name = Images;
			sourceTree = "<group>";
		};
		157B96BA107657F500F1A1A8 /* Videos */ = {
			isa = PBXGroup;
			children = (
				1577006810748D0100907F62 /* MvrVideoItem.h */,
				1577006910748D0100907F62 /* MvrVideoItem.m */,
				15779EF71075D80B00FF2018 /* MvrVideoItemUI.h */,
				15779EF81075D80B00FF2018 /* MvrVideoItemUI.m */,
			);
			name = Videos;
			sourceTree = "<group>";
		};
		157B96D910765F5F00F1A1A8 /* Contacts */ = {
			isa = PBXGroup;
			children = (
				157B96BB1076586100F1A1A8 /* MvrContactItem.h */,
				157B96BC1076586100F1A1A8 /* MvrContactItem.m */,
				157B96D610765F5800F1A1A8 /* MvrContactItemUI.h */,
				157B96D710765F5800F1A1A8 /* MvrContactItemUI.m */,
			);
			name = Contacts;
			sourceTree = "<group>";
		};
		158A5F09106A6659008C6801 /* Modes */ = {
			isa = PBXGroup;
			children = (
				15C1C86D1068DBDB000C9CDE /* MvrUIMode.h */,
				15C1C86E1068DBDB000C9CDE /* MvrUIMode.m */,
				15C1C8691068DB92000C9CDE /* MvrWiFiMode.h */,
				15C1C86A1068DB92000C9CDE /* MvrWiFiMode.m */,
			);
			name = Modes;
			sourceTree = "<group>";
		};
		158CBF6C10774E3B006813A7 /* Visors */ = {
			isa = PBXGroup;
			children = (
				158CBF7510774F13006813A7 /* MvrImageVisor.xib */,
				15955A611077700200FBC9B4 /* MvrTextVisor.xib */,
			);
			name = Visors;
			sourceTree = "<group>";
		};
		1591A7081063ECE200C5A5BD /* The Table */ = {
			isa = PBXGroup;
			children = (
				1591A7031063EA0F00C5A5BD /* MvrTableController.h */,
				1591A7041063EA0F00C5A5BD /* MvrTableController.m */,
				1591A70C1063ED2900C5A5BD /* MvrSlidesView.h */,
				1591A70D1063ED2900C5A5BD /* MvrSlidesView.m */,
				1591A70F1063EDA100C5A5BD /* MvrSlide.h */,
				1591A7101063EDA100C5A5BD /* MvrSlide.m */,
				15C1C8491068D8AA000C9CDE /* MvrArrowView.h */,
				15C1C84A1068D8AA000C9CDE /* MvrArrowView.m */,
				15C1C88E1068DCDB000C9CDE /* MvrArrowsView.h */,
				15C1C88F1068DCDB000C9CDE /* MvrArrowsView.m */,
			);
			name = "The Table";
			sourceTree = "<group>";
		};
		1591A7191063EF2C00C5A5BD /* Slide view */ = {
			isa = PBXGroup;
			children = (
				1591A7121063EEF700C5A5BD /* MvrSlide.xib */,
				1591A7151063EF2900C5A5BD /* Frame-Highlighted.png */,
				1591A7161063EF2900C5A5BD /* Frame.png */,
				1591A7461063EF8A00C5A5BD /* ActionButton-Pressed.png */,
				1591A7471063EF8A00C5A5BD /* ActionButton.png */,
			);
			name = "Slide view";
			sourceTree = "<group>";
		};
		1595582610775E5700FBC9B4 /* Bookmarks */ = {
			isa = PBXGroup;
			children = (
				1595582F10775E6300FBC9B4 /* MvrBookmarkItem.h */,
				1595583010775E6300FBC9B4 /* MvrBookmarkItem.m */,
				159559101077602800FBC9B4 /* MvrBookmarkItemUI.h */,
				159559111077602800FBC9B4 /* MvrBookmarkItemUI.m */,
			);
			name = Bookmarks;
			sourceTree = "<group>";
		};
		159559D2107767B100FBC9B4 /* Text clippings */ = {
			isa = PBXGroup;
			children = (
				159559D3107767C100FBC9B4 /* MvrTextItem.h */,
				159559D4107767C100FBC9B4 /* MvrTextItem.m */,
				159559DC107768EF00FBC9B4 /* MvrTextItemUI.h */,
				159559DD107768EF00FBC9B4 /* MvrTextItemUI.m */,
				15955A1B10776B2200FBC9B4 /* MvrTextVisor.h */,
				15955A1C10776B2200FBC9B4 /* MvrTextVisor.m */,
			);
			name = "Text clippings";
			sourceTree = "<group>";
		};
		15C1C8621068DABC000C9CDE /* The Table */ = {
			isa = PBXGroup;
			children = (
				15CFDB3F107112C800FAB245 /* Arrow.png */,
				15CFDB40107112C800FAB245 /* DrawerBackdrop.png */,
				1591A7061063EC4000C5A5BD /* Backdrop.png */,
				15CFDB2110710B2D00FAB245 /* TopShadow.png */,
				28AD733E0D9D9553002E5188 /* MainWindow.xib */,
				15C1C8521068DAAA000C9CDE /* MvrArrowView.xib */,
			);
			name = "The Table";
			sourceTree = "<group>";
		};
		15E94B6710741BDD009DA076 /* Images & Video */ = {
			isa = PBXGroup;
			children = (
				15E94B6810741BED009DA076 /* Image picker sources */,
				1577006710748CF400907F62 /* Images */,
				157B96BA107657F500F1A1A8 /* Videos */,
			);
			name = "Images & Video";
			sourceTree = "<group>";
		};
		15E94B6810741BED009DA076 /* Image picker sources */ = {
			isa = PBXGroup;
			children = (
				151E02211067683400C6CDFF /* MvrImagePickerSource.h */,
				151E02221067683400C6CDFF /* MvrImagePickerSource.m */,
			);
			name = "Image picker sources";
			sourceTree = "<group>";
		};
		19C28FACFE9D520D11CA2CBB /* Products */ = {
			isa = PBXGroup;
			children = (
				1D6058910D05DD3D006BFB54 /* Mover3.app */,
			);
			name = Products;
			sourceTree = "<group>";
		};
		29B97314FDCFA39411CA2CEA /* CustomTemplate */ = {
			isa = PBXGroup;
			children = (
				1567512210620E27006EC706 /* MuiKit.xcodeproj */,
				156750FE10620DAD006EC706 /* Network+Storage.xcodeproj */,
				156CF0D3105BAEB5006D8E7A /* Configuration files */,
				080E96DDFE201D6D7F000001 /* Classes */,
				29B97315FDCFA39411CA2CEA /* Other Sources */,
				29B97317FDCFA39411CA2CEA /* Resources */,
				19C28FACFE9D520D11CA2CBB /* Products */,
				1567511310620DF7006EC706 /* libz.1.1.3.dylib */,
				1567511510620DFC006EC706 /* SystemConfiguration.framework */,
				1567511710620E01006EC706 /* CFNetwork.framework */,
				1567511910620E08006EC706 /* MobileCoreServices.framework */,
				1567514D10620E75006EC706 /* Foundation.framework */,
				1567514F10620E78006EC706 /* UIKit.framework */,
				1567515110620E7A006EC706 /* CoreGraphics.framework */,
				15AD032E1073F57200D92F5E /* QuartzCore.framework */,
				15779F101075DC8300FF2018 /* MediaPlayer.framework */,
				157B96BE1076589800F1A1A8 /* AddressBook.framework */,
				157B96C01076589B00F1A1A8 /* AddressBookUI.framework */,
			);
			name = CustomTemplate;
			sourceTree = "<group>";
		};
		29B97315FDCFA39411CA2CEA /* Other Sources */ = {
			isa = PBXGroup;
			children = (
				32CA4F630368D1EE00C91783 /* Mover3_Prefix.pch */,
				29B97316FDCFA39411CA2CEA /* main.m */,
			);
			name = "Other Sources";
			sourceTree = "<group>";
		};
		29B97317FDCFA39411CA2CEA /* Resources */ = {
			isa = PBXGroup;
			children = (
				158CBF6C10774E3B006813A7 /* Visors */,
				15AD035A1073F83200D92F5E /* NetworkToolbarIcon.png */,
				15C1C8621068DABC000C9CDE /* The Table */,
				8D1107310486CEB800E47090 /* Mover3-Info.plist */,
				156E804110663AEB00315D0C /* GenericItemIcon.png */,
				158CBFE210775816006813A7 /* VideoItemIcon.png */,
				158CBFE41077583F006813A7 /* ContactWithoutImageIcon.png */,
				15955934107760EE00FBC9B4 /* BookmarkIcon.png */,
				159559E4107769F500FBC9B4 /* TextIcon.png */,
				15D46D0C10724C5A00DA8260 /* DrawerButton.png */,
				15D46D0D10724C5A00DA8260 /* DrawerLabelHolder.png */,
				157B68B11072548600E25E96 /* GreenDot.png */,
				157B68B31072548D00E25E96 /* RedDot.png */,
				151D0AC01077A289009DAE07 /* MvrContactIsADuplicate.alert */,
				1591A7191063EF2C00C5A5BD /* Slide view */,
			);
			name = Resources;
			sourceTree = "<group>";
		};
/* End PBXGroup section */

/* Begin PBXNativeTarget section */
		1D6058900D05DD3D006BFB54 /* Mover3 */ = {
			isa = PBXNativeTarget;
			buildConfigurationList = 1D6058960D05DD3E006BFB54 /* Build configuration list for PBXNativeTarget "Mover3" */;
			buildPhases = (
				1D60588D0D05DD3D006BFB54 /* Resources */,
				1D60588E0D05DD3D006BFB54 /* Sources */,
				1D60588F0D05DD3D006BFB54 /* Frameworks */,
			);
			buildRules = (
			);
			dependencies = (
				1567513510620E38006EC706 /* PBXTargetDependency */,
				1567514810620E42006EC706 /* PBXTargetDependency */,
			);
			name = Mover3;
			productName = Mover3;
			productReference = 1D6058910D05DD3D006BFB54 /* Mover3.app */;
			productType = "com.apple.product-type.application";
		};
/* End PBXNativeTarget section */

/* Begin PBXProject section */
		29B97313FDCFA39411CA2CEA /* Project object */ = {
			isa = PBXProject;
			buildConfigurationList = C01FCF4E08A954540054247B /* Build configuration list for PBXProject "Mover3" */;
			compatibilityVersion = "Xcode 3.1";
			hasScannedForEncodings = 1;
			mainGroup = 29B97314FDCFA39411CA2CEA /* CustomTemplate */;
			projectDirPath = "";
			projectReferences = (
				{
					ProductGroup = 1567513610620E3C006EC706 /* Products */;
					ProjectRef = 1567512210620E27006EC706 /* MuiKit.xcodeproj */;
				},
				{
					ProductGroup = 156750FF10620DAD006EC706 /* Products */;
					ProjectRef = 156750FE10620DAD006EC706 /* Network+Storage.xcodeproj */;
				},
			);
			projectRoot = "";
			targets = (
				1D6058900D05DD3D006BFB54 /* Mover3 */,
			);
		};
/* End PBXProject section */

/* Begin PBXReferenceProxy section */
		1567510510620DAD006EC706 /* libMoverNetwork.a */ = {
			isa = PBXReferenceProxy;
			fileType = archive.ar;
			path = libMoverNetwork.a;
			remoteRef = 1567510410620DAD006EC706 /* PBXContainerItemProxy */;
			sourceTree = BUILT_PRODUCTS_DIR;
		};
		1567510710620DAD006EC706 /* Network+Test.octest */ = {
			isa = PBXReferenceProxy;
			fileType = wrapper.cfbundle;
			path = "Network+Test.octest";
			remoteRef = 1567510610620DAD006EC706 /* PBXContainerItemProxy */;
			sourceTree = BUILT_PRODUCTS_DIR;
		};
		1567510910620DAD006EC706 /* mvr-wifi */ = {
			isa = PBXReferenceProxy;
			fileType = "compiled.mach-o.executable";
			path = "mvr-wifi";
			remoteRef = 1567510810620DAD006EC706 /* PBXContainerItemProxy */;
			sourceTree = BUILT_PRODUCTS_DIR;
		};
		1567514010620E3C006EC706 /* libMuiKit.a */ = {
			isa = PBXReferenceProxy;
			fileType = archive.ar;
			path = libMuiKit.a;
			remoteRef = 1567513F10620E3C006EC706 /* PBXContainerItemProxy */;
			sourceTree = BUILT_PRODUCTS_DIR;
		};
		1567514210620E3C006EC706 /* MuiKit.bundle */ = {
			isa = PBXReferenceProxy;
			fileType = wrapper.cfbundle;
			path = MuiKit.bundle;
			remoteRef = 1567514110620E3C006EC706 /* PBXContainerItemProxy */;
			sourceTree = BUILT_PRODUCTS_DIR;
		};
		1567514410620E3C006EC706 /* MuiKit+Test.octest */ = {
			isa = PBXReferenceProxy;
			fileType = wrapper.cfbundle;
			path = "MuiKit+Test.octest";
			remoteRef = 1567514310620E3C006EC706 /* PBXContainerItemProxy */;
			sourceTree = BUILT_PRODUCTS_DIR;
		};
		1567514610620E3C006EC706 /* libMuiKit-Mac.a */ = {
			isa = PBXReferenceProxy;
			fileType = archive.ar;
			path = "libMuiKit-Mac.a";
			remoteRef = 1567514510620E3C006EC706 /* PBXContainerItemProxy */;
			sourceTree = BUILT_PRODUCTS_DIR;
		};
/* End PBXReferenceProxy section */

/* Begin PBXResourcesBuildPhase section */
		1D60588D0D05DD3D006BFB54 /* Resources */ = {
			isa = PBXResourcesBuildPhase;
			buildActionMask = 2147483647;
			files = (
				1567514A10620E4F006EC706 /* MuiKit.bundle in Resources */,
				28AD733F0D9D9553002E5188 /* MainWindow.xib in Resources */,
				1567516610620F26006EC706 /* Mover-Baseline-Debug.xcconfig in Resources */,
				1567516710620F26006EC706 /* Mover-Baseline-Release.xcconfig in Resources */,
				1591A7071063EC4000C5A5BD /* Backdrop.png in Resources */,
				1591A7131063EEF700C5A5BD /* MvrSlide.xib in Resources */,
				1591A7171063EF2900C5A5BD /* Frame-Highlighted.png in Resources */,
				1591A7181063EF2900C5A5BD /* Frame.png in Resources */,
				1591A7481063EF8A00C5A5BD /* ActionButton-Pressed.png in Resources */,
				1591A7491063EF8A00C5A5BD /* ActionButton.png in Resources */,
				156E804210663AEB00315D0C /* GenericItemIcon.png in Resources */,
				15C1C8531068DAAA000C9CDE /* MvrArrowView.xib in Resources */,
				15CFDB2210710B2D00FAB245 /* TopShadow.png in Resources */,
				15CFDB41107112C800FAB245 /* Arrow.png in Resources */,
				15CFDB42107112C800FAB245 /* DrawerBackdrop.png in Resources */,
				15D46D0E10724C5A00DA8260 /* DrawerButton.png in Resources */,
				15D46D0F10724C5A00DA8260 /* DrawerLabelHolder.png in Resources */,
				157B68B21072548600E25E96 /* GreenDot.png in Resources */,
				157B68B41072548D00E25E96 /* RedDot.png in Resources */,
				15AD035B1073F83200D92F5E /* NetworkToolbarIcon.png in Resources */,
				158CBF7610774F13006813A7 /* MvrImageVisor.xib in Resources */,
				158CBFE310775816006813A7 /* VideoItemIcon.png in Resources */,
				158CBFE51077583F006813A7 /* ContactWithoutImageIcon.png in Resources */,
				15955935107760EE00FBC9B4 /* BookmarkIcon.png in Resources */,
				159559E5107769F500FBC9B4 /* TextIcon.png in Resources */,
				15955A621077700200FBC9B4 /* MvrTextVisor.xib in Resources */,
				151D0AC11077A289009DAE07 /* MvrContactIsADuplicate.alert in Resources */,
			);
			runOnlyForDeploymentPostprocessing = 0;
		};
/* End PBXResourcesBuildPhase section */

/* Begin PBXSourcesBuildPhase section */
		1D60588E0D05DD3D006BFB54 /* Sources */ = {
			isa = PBXSourcesBuildPhase;
			buildActionMask = 2147483647;
			files = (
				1D60589B0D05DD56006BFB54 /* main.m in Sources */,
				1D3623260D0F684500981E51 /* MvrAppDelegate.m in Sources */,
				156751B91062176E006EC706 /* MvrItemUI.m in Sources */,
				1591A7051063EA0F00C5A5BD /* MvrTableController.m in Sources */,
				1591A70E1063ED2900C5A5BD /* MvrSlidesView.m in Sources */,
				1591A7111063EDA100C5A5BD /* MvrSlide.m in Sources */,
				156E7FD910662C4A00315D0C /* MvrGenericItemUI.m in Sources */,
				151E02011067652E00C6CDFF /* MvrImageItem.m in Sources */,
				151E0220106767A900C6CDFF /* MvrImageItemUI.m in Sources */,
				151E02231067683400C6CDFF /* MvrImagePickerSource.m in Sources */,
				15C1C84B1068D8AA000C9CDE /* MvrArrowView.m in Sources */,
				15C1C86B1068DB92000C9CDE /* MvrWiFiMode.m in Sources */,
				15C1C86F1068DBDB000C9CDE /* MvrUIMode.m in Sources */,
				15C1C8901068DCDB000C9CDE /* MvrArrowsView.m in Sources */,
				1577006A10748D0100907F62 /* MvrVideoItem.m in Sources */,
				15779EF91075D80B00FF2018 /* MvrVideoItemUI.m in Sources */,
				157B96BD1076586100F1A1A8 /* MvrContactItem.m in Sources */,
				157B96D810765F5800F1A1A8 /* MvrContactItemUI.m in Sources */,
				158CBF7310774EEE006813A7 /* MvrImageVisor.m in Sources */,
				1595583110775E6300FBC9B4 /* MvrBookmarkItem.m in Sources */,
				159559121077602800FBC9B4 /* MvrBookmarkItemUI.m in Sources */,
				159559D5107767C100FBC9B4 /* MvrTextItem.m in Sources */,
				159559DE107768EF00FBC9B4 /* MvrTextItemUI.m in Sources */,
				15955A1D10776B2200FBC9B4 /* MvrTextVisor.m in Sources */,
				15955A2110776B7D00FBC9B4 /* MvrVisor.m in Sources */,
			);
			runOnlyForDeploymentPostprocessing = 0;
		};
/* End PBXSourcesBuildPhase section */

/* Begin PBXTargetDependency section */
		1567513510620E38006EC706 /* PBXTargetDependency */ = {
			isa = PBXTargetDependency;
			name = Network;
			targetProxy = 1567513410620E38006EC706 /* PBXContainerItemProxy */;
		};
		1567514810620E42006EC706 /* PBXTargetDependency */ = {
			isa = PBXTargetDependency;
			name = MuiKit;
			targetProxy = 1567514710620E42006EC706 /* PBXContainerItemProxy */;
		};
/* End PBXTargetDependency section */

/* Begin XCBuildConfiguration section */
		1D6058940D05DD3E006BFB54 /* Debug */ = {
			isa = XCBuildConfiguration;
			baseConfigurationReference = 156CF0D7105BAECB006D8E7A /* Mover-Debug.xcconfig */;
			buildSettings = {
			};
			name = Debug;
		};
		1D6058950D05DD3E006BFB54 /* Release */ = {
			isa = XCBuildConfiguration;
			baseConfigurationReference = 156CF0D8105BAECB006D8E7A /* Mover-Release.xcconfig */;
			buildSettings = {
			};
			name = Release;
		};
		C01FCF4F08A954540054247B /* Debug */ = {
			isa = XCBuildConfiguration;
			baseConfigurationReference = 156CF0D9105BAECB006D8E7A /* Mover.xcconfig */;
			buildSettings = {
				GCC_C_LANGUAGE_STANDARD = c99;
				GCC_WARN_ABOUT_RETURN_TYPE = YES;
				GCC_WARN_UNUSED_VARIABLE = YES;
				PREBINDING = NO;
			};
			name = Debug;
		};
		C01FCF5008A954540054247B /* Release */ = {
			isa = XCBuildConfiguration;
			baseConfigurationReference = 156CF0D9105BAECB006D8E7A /* Mover.xcconfig */;
			buildSettings = {
				GCC_C_LANGUAGE_STANDARD = c99;
				GCC_WARN_ABOUT_RETURN_TYPE = YES;
				GCC_WARN_UNUSED_VARIABLE = YES;
				PREBINDING = NO;
			};
			name = Release;
		};
/* End XCBuildConfiguration section */

/* Begin XCConfigurationList section */
		1D6058960D05DD3E006BFB54 /* Build configuration list for PBXNativeTarget "Mover3" */ = {
			isa = XCConfigurationList;
			buildConfigurations = (
				1D6058940D05DD3E006BFB54 /* Debug */,
				1D6058950D05DD3E006BFB54 /* Release */,
			);
			defaultConfigurationIsVisible = 0;
			defaultConfigurationName = Release;
		};
		C01FCF4E08A954540054247B /* Build configuration list for PBXProject "Mover3" */ = {
			isa = XCConfigurationList;
			buildConfigurations = (
				C01FCF4F08A954540054247B /* Debug */,
				C01FCF5008A954540054247B /* Release */,
			);
			defaultConfigurationIsVisible = 0;
			defaultConfigurationName = Release;
		};
/* End XCConfigurationList section */
	};
	rootObject = 29B97313FDCFA39411CA2CEA /* Project object */;
}
