// !$*UTF8*$!
{
	archiveVersion = 1;
	classes = {
	};
	objectVersion = 45;
	objects = {

/* Begin PBXBuildFile section */
		150072E8113967C3007BF995 /* NSAlert+L0Alert.m in Sources */ = {isa = PBXBuildFile; fileRef = 150072E7113967C3007BF995 /* NSAlert+L0Alert.m */; };
		150072EA113967F1007BF995 /* PrereleaseExpired.alert in Resources */ = {isa = PBXBuildFile; fileRef = 150072E9113967F1007BF995 /* PrereleaseExpired.alert */; };
		1500975A116682B40072DC8C /* MvrBookmarkItem.m in Sources */ = {isa = PBXBuildFile; fileRef = 15009759116682B40072DC8C /* MvrBookmarkItem.m */; };
		153DBB351173121800F2080B /* Sparkle.framework in Copy Sparkle */ = {isa = PBXBuildFile; fileRef = 153DBB341173121800F2080B /* Sparkle.framework */; };
		153DBB431173123E00F2080B /* Sparkle.framework in Frameworks */ = {isa = PBXBuildFile; fileRef = 153DBB341173121800F2080B /* Sparkle.framework */; };
		153DBB4C1173141E00F2080B /* dsa_pub.pem in Resources */ = {isa = PBXBuildFile; fileRef = 153DBB4B1173141E00F2080B /* dsa_pub.pem */; };
		153EF04F113551D000B8DDC1 /* DeviceBackdrop.png in Resources */ = {isa = PBXBuildFile; fileRef = 153EF04E113551D000B8DDC1 /* DeviceBackdrop.png */; };
		153EF0AD1135595100B8DDC1 /* Carbon.framework in Frameworks */ = {isa = PBXBuildFile; fileRef = 153EF0AC1135595100B8DDC1 /* Carbon.framework */; };
		15523D9B1173201500888B09 /* PFMoveApplication.m in Sources */ = {isa = PBXBuildFile; fileRef = 15523D991173201500888B09 /* PFMoveApplication.m */; };
		15523DA61173208F00888B09 /* Security.framework in Frameworks */ = {isa = PBXBuildFile; fileRef = 15523DA51173208F00888B09 /* Security.framework */; };
		15534A611168A82600D3D5F3 /* Connect.icns in Resources */ = {isa = PBXBuildFile; fileRef = 15E6E29D1167ED07000184F3 /* Connect.icns */; };
		1565BBCF11730E5700745B9A /* MvrNoContactsForNow.alert in Resources */ = {isa = PBXBuildFile; fileRef = 1565BBCE11730E5700745B9A /* MvrNoContactsForNow.alert */; };
		157280D31137FE63005634C7 /* MvrDevice.m in Sources */ = {isa = PBXBuildFile; fileRef = 157280D21137FE63005634C7 /* MvrDevice.m */; };
		157280E411380210005634C7 /* MvrDeviceItem.xib in Resources */ = {isa = PBXBuildFile; fileRef = 157280E311380210005634C7 /* MvrDeviceItem.xib */; };
		157280F3113805FA005634C7 /* SpinnerBackdrop.png in Resources */ = {isa = PBXBuildFile; fileRef = 157280F2113805FA005634C7 /* SpinnerBackdrop.png */; };
		1574452211343C630088C65E /* SystemConfiguration.framework in Frameworks */ = {isa = PBXBuildFile; fileRef = 1574452111343C630088C65E /* SystemConfiguration.framework */; };
		1574453B11343D090088C65E /* libz.1.1.3.dylib in Frameworks */ = {isa = PBXBuildFile; fileRef = 1574453A11343D090088C65E /* libz.1.1.3.dylib */; };
		157705D9116619B700EE3C83 /* MvrTextItem.m in Sources */ = {isa = PBXBuildFile; fileRef = 157705D8116619B700EE3C83 /* MvrTextItem.m */; };
		1594394E1133DACB0017B42D /* WaypointLogo.png in Resources */ = {isa = PBXBuildFile; fileRef = 1594394D1133DACB0017B42D /* WaypointLogo.png */; };
		15A3B23711783CA6000876C8 /* MvrConnectFirstTimeFound.alert in Resources */ = {isa = PBXBuildFile; fileRef = 15A3B23611783CA6000876C8 /* MvrConnectFirstTimeFound.alert */; };
		15AD84961168D49800F88021 /* SlideMenuIcon_Selected.png in Resources */ = {isa = PBXBuildFile; fileRef = 15AD84951168D49800F88021 /* SlideMenuIcon_Selected.png */; };
		15CCE81C114FF9D100E45AC6 /* MiniSlide.png in Resources */ = {isa = PBXBuildFile; fileRef = 15CCE81B114FF9D100E45AC6 /* MiniSlide.png */; };
		15CCE821114FFC3400E45AC6 /* QuartzCore.framework in Frameworks */ = {isa = PBXBuildFile; fileRef = 15CCE820114FFC3400E45AC6 /* QuartzCore.framework */; };
		15D327A71172F48E001DD969 /* AddressBook.framework in Frameworks */ = {isa = PBXBuildFile; fileRef = 15D327A61172F48E001DD969 /* AddressBook.framework */; };
		15D4D0B411732F6000705E3D /* MoverConnect.png in Resources */ = {isa = PBXBuildFile; fileRef = 15D4D0B311732F6000705E3D /* MoverConnect.png */; };
		15D4D0BA117331D300705E3D /* Legalities.rtf in Resources */ = {isa = PBXBuildFile; fileRef = 15D4D0B9117331D300705E3D /* Legalities.rtf */; };
		15DA20F4113EF76C00E2BC10 /* MvrDevicesLineView.m in Sources */ = {isa = PBXBuildFile; fileRef = 15DA20F3113EF76C00E2BC10 /* MvrDevicesLineView.m */; };
		15E3A4A9113F970C00F301D8 /* MuiKit.bundle in Resources */ = {isa = PBXBuildFile; fileRef = 15E3A4A0113F96FD00F301D8 /* MuiKit.bundle */; };
		15E3A4B2113F972500F301D8 /* libMuiKit-Mac.a in Frameworks */ = {isa = PBXBuildFile; fileRef = 15E3A4A4113F96FD00F301D8 /* libMuiKit-Mac.a */; };
		15E3A4B3113F972900F301D8 /* libNetwork.a in Frameworks */ = {isa = PBXBuildFile; fileRef = 15E3A48D113F96FC00F301D8 /* libNetwork.a */; };
		15E6E29E1167ED07000184F3 /* Connect.icns in Resources */ = {isa = PBXBuildFile; fileRef = 15E6E29D1167ED07000184F3 /* Connect.icns */; };
		15F9312E11672CA200AA71AB /* RSVerticallyCenteredTextFieldCell.m in Sources */ = {isa = PBXBuildFile; fileRef = 15F9312C11672CA200AA71AB /* RSVerticallyCenteredTextFieldCell.m */; };
		15F931F111673E0A00AA71AB /* MvrPreferencesController.m in Sources */ = {isa = PBXBuildFile; fileRef = 15F931F011673E0A00AA71AB /* MvrPreferencesController.m */; };
		15F93201116740DF00AA71AB /* main.m in Sources */ = {isa = PBXBuildFile; fileRef = 29B97316FDCFA39411CA2CEA /* main.m */; };
		15F932031167410500AA71AB /* Cocoa.framework in Frameworks */ = {isa = PBXBuildFile; fileRef = 15F932021167410500AA71AB /* Cocoa.framework */; };
		15F932051167416000AA71AB /* SlideMenuIcon.png in Resources */ = {isa = PBXBuildFile; fileRef = 15F932041167416000AA71AB /* SlideMenuIcon.png */; };
		15F932071167418B00AA71AB /* MoverAgent.xib in Resources */ = {isa = PBXBuildFile; fileRef = 15F932061167418B00AA71AB /* MoverAgent.xib */; };
		15F9320F116741C900AA71AB /* MvrAgent.m in Sources */ = {isa = PBXBuildFile; fileRef = 15F9320E116741C900AA71AB /* MvrAgent.m */; };
		15F932A811674A1700AA71AB /* Mover Agent.app in Copy Mover Agent */ = {isa = PBXBuildFile; fileRef = 15F931FB116740CB00AA71AB /* Mover Agent.app */; };
		15F933E71167736800AA71AB /* LocalizedMoverItemsStrings in Resources */ = {isa = PBXBuildFile; fileRef = 15F933E41167736800AA71AB /* LocalizedMoverItemsStrings */; };
		15F965DE11652D2E00EE3F9E /* MvrTransferController.m in Sources */ = {isa = PBXBuildFile; fileRef = 15F965DD11652D2E00EE3F9E /* MvrTransferController.m */; };
		1DDD58160DA1D0A300B32029 /* MainMenu.xib in Resources */ = {isa = PBXBuildFile; fileRef = 1DDD58140DA1D0A300B32029 /* MainMenu.xib */; };
		256AC3DA0F4B6AC300CF3369 /* MvrAppDelegate_Mac.m in Sources */ = {isa = PBXBuildFile; fileRef = 256AC3D90F4B6AC300CF3369 /* MvrAppDelegate_Mac.m */; };
		8D11072B0486CEB800E47090 /* InfoPlist.strings in Resources */ = {isa = PBXBuildFile; fileRef = 089C165CFE840E0CC02AAC07 /* InfoPlist.strings */; };
		8D11072D0486CEB800E47090 /* main.m in Sources */ = {isa = PBXBuildFile; fileRef = 29B97316FDCFA39411CA2CEA /* main.m */; settings = {ATTRIBUTES = (); }; };
		8D11072F0486CEB800E47090 /* Cocoa.framework in Frameworks */ = {isa = PBXBuildFile; fileRef = 1058C7A1FEA54F0111CA2CBB /* Cocoa.framework */; };
/* End PBXBuildFile section */

/* Begin PBXContainerItemProxy section */
		15E3A48C113F96FC00F301D8 /* PBXContainerItemProxy */ = {
			isa = PBXContainerItemProxy;
			containerPortal = 1594397D1133E1410017B42D /* Network+Storage.xcodeproj */;
			proxyType = 2;
			remoteGlobalIDString = 1535D2361090336700CBF778;
			remoteInfo = "Network (Mac OS X)";
		};
		15E3A48E113F96FC00F301D8 /* PBXContainerItemProxy */ = {
			isa = PBXContainerItemProxy;
			containerPortal = 1594397D1133E1410017B42D /* Network+Storage.xcodeproj */;
			proxyType = 2;
			remoteGlobalIDString = D2AAC07E0554694100DB518D;
			remoteInfo = "Network (iPhone)";
		};
		15E3A490113F96FC00F301D8 /* PBXContainerItemProxy */ = {
			isa = PBXContainerItemProxy;
			containerPortal = 1594397D1133E1410017B42D /* Network+Storage.xcodeproj */;
			proxyType = 2;
			remoteGlobalIDString = 1593E964105BB9FB00220989;
			remoteInfo = "Network+Test";
		};
		15E3A492113F96FC00F301D8 /* PBXContainerItemProxy */ = {
			isa = PBXContainerItemProxy;
			containerPortal = 1594397D1133E1410017B42D /* Network+Storage.xcodeproj */;
			proxyType = 2;
			remoteGlobalIDString = 153B4212105BF36700DB8FB2;
			remoteInfo = "mvr-wifi";
		};
		15E3A49D113F96FD00F301D8 /* PBXContainerItemProxy */ = {
			isa = PBXContainerItemProxy;
			containerPortal = 1574448B113435430088C65E /* MuiKit.xcodeproj */;
			proxyType = 2;
			remoteGlobalIDString = 154B01F00F78156D0082109B;
			remoteInfo = "MuiKit (Library)";
		};
		15E3A49F113F96FD00F301D8 /* PBXContainerItemProxy */ = {
			isa = PBXContainerItemProxy;
			containerPortal = 1574448B113435430088C65E /* MuiKit.xcodeproj */;
			proxyType = 2;
			remoteGlobalIDString = 156FD76B0F7A25F900F83283;
			remoteInfo = "MuiKit (Resources)";
		};
		15E3A4A1113F96FD00F301D8 /* PBXContainerItemProxy */ = {
			isa = PBXContainerItemProxy;
			containerPortal = 1574448B113435430088C65E /* MuiKit.xcodeproj */;
			proxyType = 2;
			remoteGlobalIDString = 154635591011BD77000238EE;
			remoteInfo = "MuiKit+Test";
		};
		15E3A4A3113F96FD00F301D8 /* PBXContainerItemProxy */ = {
			isa = PBXContainerItemProxy;
			containerPortal = 1574448B113435430088C65E /* MuiKit.xcodeproj */;
			proxyType = 2;
			remoteGlobalIDString = 153B416C105BEFCA00DB8FB2;
			remoteInfo = "MuiKit (Library - Mac OS X)";
		};
		15E3A4A5113F970600F301D8 /* PBXContainerItemProxy */ = {
			isa = PBXContainerItemProxy;
			containerPortal = 1574448B113435430088C65E /* MuiKit.xcodeproj */;
			proxyType = 1;
			remoteGlobalIDString = 153B41BA105BF0B100DB8FB2;
			remoteInfo = "MuiKit (Mac OS X)";
		};
		15E3A4A7113F970600F301D8 /* PBXContainerItemProxy */ = {
			isa = PBXContainerItemProxy;
			containerPortal = 1594397D1133E1410017B42D /* Network+Storage.xcodeproj */;
			proxyType = 1;
			remoteGlobalIDString = 1535D1CB1090336700CBF778;
			remoteInfo = "Network (Mac OS X)";
		};
		15F932A5116749E600AA71AB /* PBXContainerItemProxy */ = {
			isa = PBXContainerItemProxy;
			containerPortal = 29B97313FDCFA39411CA2CEA /* Project object */;
			proxyType = 1;
			remoteGlobalIDString = 15F931FA116740CB00AA71AB;
			remoteInfo = "Mover Agent";
		};
/* End PBXContainerItemProxy section */

/* Begin PBXCopyFilesBuildPhase section */
		153DBB481173125400F2080B /* Copy Sparkle */ = {
			isa = PBXCopyFilesBuildPhase;
			buildActionMask = 2147483647;
			dstPath = "";
			dstSubfolderSpec = 10;
			files = (
				153DBB351173121800F2080B /* Sparkle.framework in Copy Sparkle */,
			);
			name = "Copy Sparkle";
			runOnlyForDeploymentPostprocessing = 0;
		};
		15F932B411674A2400AA71AB /* Copy Mover Agent */ = {
			isa = PBXCopyFilesBuildPhase;
			buildActionMask = 2147483647;
			dstPath = Contents;
			dstSubfolderSpec = 1;
			files = (
				15F932A811674A1700AA71AB /* Mover Agent.app in Copy Mover Agent */,
			);
			name = "Copy Mover Agent";
			runOnlyForDeploymentPostprocessing = 0;
		};
/* End PBXCopyFilesBuildPhase section */

/* Begin PBXFileReference section */
		089C165DFE840E0CC02AAC07 /* English */ = {isa = PBXFileReference; fileEncoding = 4; lastKnownFileType = text.plist.strings; name = English; path = English.lproj/InfoPlist.strings; sourceTree = "<group>"; };
		1058C7A1FEA54F0111CA2CBB /* Cocoa.framework */ = {isa = PBXFileReference; lastKnownFileType = wrapper.framework; name = Cocoa.framework; path = /System/Library/Frameworks/Cocoa.framework; sourceTree = "<absolute>"; };
		13E42FB307B3F0F600E4EEF1 /* CoreData.framework */ = {isa = PBXFileReference; lastKnownFileType = wrapper.framework; name = CoreData.framework; path = /System/Library/Frameworks/CoreData.framework; sourceTree = "<absolute>"; };
		150072E6113967C3007BF995 /* NSAlert+L0Alert.h */ = {isa = PBXFileReference; fileEncoding = 4; lastKnownFileType = sourcecode.c.h; path = "NSAlert+L0Alert.h"; sourceTree = "<group>"; };
		150072E7113967C3007BF995 /* NSAlert+L0Alert.m */ = {isa = PBXFileReference; fileEncoding = 4; lastKnownFileType = sourcecode.c.objc; path = "NSAlert+L0Alert.m"; sourceTree = "<group>"; };
		150072E9113967F1007BF995 /* PrereleaseExpired.alert */ = {isa = PBXFileReference; fileEncoding = 4; lastKnownFileType = text.xml; path = PrereleaseExpired.alert; sourceTree = "<group>"; };
		15009758116682B40072DC8C /* MvrBookmarkItem.h */ = {isa = PBXFileReference; fileEncoding = 4; lastKnownFileType = sourcecode.c.h; name = MvrBookmarkItem.h; path = ../iPhone/Classes/MvrBookmarkItem.h; sourceTree = SOURCE_ROOT; };
		15009759116682B40072DC8C /* MvrBookmarkItem.m */ = {isa = PBXFileReference; fileEncoding = 4; lastKnownFileType = sourcecode.c.objc; name = MvrBookmarkItem.m; path = ../iPhone/Classes/MvrBookmarkItem.m; sourceTree = SOURCE_ROOT; };
		153DBB341173121800F2080B /* Sparkle.framework */ = {isa = PBXFileReference; lastKnownFileType = wrapper.framework; path = Sparkle.framework; sourceTree = "<group>"; };
		153DBB4B1173141E00F2080B /* dsa_pub.pem */ = {isa = PBXFileReference; fileEncoding = 4; lastKnownFileType = text; path = dsa_pub.pem; sourceTree = "<group>"; };
		153EF04E113551D000B8DDC1 /* DeviceBackdrop.png */ = {isa = PBXFileReference; lastKnownFileType = image.png; path = DeviceBackdrop.png; sourceTree = "<group>"; };
		153EF0AC1135595100B8DDC1 /* Carbon.framework */ = {isa = PBXFileReference; lastKnownFileType = wrapper.framework; name = Carbon.framework; path = System/Library/Frameworks/Carbon.framework; sourceTree = SDKROOT; };
		15523D991173201500888B09 /* PFMoveApplication.m */ = {isa = PBXFileReference; fileEncoding = 4; lastKnownFileType = sourcecode.c.objc; path = PFMoveApplication.m; sourceTree = "<group>"; };
		15523D9A1173201500888B09 /* PFMoveApplication.h */ = {isa = PBXFileReference; fileEncoding = 4; lastKnownFileType = sourcecode.c.h; path = PFMoveApplication.h; sourceTree = "<group>"; };
		15523DA51173208F00888B09 /* Security.framework */ = {isa = PBXFileReference; lastKnownFileType = wrapper.framework; name = Security.framework; path = System/Library/Frameworks/Security.framework; sourceTree = SDKROOT; };
		1565BBCE11730E5700745B9A /* MvrNoContactsForNow.alert */ = {isa = PBXFileReference; fileEncoding = 4; lastKnownFileType = text.xml; path = MvrNoContactsForNow.alert; sourceTree = "<group>"; };
		157280D11137FE63005634C7 /* MvrDevice.h */ = {isa = PBXFileReference; fileEncoding = 4; lastKnownFileType = sourcecode.c.h; path = MvrDevice.h; sourceTree = "<group>"; };
		157280D21137FE63005634C7 /* MvrDevice.m */ = {isa = PBXFileReference; fileEncoding = 4; lastKnownFileType = sourcecode.c.objc; path = MvrDevice.m; sourceTree = "<group>"; };
		157280E311380210005634C7 /* MvrDeviceItem.xib */ = {isa = PBXFileReference; lastKnownFileType = file.xib; path = MvrDeviceItem.xib; sourceTree = "<group>"; };
		157280F2113805FA005634C7 /* SpinnerBackdrop.png */ = {isa = PBXFileReference; lastKnownFileType = image.png; path = SpinnerBackdrop.png; sourceTree = "<group>"; };
		1574448B113435430088C65E /* MuiKit.xcodeproj */ = {isa = PBXFileReference; lastKnownFileType = "wrapper.pb-project"; path = MuiKit.xcodeproj; sourceTree = INFINITELABS_LIB_MUIKIT; };
		1574452111343C630088C65E /* SystemConfiguration.framework */ = {isa = PBXFileReference; lastKnownFileType = wrapper.framework; name = SystemConfiguration.framework; path = System/Library/Frameworks/SystemConfiguration.framework; sourceTree = SDKROOT; };
		1574453A11343D090088C65E /* libz.1.1.3.dylib */ = {isa = PBXFileReference; lastKnownFileType = "compiled.mach-o.dylib"; name = libz.1.1.3.dylib; path = usr/lib/libz.1.1.3.dylib; sourceTree = SDKROOT; };
		157705D7116619B700EE3C83 /* MvrTextItem.h */ = {isa = PBXFileReference; fileEncoding = 4; lastKnownFileType = sourcecode.c.h; name = MvrTextItem.h; path = ../iPhone/Classes/MvrTextItem.h; sourceTree = SOURCE_ROOT; };
		157705D8116619B700EE3C83 /* MvrTextItem.m */ = {isa = PBXFileReference; fileEncoding = 4; lastKnownFileType = sourcecode.c.objc; name = MvrTextItem.m; path = ../iPhone/Classes/MvrTextItem.m; sourceTree = SOURCE_ROOT; };
		1594394D1133DACB0017B42D /* WaypointLogo.png */ = {isa = PBXFileReference; lastKnownFileType = image.png; path = WaypointLogo.png; sourceTree = "<group>"; };
		1594397D1133E1410017B42D /* Network+Storage.xcodeproj */ = {isa = PBXFileReference; lastKnownFileType = "wrapper.pb-project"; name = "Network+Storage.xcodeproj"; path = "../Network+Storage/Network+Storage.xcodeproj"; sourceTree = SOURCE_ROOT; };
		15A3B23611783CA6000876C8 /* MvrConnectFirstTimeFound.alert */ = {isa = PBXFileReference; fileEncoding = 4; lastKnownFileType = text.xml; path = MvrConnectFirstTimeFound.alert; sourceTree = "<group>"; };
		15AD84951168D49800F88021 /* SlideMenuIcon_Selected.png */ = {isa = PBXFileReference; lastKnownFileType = image.png; path = SlideMenuIcon_Selected.png; sourceTree = "<group>"; };
		15CCE81B114FF9D100E45AC6 /* MiniSlide.png */ = {isa = PBXFileReference; lastKnownFileType = image.png; path = MiniSlide.png; sourceTree = "<group>"; };
		15CCE820114FFC3400E45AC6 /* QuartzCore.framework */ = {isa = PBXFileReference; lastKnownFileType = wrapper.framework; name = QuartzCore.framework; path = System/Library/Frameworks/QuartzCore.framework; sourceTree = SDKROOT; };
		15D327A61172F48E001DD969 /* AddressBook.framework */ = {isa = PBXFileReference; lastKnownFileType = wrapper.framework; name = AddressBook.framework; path = System/Library/Frameworks/AddressBook.framework; sourceTree = SDKROOT; };
		15D4D0B311732F6000705E3D /* MoverConnect.png */ = {isa = PBXFileReference; lastKnownFileType = image.png; path = MoverConnect.png; sourceTree = "<group>"; };
		15D4D0B9117331D300705E3D /* Legalities.rtf */ = {isa = PBXFileReference; lastKnownFileType = text.rtf; path = Legalities.rtf; sourceTree = "<group>"; };
		15DA20F2113EF76C00E2BC10 /* MvrDevicesLineView.h */ = {isa = PBXFileReference; fileEncoding = 4; lastKnownFileType = sourcecode.c.h; path = MvrDevicesLineView.h; sourceTree = "<group>"; };
		15DA20F3113EF76C00E2BC10 /* MvrDevicesLineView.m */ = {isa = PBXFileReference; fileEncoding = 4; lastKnownFileType = sourcecode.c.objc; path = MvrDevicesLineView.m; sourceTree = "<group>"; };
		15E6E29D1167ED07000184F3 /* Connect.icns */ = {isa = PBXFileReference; lastKnownFileType = image.icns; path = Connect.icns; sourceTree = "<group>"; };
		15F9312C11672CA200AA71AB /* RSVerticallyCenteredTextFieldCell.m */ = {isa = PBXFileReference; fileEncoding = 4; lastKnownFileType = sourcecode.c.objc; path = RSVerticallyCenteredTextFieldCell.m; sourceTree = "<group>"; };
		15F9312D11672CA200AA71AB /* RSVerticallyCenteredTextFieldCell.h */ = {isa = PBXFileReference; fileEncoding = 4; lastKnownFileType = sourcecode.c.h; path = RSVerticallyCenteredTextFieldCell.h; sourceTree = "<group>"; };
		15F931EF11673E0A00AA71AB /* MvrPreferencesController.h */ = {isa = PBXFileReference; fileEncoding = 4; lastKnownFileType = sourcecode.c.h; path = MvrPreferencesController.h; sourceTree = "<group>"; };
		15F931F011673E0A00AA71AB /* MvrPreferencesController.m */ = {isa = PBXFileReference; fileEncoding = 4; lastKnownFileType = sourcecode.c.objc; path = MvrPreferencesController.m; sourceTree = "<group>"; };
		15F931FB116740CB00AA71AB /* Mover Agent.app */ = {isa = PBXFileReference; explicitFileType = wrapper.application; includeInIndex = 0; path = "Mover Agent.app"; sourceTree = BUILT_PRODUCTS_DIR; };
		15F931FD116740CB00AA71AB /* Mover Agent-Info.plist */ = {isa = PBXFileReference; lastKnownFileType = text.plist.xml; name = "Mover Agent-Info.plist"; path = "../Mover Agent-Info.plist"; sourceTree = "<group>"; };
		15F932021167410500AA71AB /* Cocoa.framework */ = {isa = PBXFileReference; lastKnownFileType = wrapper.framework; name = Cocoa.framework; path = System/Library/Frameworks/Cocoa.framework; sourceTree = SDKROOT; };
		15F932041167416000AA71AB /* SlideMenuIcon.png */ = {isa = PBXFileReference; lastKnownFileType = image.png; path = SlideMenuIcon.png; sourceTree = "<group>"; };
		15F932061167418B00AA71AB /* MoverAgent.xib */ = {isa = PBXFileReference; lastKnownFileType = file.xib; path = MoverAgent.xib; sourceTree = "<group>"; };
		15F9320D116741C900AA71AB /* MvrAgent.h */ = {isa = PBXFileReference; fileEncoding = 4; lastKnownFileType = sourcecode.c.h; path = MvrAgent.h; sourceTree = "<group>"; };
		15F9320E116741C900AA71AB /* MvrAgent.m */ = {isa = PBXFileReference; fileEncoding = 4; lastKnownFileType = sourcecode.c.objc; path = MvrAgent.m; sourceTree = "<group>"; };
		15F933E41167736800AA71AB /* LocalizedMoverItemsStrings */ = {isa = PBXFileReference; lastKnownFileType = folder; path = LocalizedMoverItemsStrings; sourceTree = "<group>"; };
		15F965DC11652D2E00EE3F9E /* MvrTransferController.h */ = {isa = PBXFileReference; fileEncoding = 4; lastKnownFileType = sourcecode.c.h; path = MvrTransferController.h; sourceTree = "<group>"; };
		15F965DD11652D2E00EE3F9E /* MvrTransferController.m */ = {isa = PBXFileReference; fileEncoding = 4; lastKnownFileType = sourcecode.c.objc; path = MvrTransferController.m; sourceTree = "<group>"; };
		1DDD58150DA1D0A300B32029 /* English */ = {isa = PBXFileReference; lastKnownFileType = file.xib; name = English; path = English.lproj/MainMenu.xib; sourceTree = "<group>"; };
		256AC3D80F4B6AC300CF3369 /* MvrAppDelegate_Mac.h */ = {isa = PBXFileReference; fileEncoding = 4; lastKnownFileType = sourcecode.c.h; path = MvrAppDelegate_Mac.h; sourceTree = "<group>"; };
		256AC3D90F4B6AC300CF3369 /* MvrAppDelegate_Mac.m */ = {isa = PBXFileReference; fileEncoding = 4; lastKnownFileType = sourcecode.c.objc; path = MvrAppDelegate_Mac.m; sourceTree = "<group>"; };
		29B97316FDCFA39411CA2CEA /* main.m */ = {isa = PBXFileReference; fileEncoding = 4; lastKnownFileType = sourcecode.c.objc; path = main.m; sourceTree = "<group>"; };
		29B97324FDCFA39411CA2CEA /* AppKit.framework */ = {isa = PBXFileReference; lastKnownFileType = wrapper.framework; name = AppKit.framework; path = /System/Library/Frameworks/AppKit.framework; sourceTree = "<absolute>"; };
		29B97325FDCFA39411CA2CEA /* Foundation.framework */ = {isa = PBXFileReference; lastKnownFileType = wrapper.framework; name = Foundation.framework; path = /System/Library/Frameworks/Foundation.framework; sourceTree = "<absolute>"; };
		8D1107310486CEB800E47090 /* Mover Connect-Info.plist */ = {isa = PBXFileReference; fileEncoding = 4; lastKnownFileType = text.plist.xml; path = "Mover Connect-Info.plist"; sourceTree = "<group>"; };
		8D1107320486CEB800E47090 /* Mover Connect.app */ = {isa = PBXFileReference; explicitFileType = wrapper.application; includeInIndex = 0; path = "Mover Connect.app"; sourceTree = BUILT_PRODUCTS_DIR; };
/* End PBXFileReference section */

/* Begin PBXFrameworksBuildPhase section */
		15F931F9116740CB00AA71AB /* Frameworks */ = {
			isa = PBXFrameworksBuildPhase;
			buildActionMask = 2147483647;
			files = (
				15F932031167410500AA71AB /* Cocoa.framework in Frameworks */,
			);
			runOnlyForDeploymentPostprocessing = 0;
		};
		8D11072E0486CEB800E47090 /* Frameworks */ = {
			isa = PBXFrameworksBuildPhase;
			buildActionMask = 2147483647;
			files = (
				153DBB431173123E00F2080B /* Sparkle.framework in Frameworks */,
				15E3A4B3113F972900F301D8 /* libNetwork.a in Frameworks */,
				15E3A4B2113F972500F301D8 /* libMuiKit-Mac.a in Frameworks */,
				8D11072F0486CEB800E47090 /* Cocoa.framework in Frameworks */,
				1574452211343C630088C65E /* SystemConfiguration.framework in Frameworks */,
				1574453B11343D090088C65E /* libz.1.1.3.dylib in Frameworks */,
				153EF0AD1135595100B8DDC1 /* Carbon.framework in Frameworks */,
				15CCE821114FFC3400E45AC6 /* QuartzCore.framework in Frameworks */,
				15D327A71172F48E001DD969 /* AddressBook.framework in Frameworks */,
				15523DA61173208F00888B09 /* Security.framework in Frameworks */,
			);
			runOnlyForDeploymentPostprocessing = 0;
		};
/* End PBXFrameworksBuildPhase section */

/* Begin PBXGroup section */
		080E96DDFE201D6D7F000001 /* Classes */ = {
			isa = PBXGroup;
			children = (
				15523D9D1173201900888B09 /* Move-to-Applications code */,
				15F9312C11672CA200AA71AB /* RSVerticallyCenteredTextFieldCell.m */,
				15F9312D11672CA200AA71AB /* RSVerticallyCenteredTextFieldCell.h */,
				157705CF1166193800EE3C83 /* Item types from iPhone Mover */,
				15F965DC11652D2E00EE3F9E /* MvrTransferController.h */,
				15F965DD11652D2E00EE3F9E /* MvrTransferController.m */,
				150072E6113967C3007BF995 /* NSAlert+L0Alert.h */,
				150072E7113967C3007BF995 /* NSAlert+L0Alert.m */,
				256AC3D80F4B6AC300CF3369 /* MvrAppDelegate_Mac.h */,
				256AC3D90F4B6AC300CF3369 /* MvrAppDelegate_Mac.m */,
				157280D11137FE63005634C7 /* MvrDevice.h */,
				157280D21137FE63005634C7 /* MvrDevice.m */,
				15DA20F2113EF76C00E2BC10 /* MvrDevicesLineView.h */,
				15DA20F3113EF76C00E2BC10 /* MvrDevicesLineView.m */,
				15F931EF11673E0A00AA71AB /* MvrPreferencesController.h */,
				15F931F011673E0A00AA71AB /* MvrPreferencesController.m */,
			);
			name = Classes;
			sourceTree = "<group>";
		};
		1058C7A0FEA54F0111CA2CBB /* Linked Frameworks */ = {
			isa = PBXGroup;
			children = (
				153DBB341173121800F2080B /* Sparkle.framework */,
				1058C7A1FEA54F0111CA2CBB /* Cocoa.framework */,
			);
			name = "Linked Frameworks";
			sourceTree = "<group>";
		};
		1058C7A2FEA54F0111CA2CBB /* Other Frameworks */ = {
			isa = PBXGroup;
			children = (
				29B97324FDCFA39411CA2CEA /* AppKit.framework */,
				13E42FB307B3F0F600E4EEF1 /* CoreData.framework */,
				29B97325FDCFA39411CA2CEA /* Foundation.framework */,
			);
			name = "Other Frameworks";
			sourceTree = "<group>";
		};
		15523D9D1173201900888B09 /* Move-to-Applications code */ = {
			isa = PBXGroup;
			children = (
				15523D991173201500888B09 /* PFMoveApplication.m */,
				15523D9A1173201500888B09 /* PFMoveApplication.h */,
			);
			name = "Move-to-Applications code";
			sourceTree = "<group>";
		};
		157705CF1166193800EE3C83 /* Item types from iPhone Mover */ = {
			isa = PBXGroup;
			children = (
				15009758116682B40072DC8C /* MvrBookmarkItem.h */,
				15009759116682B40072DC8C /* MvrBookmarkItem.m */,
				157705D7116619B700EE3C83 /* MvrTextItem.h */,
				157705D8116619B700EE3C83 /* MvrTextItem.m */,
			);
			name = "Item types from iPhone Mover";
			sourceTree = "<group>";
		};
		15E3A486113F96FC00F301D8 /* Products */ = {
			isa = PBXGroup;
			children = (
				15E3A48D113F96FC00F301D8 /* libNetwork.a */,
				15E3A48F113F96FC00F301D8 /* libNetwork.a */,
				15E3A491113F96FC00F301D8 /* Network+Test.octest */,
				15E3A493113F96FC00F301D8 /* mvr-wifi */,
			);
			name = Products;
			sourceTree = "<group>";
		};
		15E3A494113F96FD00F301D8 /* Products */ = {
			isa = PBXGroup;
			children = (
				15E3A49E113F96FD00F301D8 /* libMuiKit.a */,
				15E3A4A0113F96FD00F301D8 /* MuiKit.bundle */,
				15E3A4A2113F96FD00F301D8 /* MuiKit+Test.octest */,
				15E3A4A4113F96FD00F301D8 /* libMuiKit-Mac.a */,
			);
			name = Products;
			sourceTree = "<group>";
		};
		15F931F5116740BF00AA71AB /* Agent */ = {
			isa = PBXGroup;
			children = (
				15F931FD116740CB00AA71AB /* Mover Agent-Info.plist */,
				15F932041167416000AA71AB /* SlideMenuIcon.png */,
				15F932061167418B00AA71AB /* MoverAgent.xib */,
				15F9320D116741C900AA71AB /* MvrAgent.h */,
				15F9320E116741C900AA71AB /* MvrAgent.m */,
				15AD84951168D49800F88021 /* SlideMenuIcon_Selected.png */,
			);
			path = Agent;
			sourceTree = "<group>";
		};
		19C28FACFE9D520D11CA2CBB /* Products */ = {
			isa = PBXGroup;
			children = (
				8D1107320486CEB800E47090 /* Mover Connect.app */,
				15F931FB116740CB00AA71AB /* Mover Agent.app */,
			);
			name = Products;
			sourceTree = "<group>";
		};
		29B97314FDCFA39411CA2CEA /* MoverWaypoint */ = {
			isa = PBXGroup;
			children = (
				1574448B113435430088C65E /* MuiKit.xcodeproj */,
				1594397D1133E1410017B42D /* Network+Storage.xcodeproj */,
				15F931F5116740BF00AA71AB /* Agent */,
				080E96DDFE201D6D7F000001 /* Classes */,
				29B97315FDCFA39411CA2CEA /* Other Sources */,
				29B97317FDCFA39411CA2CEA /* Resources */,
				29B97323FDCFA39411CA2CEA /* Frameworks */,
				19C28FACFE9D520D11CA2CBB /* Products */,
				1574452111343C630088C65E /* SystemConfiguration.framework */,
				1574453A11343D090088C65E /* libz.1.1.3.dylib */,
				153EF0AC1135595100B8DDC1 /* Carbon.framework */,
				15CCE820114FFC3400E45AC6 /* QuartzCore.framework */,
				15F932021167410500AA71AB /* Cocoa.framework */,
				15D327A61172F48E001DD969 /* AddressBook.framework */,
				15523DA51173208F00888B09 /* Security.framework */,
			);
			name = MoverWaypoint;
			sourceTree = "<group>";
		};
		29B97315FDCFA39411CA2CEA /* Other Sources */ = {
			isa = PBXGroup;
			children = (
				29B97316FDCFA39411CA2CEA /* main.m */,
			);
			name = "Other Sources";
			sourceTree = "<group>";
		};
		29B97317FDCFA39411CA2CEA /* Resources */ = {
			isa = PBXGroup;
			children = (
				15D4D0B9117331D300705E3D /* Legalities.rtf */,
				153DBB4B1173141E00F2080B /* dsa_pub.pem */,
				1565BBCE11730E5700745B9A /* MvrNoContactsForNow.alert */,
				15F933E41167736800AA71AB /* LocalizedMoverItemsStrings */,
				15CCE81B114FF9D100E45AC6 /* MiniSlide.png */,
				15E6E29D1167ED07000184F3 /* Connect.icns */,
				150072E9113967F1007BF995 /* PrereleaseExpired.alert */,
				15A3B23611783CA6000876C8 /* MvrConnectFirstTimeFound.alert */,
				157280F2113805FA005634C7 /* SpinnerBackdrop.png */,
				1594394D1133DACB0017B42D /* WaypointLogo.png */,
				153EF04E113551D000B8DDC1 /* DeviceBackdrop.png */,
				8D1107310486CEB800E47090 /* Mover Connect-Info.plist */,
				089C165CFE840E0CC02AAC07 /* InfoPlist.strings */,
				1DDD58140DA1D0A300B32029 /* MainMenu.xib */,
				157280E311380210005634C7 /* MvrDeviceItem.xib */,
				15D4D0B311732F6000705E3D /* MoverConnect.png */,
			);
			name = Resources;
			sourceTree = "<group>";
		};
		29B97323FDCFA39411CA2CEA /* Frameworks */ = {
			isa = PBXGroup;
			children = (
				1058C7A0FEA54F0111CA2CBB /* Linked Frameworks */,
				1058C7A2FEA54F0111CA2CBB /* Other Frameworks */,
			);
			name = Frameworks;
			sourceTree = "<group>";
		};
/* End PBXGroup section */

/* Begin PBXNativeTarget section */
		15F931FA116740CB00AA71AB /* Mover Agent */ = {
			isa = PBXNativeTarget;
			buildConfigurationList = 15F93200116740CB00AA71AB /* Build configuration list for PBXNativeTarget "Mover Agent" */;
			buildPhases = (
				15F931F7116740CB00AA71AB /* Resources */,
				15F931F8116740CB00AA71AB /* Sources */,
				15F931F9116740CB00AA71AB /* Frameworks */,
			);
			buildRules = (
			);
			dependencies = (
			);
			name = "Mover Agent";
			productName = "Mover Agent";
			productReference = 15F931FB116740CB00AA71AB /* Mover Agent.app */;
			productType = "com.apple.product-type.application";
		};
		8D1107260486CEB800E47090 /* Mover Connect */ = {
			isa = PBXNativeTarget;
			buildConfigurationList = C01FCF4A08A954540054247B /* Build configuration list for PBXNativeTarget "Mover Connect" */;
			buildPhases = (
				8D1107290486CEB800E47090 /* Resources */,
				8D11072C0486CEB800E47090 /* Sources */,
				8D11072E0486CEB800E47090 /* Frameworks */,
				15F932B411674A2400AA71AB /* Copy Mover Agent */,
				153DBB481173125400F2080B /* Copy Sparkle */,
			);
			buildRules = (
			);
			dependencies = (
				15E3A4A6113F970600F301D8 /* PBXTargetDependency */,
				15E3A4A8113F970600F301D8 /* PBXTargetDependency */,
				15F932A6116749E600AA71AB /* PBXTargetDependency */,
			);
			name = "Mover Connect";
			productInstallPath = "$(HOME)/Applications";
			productName = MoverWaypoint;
			productReference = 8D1107320486CEB800E47090 /* Mover Connect.app */;
			productType = "com.apple.product-type.application";
		};
/* End PBXNativeTarget section */

/* Begin PBXProject section */
		29B97313FDCFA39411CA2CEA /* Project object */ = {
			isa = PBXProject;
			buildConfigurationList = C01FCF4E08A954540054247B /* Build configuration list for PBXProject "Mover Connect" */;
			compatibilityVersion = "Xcode 3.1";
			hasScannedForEncodings = 1;
			mainGroup = 29B97314FDCFA39411CA2CEA /* MoverWaypoint */;
			projectDirPath = "";
			projectReferences = (
				{
					ProductGroup = 15E3A494113F96FD00F301D8 /* Products */;
					ProjectRef = 1574448B113435430088C65E /* MuiKit.xcodeproj */;
				},
				{
					ProductGroup = 15E3A486113F96FC00F301D8 /* Products */;
					ProjectRef = 1594397D1133E1410017B42D /* Network+Storage.xcodeproj */;
				},
			);
			projectRoot = "";
			targets = (
				8D1107260486CEB800E47090 /* Mover Connect */,
				15F931FA116740CB00AA71AB /* Mover Agent */,
			);
		};
/* End PBXProject section */

/* Begin PBXReferenceProxy section */
		15E3A48D113F96FC00F301D8 /* libNetwork.a */ = {
			isa = PBXReferenceProxy;
			fileType = archive.ar;
			path = libNetwork.a;
			remoteRef = 15E3A48C113F96FC00F301D8 /* PBXContainerItemProxy */;
			sourceTree = BUILT_PRODUCTS_DIR;
		};
		15E3A48F113F96FC00F301D8 /* libNetwork.a */ = {
			isa = PBXReferenceProxy;
			fileType = archive.ar;
			path = libNetwork.a;
			remoteRef = 15E3A48E113F96FC00F301D8 /* PBXContainerItemProxy */;
			sourceTree = BUILT_PRODUCTS_DIR;
		};
		15E3A491113F96FC00F301D8 /* Network+Test.octest */ = {
			isa = PBXReferenceProxy;
			fileType = wrapper.cfbundle;
			path = "Network+Test.octest";
			remoteRef = 15E3A490113F96FC00F301D8 /* PBXContainerItemProxy */;
			sourceTree = BUILT_PRODUCTS_DIR;
		};
		15E3A493113F96FC00F301D8 /* mvr-wifi */ = {
			isa = PBXReferenceProxy;
			fileType = "compiled.mach-o.executable";
			path = "mvr-wifi";
			remoteRef = 15E3A492113F96FC00F301D8 /* PBXContainerItemProxy */;
			sourceTree = BUILT_PRODUCTS_DIR;
		};
		15E3A49E113F96FD00F301D8 /* libMuiKit.a */ = {
			isa = PBXReferenceProxy;
			fileType = archive.ar;
			path = libMuiKit.a;
			remoteRef = 15E3A49D113F96FD00F301D8 /* PBXContainerItemProxy */;
			sourceTree = BUILT_PRODUCTS_DIR;
		};
		15E3A4A0113F96FD00F301D8 /* MuiKit.bundle */ = {
			isa = PBXReferenceProxy;
			fileType = wrapper.cfbundle;
			path = MuiKit.bundle;
			remoteRef = 15E3A49F113F96FD00F301D8 /* PBXContainerItemProxy */;
			sourceTree = BUILT_PRODUCTS_DIR;
		};
		15E3A4A2113F96FD00F301D8 /* MuiKit+Test.octest */ = {
			isa = PBXReferenceProxy;
			fileType = wrapper.cfbundle;
			path = "MuiKit+Test.octest";
			remoteRef = 15E3A4A1113F96FD00F301D8 /* PBXContainerItemProxy */;
			sourceTree = BUILT_PRODUCTS_DIR;
		};
		15E3A4A4113F96FD00F301D8 /* libMuiKit-Mac.a */ = {
			isa = PBXReferenceProxy;
			fileType = archive.ar;
			path = "libMuiKit-Mac.a";
			remoteRef = 15E3A4A3113F96FD00F301D8 /* PBXContainerItemProxy */;
			sourceTree = BUILT_PRODUCTS_DIR;
		};
/* End PBXReferenceProxy section */

/* Begin PBXResourcesBuildPhase section */
		15F931F7116740CB00AA71AB /* Resources */ = {
			isa = PBXResourcesBuildPhase;
			buildActionMask = 2147483647;
			files = (
				15F932051167416000AA71AB /* SlideMenuIcon.png in Resources */,
				15F932071167418B00AA71AB /* MoverAgent.xib in Resources */,
				15534A611168A82600D3D5F3 /* Connect.icns in Resources */,
				15AD84961168D49800F88021 /* SlideMenuIcon_Selected.png in Resources */,
			);
			runOnlyForDeploymentPostprocessing = 0;
		};
		8D1107290486CEB800E47090 /* Resources */ = {
			isa = PBXResourcesBuildPhase;
			buildActionMask = 2147483647;
			files = (
				15E3A4A9113F970C00F301D8 /* MuiKit.bundle in Resources */,
				8D11072B0486CEB800E47090 /* InfoPlist.strings in Resources */,
				1DDD58160DA1D0A300B32029 /* MainMenu.xib in Resources */,
				1594394E1133DACB0017B42D /* WaypointLogo.png in Resources */,
				153EF04F113551D000B8DDC1 /* DeviceBackdrop.png in Resources */,
				157280E411380210005634C7 /* MvrDeviceItem.xib in Resources */,
				157280F3113805FA005634C7 /* SpinnerBackdrop.png in Resources */,
				150072EA113967F1007BF995 /* PrereleaseExpired.alert in Resources */,
				15CCE81C114FF9D100E45AC6 /* MiniSlide.png in Resources */,
				15F933E71167736800AA71AB /* LocalizedMoverItemsStrings in Resources */,
				15E6E29E1167ED07000184F3 /* Connect.icns in Resources */,
				1565BBCF11730E5700745B9A /* MvrNoContactsForNow.alert in Resources */,
				153DBB4C1173141E00F2080B /* dsa_pub.pem in Resources */,
				15D4D0B411732F6000705E3D /* MoverConnect.png in Resources */,
				15D4D0BA117331D300705E3D /* Legalities.rtf in Resources */,
				15A3B23711783CA6000876C8 /* MvrConnectFirstTimeFound.alert in Resources */,
			);
			runOnlyForDeploymentPostprocessing = 0;
		};
/* End PBXResourcesBuildPhase section */

/* Begin PBXSourcesBuildPhase section */
		15F931F8116740CB00AA71AB /* Sources */ = {
			isa = PBXSourcesBuildPhase;
			buildActionMask = 2147483647;
			files = (
				15F93201116740DF00AA71AB /* main.m in Sources */,
				15F9320F116741C900AA71AB /* MvrAgent.m in Sources */,
			);
			runOnlyForDeploymentPostprocessing = 0;
		};
		8D11072C0486CEB800E47090 /* Sources */ = {
			isa = PBXSourcesBuildPhase;
			buildActionMask = 2147483647;
			files = (
				8D11072D0486CEB800E47090 /* main.m in Sources */,
				256AC3DA0F4B6AC300CF3369 /* MvrAppDelegate_Mac.m in Sources */,
				157280D31137FE63005634C7 /* MvrDevice.m in Sources */,
				150072E8113967C3007BF995 /* NSAlert+L0Alert.m in Sources */,
				15DA20F4113EF76C00E2BC10 /* MvrDevicesLineView.m in Sources */,
				15F965DE11652D2E00EE3F9E /* MvrTransferController.m in Sources */,
				157705D9116619B700EE3C83 /* MvrTextItem.m in Sources */,
				1500975A116682B40072DC8C /* MvrBookmarkItem.m in Sources */,
				15F9312E11672CA200AA71AB /* RSVerticallyCenteredTextFieldCell.m in Sources */,
				15F931F111673E0A00AA71AB /* MvrPreferencesController.m in Sources */,
				15523D9B1173201500888B09 /* PFMoveApplication.m in Sources */,
			);
			runOnlyForDeploymentPostprocessing = 0;
		};
/* End PBXSourcesBuildPhase section */

/* Begin PBXTargetDependency section */
		15E3A4A6113F970600F301D8 /* PBXTargetDependency */ = {
			isa = PBXTargetDependency;
			name = "MuiKit (Mac OS X)";
			targetProxy = 15E3A4A5113F970600F301D8 /* PBXContainerItemProxy */;
		};
		15E3A4A8113F970600F301D8 /* PBXTargetDependency */ = {
			isa = PBXTargetDependency;
			name = "Network (Mac OS X)";
			targetProxy = 15E3A4A7113F970600F301D8 /* PBXContainerItemProxy */;
		};
		15F932A6116749E600AA71AB /* PBXTargetDependency */ = {
			isa = PBXTargetDependency;
			target = 15F931FA116740CB00AA71AB /* Mover Agent */;
			targetProxy = 15F932A5116749E600AA71AB /* PBXContainerItemProxy */;
		};
/* End PBXTargetDependency section */

/* Begin PBXVariantGroup section */
		089C165CFE840E0CC02AAC07 /* InfoPlist.strings */ = {
			isa = PBXVariantGroup;
			children = (
				089C165DFE840E0CC02AAC07 /* English */,
			);
			name = InfoPlist.strings;
			sourceTree = "<group>";
		};
		1DDD58140DA1D0A300B32029 /* MainMenu.xib */ = {
			isa = PBXVariantGroup;
			children = (
				1DDD58150DA1D0A300B32029 /* English */,
			);
			name = MainMenu.xib;
			sourceTree = "<group>";
		};
/* End PBXVariantGroup section */

/* Begin XCBuildConfiguration section */
		15F931FE116740CB00AA71AB /* Debug */ = {
			isa = XCBuildConfiguration;
			buildSettings = {
				ALWAYS_SEARCH_USER_PATHS = NO;
				COPY_PHASE_STRIP = NO;
				GCC_DYNAMIC_NO_PIC = NO;
				GCC_ENABLE_FIX_AND_CONTINUE = YES;
				GCC_ENABLE_OBJC_GC = required;
				GCC_MODEL_TUNING = G5;
				GCC_OPTIMIZATION_LEVEL = 0;
				GCC_PRECOMPILE_PREFIX_HEADER = YES;
				GCC_PREFIX_HEADER = "$(INFINITELABS_TOOLS)/Common/Mac/AppKit.pch";
				GCC_PREPROCESSOR_DEFINITIONS = (
					"DEBUG=1",
					"kMvrMacPrereleaseTimeLimit=1271331554",
				);
				GCC_VERSION = com.apple.compilers.llvmgcc42;
				HEADER_SEARCH_PATHS = "$(SRCROOT)/..";
				INFOPLIST_FILE = "Mover Agent-Info.plist";
				INSTALL_PATH = "$(HOME)/Applications";
				MACOSX_DEPLOYMENT_TARGET = 10.5;
				OTHER_LDFLAGS = (
					"-framework",
					Foundation,
					"-framework",
					AppKit,
				);
				PREBINDING = NO;
				PRODUCT_NAME = "Mover Agent";
			};
			name = Debug;
		};
		15F931FF116740CB00AA71AB /* Release */ = {
			isa = XCBuildConfiguration;
			buildSettings = {
				ALWAYS_SEARCH_USER_PATHS = NO;
				COPY_PHASE_STRIP = YES;
				DEBUG_INFORMATION_FORMAT = "dwarf-with-dsym";
				GCC_ENABLE_FIX_AND_CONTINUE = NO;
				GCC_ENABLE_OBJC_GC = required;
				GCC_MODEL_TUNING = G5;
				GCC_PRECOMPILE_PREFIX_HEADER = YES;
				GCC_PREFIX_HEADER = "$(INFINITELABS_TOOLS)/Common/Mac/AppKit.pch";
				GCC_VERSION = com.apple.compilers.llvmgcc42;
				HEADER_SEARCH_PATHS = "$(SRCROOT)/..";
				INFOPLIST_FILE = "Mover Agent-Info.plist";
				INSTALL_PATH = "$(HOME)/Applications";
				MACOSX_DEPLOYMENT_TARGET = 10.5;
				OTHER_LDFLAGS = (
					"-framework",
					Foundation,
					"-framework",
					AppKit,
				);
				PREBINDING = NO;
				PRODUCT_NAME = "Mover Agent";
				ZERO_LINK = NO;
			};
			name = Release;
		};
		C01FCF4B08A954540054247B /* Debug */ = {
			isa = XCBuildConfiguration;
			buildSettings = {
				ALWAYS_SEARCH_USER_PATHS = NO;
				COPY_PHASE_STRIP = NO;
				FRAMEWORK_SEARCH_PATHS = (
					"$(inherited)",
					"\"$(SRCROOT)\"",
				);
				GCC_DYNAMIC_NO_PIC = NO;
				GCC_ENABLE_FIX_AND_CONTINUE = YES;
				GCC_ENABLE_OBJC_GC = required;
				GCC_MODEL_TUNING = G5;
				GCC_OPTIMIZATION_LEVEL = 0;
				GCC_PRECOMPILE_PREFIX_HEADER = YES;
				GCC_PREFIX_HEADER = "$(INFINITELABS_TOOLS)/Common/Mac/AppKit.pch";
				GCC_PREPROCESSOR_DEFINITIONS = "DEBUG=1";
				GCC_VERSION = com.apple.compilers.llvmgcc42;
				HEADER_SEARCH_PATHS = (
					"$(INFINITELABS_LIB_MUIKIT)/Build/Headers",
					"$(SRCROOT)/..",
					"$(SRCROOT)/../iPhone/Classes",
				);
				INFOPLIST_FILE = "Mover Connect-Info.plist";
				INSTALL_PATH = "$(HOME)/Applications";
				MACOSX_DEPLOYMENT_TARGET = 10.5;
				OTHER_LDFLAGS = (
					"-all_load",
					"-ObjC",
				);
				PRODUCT_NAME = "Mover Connect";
				SDKROOT = macosx10.6;
			};
			name = Debug;
		};
		C01FCF4C08A954540054247B /* Release */ = {
			isa = XCBuildConfiguration;
			buildSettings = {
				ALWAYS_SEARCH_USER_PATHS = NO;
				COPY_PHASE_STRIP = NO;
				DEBUG_INFORMATION_FORMAT = "dwarf-with-dsym";
				FRAMEWORK_SEARCH_PATHS = (
					"$(inherited)",
					"\"$(SRCROOT)\"",
				);
				GCC_ENABLE_OBJC_GC = required;
				GCC_MODEL_TUNING = G5;
				GCC_PRECOMPILE_PREFIX_HEADER = YES;
				GCC_PREFIX_HEADER = "$(INFINITELABS_TOOLS)/Common/Mac/AppKit.pch";
				GCC_VERSION = com.apple.compilers.llvmgcc42;
				HEADER_SEARCH_PATHS = (
					"$(INFINITELABS_LIB_MUIKIT)/Build/Headers",
					"$(SRCROOT)/..",
					"$(SRCROOT)/../iPhone/Classes",
				);
				INFOPLIST_FILE = "Mover Connect-Info.plist";
				INSTALL_PATH = "$(HOME)/Applications";
				MACOSX_DEPLOYMENT_TARGET = 10.5;
				OTHER_LDFLAGS = (
					"-all_load",
					"-ObjC",
				);
				PRODUCT_NAME = "Mover Connect";
				SDKROOT = macosx10.6;
			};
			name = Release;
		};
		C01FCF4F08A954540054247B /* Debug */ = {
			isa = XCBuildConfiguration;
			buildSettings = {
				ARCHS = "$(ARCHS_STANDARD_32_64_BIT)";
				GCC_C_LANGUAGE_STANDARD = gnu99;
				GCC_OPTIMIZATION_LEVEL = 0;
				GCC_WARN_ABOUT_RETURN_TYPE = YES;
				GCC_WARN_UNUSED_VARIABLE = YES;
				ONLY_ACTIVE_ARCH = YES;
				PREBINDING = NO;
				SDKROOT = macosx10.6;
			};
			name = Debug;
		};
		C01FCF5008A954540054247B /* Release */ = {
			isa = XCBuildConfiguration;
			buildSettings = {
				ARCHS = "$(ARCHS_STANDARD_32_64_BIT)";
				GCC_C_LANGUAGE_STANDARD = gnu99;
				GCC_WARN_ABOUT_RETURN_TYPE = YES;
				GCC_WARN_UNUSED_VARIABLE = YES;
				PREBINDING = NO;
				SDKROOT = macosx10.6;
			};
			name = Release;
		};
/* End XCBuildConfiguration section */

/* Begin XCConfigurationList section */
		15F93200116740CB00AA71AB /* Build configuration list for PBXNativeTarget "Mover Agent" */ = {
			isa = XCConfigurationList;
			buildConfigurations = (
				15F931FE116740CB00AA71AB /* Debug */,
				15F931FF116740CB00AA71AB /* Release */,
			);
			defaultConfigurationIsVisible = 0;
			defaultConfigurationName = Release;
		};
		C01FCF4A08A954540054247B /* Build configuration list for PBXNativeTarget "Mover Connect" */ = {
			isa = XCConfigurationList;
			buildConfigurations = (
				C01FCF4B08A954540054247B /* Debug */,
				C01FCF4C08A954540054247B /* Release */,
			);
			defaultConfigurationIsVisible = 0;
			defaultConfigurationName = Release;
		};
		C01FCF4E08A954540054247B /* Build configuration list for PBXProject "Mover Connect" */ = {
			isa = XCConfigurationList;
			buildConfigurations = (
				C01FCF4F08A954540054247B /* Debug */,
				C01FCF5008A954540054247B /* Release */,
			);
			defaultConfigurationIsVisible = 0;
			defaultConfigurationName = Release;
		};
/* End XCConfigurationList section */
	};
	rootObject = 29B97313FDCFA39411CA2CEA /* Project object */;
}
