// !$*UTF8*$!
{
	archiveVersion = 1;
	classes = {
	};
	objectVersion = 45;
	objects = {

/* Begin PBXBuildFile section */
		150717C8105FAE4700FA0BF4 /* MvrWiFiChannel.h in Headers */ = {isa = PBXBuildFile; fileRef = 150717C6105FAE4700FA0BF4 /* MvrWiFiChannel.h */; };
		150717C9105FAE4700FA0BF4 /* MvrWiFiChannel.m in Sources */ = {isa = PBXBuildFile; fileRef = 150717C7105FAE4700FA0BF4 /* MvrWiFiChannel.m */; };
		150717CA105FAE4700FA0BF4 /* MvrWiFiChannel.m in Sources */ = {isa = PBXBuildFile; fileRef = 150717C7105FAE4700FA0BF4 /* MvrWiFiChannel.m */; };
		150717CB105FAE4700FA0BF4 /* MvrWiFiChannel.m in Sources */ = {isa = PBXBuildFile; fileRef = 150717C7105FAE4700FA0BF4 /* MvrWiFiChannel.m */; };
		15071825105FB1CE00FA0BF4 /* MvrLegacyWiFiChannel.h in Headers */ = {isa = PBXBuildFile; fileRef = 15071823105FB1CE00FA0BF4 /* MvrLegacyWiFiChannel.h */; };
		15071826105FB1CE00FA0BF4 /* MvrLegacyWiFiChannel.m in Sources */ = {isa = PBXBuildFile; fileRef = 15071824105FB1CE00FA0BF4 /* MvrLegacyWiFiChannel.m */; };
		15071827105FB1CE00FA0BF4 /* MvrLegacyWiFiChannel.m in Sources */ = {isa = PBXBuildFile; fileRef = 15071824105FB1CE00FA0BF4 /* MvrLegacyWiFiChannel.m */; };
		15071828105FB1CE00FA0BF4 /* MvrLegacyWiFiChannel.m in Sources */ = {isa = PBXBuildFile; fileRef = 15071824105FB1CE00FA0BF4 /* MvrLegacyWiFiChannel.m */; };
		15071861105FC36800FA0BF4 /* MvrGenericIncoming.h in Headers */ = {isa = PBXBuildFile; fileRef = 1507185F105FC36800FA0BF4 /* MvrGenericIncoming.h */; };
		15071862105FC36800FA0BF4 /* MvrGenericIncoming.m in Sources */ = {isa = PBXBuildFile; fileRef = 15071860105FC36800FA0BF4 /* MvrGenericIncoming.m */; };
		15071863105FC36800FA0BF4 /* MvrGenericIncoming.m in Sources */ = {isa = PBXBuildFile; fileRef = 15071860105FC36800FA0BF4 /* MvrGenericIncoming.m */; };
		15071864105FC36800FA0BF4 /* MvrGenericIncoming.m in Sources */ = {isa = PBXBuildFile; fileRef = 15071860105FC36800FA0BF4 /* MvrGenericIncoming.m */; };
		15071872105FC48600FA0BF4 /* MvrLegacyWiFiIncoming.h in Headers */ = {isa = PBXBuildFile; fileRef = 15071870105FC48600FA0BF4 /* MvrLegacyWiFiIncoming.h */; };
		15071873105FC48600FA0BF4 /* MvrLegacyWiFiIncoming.m in Sources */ = {isa = PBXBuildFile; fileRef = 15071871105FC48600FA0BF4 /* MvrLegacyWiFiIncoming.m */; };
		15071874105FC48600FA0BF4 /* MvrLegacyWiFiIncoming.m in Sources */ = {isa = PBXBuildFile; fileRef = 15071871105FC48600FA0BF4 /* MvrLegacyWiFiIncoming.m */; };
		15071875105FC48600FA0BF4 /* MvrLegacyWiFiIncoming.m in Sources */ = {isa = PBXBuildFile; fileRef = 15071871105FC48600FA0BF4 /* MvrLegacyWiFiIncoming.m */; };
		150718CB105FD55900FA0BF4 /* MvrLegacyWiFiOutgoing.m in Sources */ = {isa = PBXBuildFile; fileRef = 150718CA105FD55900FA0BF4 /* MvrLegacyWiFiOutgoing.m */; };
		150718CC105FD55900FA0BF4 /* MvrLegacyWiFiOutgoing.h in Headers */ = {isa = PBXBuildFile; fileRef = 150718C9105FD55900FA0BF4 /* MvrLegacyWiFiOutgoing.h */; };
		150718CD105FD55900FA0BF4 /* MvrLegacyWiFiOutgoing.m in Sources */ = {isa = PBXBuildFile; fileRef = 150718CA105FD55900FA0BF4 /* MvrLegacyWiFiOutgoing.m */; };
		150718CE105FD55900FA0BF4 /* MvrLegacyWiFiOutgoing.m in Sources */ = {isa = PBXBuildFile; fileRef = 150718CA105FD55900FA0BF4 /* MvrLegacyWiFiOutgoing.m */; };
		150718D2105FD5AA00FA0BF4 /* MvrOutgoing.h in Headers */ = {isa = PBXBuildFile; fileRef = 150718D1105FD5AA00FA0BF4 /* MvrOutgoing.h */; };
		1537A7DA107A598300B16B88 /* MvrBuffer.h in Headers */ = {isa = PBXBuildFile; fileRef = 1537A7D8107A598300B16B88 /* MvrBuffer.h */; };
		1537A7DB107A598300B16B88 /* MvrBuffer.m in Sources */ = {isa = PBXBuildFile; fileRef = 1537A7D9107A598300B16B88 /* MvrBuffer.m */; };
		1537A7DC107A598300B16B88 /* MvrBuffer.m in Sources */ = {isa = PBXBuildFile; fileRef = 1537A7D9107A598300B16B88 /* MvrBuffer.m */; };
		153AF19A105C17B300DD862F /* MvrScanner.h in Headers */ = {isa = PBXBuildFile; fileRef = 153AF199105C17B300DD862F /* MvrScanner.h */; };
		153AF1A2105C18F800DD862F /* MvrChannel.h in Headers */ = {isa = PBXBuildFile; fileRef = 153AF1A1105C18F800DD862F /* MvrChannel.h */; };
		153AF1A5105C192300DD862F /* MvrIncoming.h in Headers */ = {isa = PBXBuildFile; fileRef = 153AF1A4105C192300DD862F /* MvrIncoming.h */; };
		153AF1AA105C206000DD862F /* AsyncSocket.h in Headers */ = {isa = PBXBuildFile; fileRef = 153AF1A8105C206000DD862F /* AsyncSocket.h */; };
		153AF1AB105C206000DD862F /* AsyncSocket.m in Sources */ = {isa = PBXBuildFile; fileRef = 153AF1A9105C206000DD862F /* AsyncSocket.m */; };
		153AF1AC105C206000DD862F /* AsyncSocket.m in Sources */ = {isa = PBXBuildFile; fileRef = 153AF1A9105C206000DD862F /* AsyncSocket.m */; };
		153AF1B0105C217400DD862F /* MvrModernWiFiChannel.h in Headers */ = {isa = PBXBuildFile; fileRef = 153AF1AE105C217400DD862F /* MvrModernWiFiChannel.h */; };
		153AF1B1105C217400DD862F /* MvrModernWiFiChannel.m in Sources */ = {isa = PBXBuildFile; fileRef = 153AF1AF105C217400DD862F /* MvrModernWiFiChannel.m */; };
		153AF1B2105C217400DD862F /* MvrModernWiFiChannel.m in Sources */ = {isa = PBXBuildFile; fileRef = 153AF1AF105C217400DD862F /* MvrModernWiFiChannel.m */; };
		153AF1DD105C2ACC00DD862F /* SystemConfiguration.framework in Frameworks */ = {isa = PBXBuildFile; fileRef = 153AF1DC105C2ACC00DD862F /* SystemConfiguration.framework */; };
		153AF1DF105C2AD800DD862F /* Foundation.framework in Frameworks */ = {isa = PBXBuildFile; fileRef = 153AF1DE105C2AD800DD862F /* Foundation.framework */; };
		153AF1E0105C2ADF00DD862F /* Foundation.framework in Frameworks */ = {isa = PBXBuildFile; fileRef = 153AF1DE105C2AD800DD862F /* Foundation.framework */; };
		153AF1E1105C2AE100DD862F /* Foundation.framework in Frameworks */ = {isa = PBXBuildFile; fileRef = 153AF1DE105C2AD800DD862F /* Foundation.framework */; };
		153AF1E2105C2AE400DD862F /* SystemConfiguration.framework in Frameworks */ = {isa = PBXBuildFile; fileRef = 153AF1DC105C2ACC00DD862F /* SystemConfiguration.framework */; };
		153AF1E3105C2AE500DD862F /* SystemConfiguration.framework in Frameworks */ = {isa = PBXBuildFile; fileRef = 153AF1DC105C2ACC00DD862F /* SystemConfiguration.framework */; };
		153AF20F105C2B5600DD862F /* OCMock.framework in Frameworks */ = {isa = PBXBuildFile; fileRef = 153AF20E105C2B5600DD862F /* OCMock.framework */; };
		153B4205105BF36700DB8FB2 /* MvrWiFi.m in Sources */ = {isa = PBXBuildFile; fileRef = 1593E9B6105BBD4300220989 /* MvrWiFi.m */; };
		153B4206105BF36700DB8FB2 /* MvrModernWiFi.m in Sources */ = {isa = PBXBuildFile; fileRef = 1593E9BB105BBDFB00220989 /* MvrModernWiFi.m */; };
		153B4207105BF36700DB8FB2 /* MvrWiFiScanner.m in Sources */ = {isa = PBXBuildFile; fileRef = 1593E9C0105BBE4300220989 /* MvrWiFiScanner.m */; };
		153B4208105BF36700DB8FB2 /* mvr-wifi.m in Sources */ = {isa = PBXBuildFile; fileRef = 153B40A8105BEA2C00DB8FB2 /* mvr-wifi.m */; };
		153B4209105BF36700DB8FB2 /* DDCliApplication.m in Sources */ = {isa = PBXBuildFile; fileRef = 153B40BA105BEAFC00DB8FB2 /* DDCliApplication.m */; };
		153B420A105BF36700DB8FB2 /* DDCliParseException.m in Sources */ = {isa = PBXBuildFile; fileRef = 153B40BC105BEAFC00DB8FB2 /* DDCliParseException.m */; };
		153B420B105BF36700DB8FB2 /* DDCliUtil.m in Sources */ = {isa = PBXBuildFile; fileRef = 153B40BE105BEAFC00DB8FB2 /* DDCliUtil.m */; };
		153B420C105BF36700DB8FB2 /* DDGetoptLongParser.m in Sources */ = {isa = PBXBuildFile; fileRef = 153B40C1105BEAFC00DB8FB2 /* DDGetoptLongParser.m */; };
		153B420E105BF36700DB8FB2 /* libMuiKit-Mac.a in Frameworks */ = {isa = PBXBuildFile; fileRef = 153B416F105BEFCA00DB8FB2 /* libMuiKit-Mac.a */; };
		155E8F90107B24AA00F8B33B /* MvrStreamedIncoming.h in Headers */ = {isa = PBXBuildFile; fileRef = 155E8F8F107B24AA00F8B33B /* MvrStreamedIncoming.h */; };
		155E8F92107B24AA00F8B33B /* MvrStreamedIncoming.m in Sources */ = {isa = PBXBuildFile; fileRef = 155E8F91107B24AA00F8B33B /* MvrStreamedIncoming.m */; };
		155E8F93107B24AA00F8B33B /* MvrStreamedIncoming.m in Sources */ = {isa = PBXBuildFile; fileRef = 155E8F91107B24AA00F8B33B /* MvrStreamedIncoming.m */; };
		155E8F94107B24AA00F8B33B /* MvrStreamedIncoming.m in Sources */ = {isa = PBXBuildFile; fileRef = 155E8F91107B24AA00F8B33B /* MvrStreamedIncoming.m */; };
		156CF115105BB356006D8E7A /* MvrPacketBuilder.h in Headers */ = {isa = PBXBuildFile; fileRef = 156CF111105BB355006D8E7A /* MvrPacketBuilder.h */; };
		156CF116105BB356006D8E7A /* MvrPacketBuilder.m in Sources */ = {isa = PBXBuildFile; fileRef = 156CF112105BB356006D8E7A /* MvrPacketBuilder.m */; };
		156CF117105BB356006D8E7A /* MvrPacketParser.h in Headers */ = {isa = PBXBuildFile; fileRef = 156CF113105BB356006D8E7A /* MvrPacketParser.h */; };
		156CF118105BB356006D8E7A /* MvrPacketParser.m in Sources */ = {isa = PBXBuildFile; fileRef = 156CF114105BB356006D8E7A /* MvrPacketParser.m */; };
		157A1020105D3E7A0033B623 /* MvrItem.h in Headers */ = {isa = PBXBuildFile; fileRef = 157A101E105D3E7A0033B623 /* MvrItem.h */; };
		157A1021105D3E7A0033B623 /* MvrItem.m in Sources */ = {isa = PBXBuildFile; fileRef = 157A101F105D3E7A0033B623 /* MvrItem.m */; };
		157A1022105D3E7A0033B623 /* MvrItem.m in Sources */ = {isa = PBXBuildFile; fileRef = 157A101F105D3E7A0033B623 /* MvrItem.m */; };
		157A1023105D3E7A0033B623 /* MvrItem.m in Sources */ = {isa = PBXBuildFile; fileRef = 157A101F105D3E7A0033B623 /* MvrItem.m */; };
		157A1125105D45BE0033B623 /* MvrModernWiFiOutgoing.h in Headers */ = {isa = PBXBuildFile; fileRef = 157A1123105D45BE0033B623 /* MvrModernWiFiOutgoing.h */; };
		157A1126105D45BE0033B623 /* MvrModernWiFiOutgoing.m in Sources */ = {isa = PBXBuildFile; fileRef = 157A1124105D45BE0033B623 /* MvrModernWiFiOutgoing.m */; };
		157A1127105D45BE0033B623 /* MvrModernWiFiOutgoing.m in Sources */ = {isa = PBXBuildFile; fileRef = 157A1124105D45BE0033B623 /* MvrModernWiFiOutgoing.m */; };
		157A1128105D45BE0033B623 /* MvrModernWiFiOutgoing.m in Sources */ = {isa = PBXBuildFile; fileRef = 157A1124105D45BE0033B623 /* MvrModernWiFiOutgoing.m */; };
		157A1157105D47560033B623 /* MvrPacketBuilder.m in Sources */ = {isa = PBXBuildFile; fileRef = 156CF112105BB356006D8E7A /* MvrPacketBuilder.m */; };
		157A1158105D47560033B623 /* MvrPacketParser.m in Sources */ = {isa = PBXBuildFile; fileRef = 156CF114105BB356006D8E7A /* MvrPacketParser.m */; };
		157A11E9105D64530033B623 /* MvrGenericItem.h in Headers */ = {isa = PBXBuildFile; fileRef = 157A11E7105D64530033B623 /* MvrGenericItem.h */; };
		157A11EA105D64530033B623 /* MvrGenericItem.m in Sources */ = {isa = PBXBuildFile; fileRef = 157A11E8105D64530033B623 /* MvrGenericItem.m */; };
		157A11EB105D64530033B623 /* MvrGenericItem.m in Sources */ = {isa = PBXBuildFile; fileRef = 157A11E8105D64530033B623 /* MvrGenericItem.m */; };
		157A11EC105D64530033B623 /* MvrGenericItem.m in Sources */ = {isa = PBXBuildFile; fileRef = 157A11E8105D64530033B623 /* MvrGenericItem.m */; };
		157A11EF105D64B50033B623 /* MvrUTISupport.h in Headers */ = {isa = PBXBuildFile; fileRef = 157A11EE105D64B50033B623 /* MvrUTISupport.h */; };
		157FA473105E14EB00BD01FC /* MvrModernWiFiIncoming.h in Headers */ = {isa = PBXBuildFile; fileRef = 157FA472105E14EB00BD01FC /* MvrModernWiFiIncoming.h */; };
		157FA475105E14FD00BD01FC /* MvrModernWiFiIncoming.m in Sources */ = {isa = PBXBuildFile; fileRef = 157FA474105E14FD00BD01FC /* MvrModernWiFiIncoming.m */; };
		157FA476105E14FD00BD01FC /* MvrModernWiFiIncoming.m in Sources */ = {isa = PBXBuildFile; fileRef = 157FA474105E14FD00BD01FC /* MvrModernWiFiIncoming.m */; };
		157FA477105E14FD00BD01FC /* MvrModernWiFiIncoming.m in Sources */ = {isa = PBXBuildFile; fileRef = 157FA474105E14FD00BD01FC /* MvrModernWiFiIncoming.m */; };
		15833F10105F6F890015388E /* MvrPlatformInfo.h in Headers */ = {isa = PBXBuildFile; fileRef = 15833F0F105F6F890015388E /* MvrPlatformInfo.h */; };
		15833F13105F739E0015388E /* MvrPlatformInfo.m in Sources */ = {isa = PBXBuildFile; fileRef = 15833F12105F739E0015388E /* MvrPlatformInfo.m */; };
		15833F14105F739E0015388E /* MvrPlatformInfo.m in Sources */ = {isa = PBXBuildFile; fileRef = 15833F12105F739E0015388E /* MvrPlatformInfo.m */; };
		15833F15105F739E0015388E /* MvrPlatformInfo.m in Sources */ = {isa = PBXBuildFile; fileRef = 15833F12105F739E0015388E /* MvrPlatformInfo.m */; };
		15865AED105CDD690041CE5F /* MvrItemStorage.m in Sources */ = {isa = PBXBuildFile; fileRef = 15865AEC105CDD690041CE5F /* MvrItemStorage.m */; };
		15865AEE105CDD690041CE5F /* MvrItemStorage.m in Sources */ = {isa = PBXBuildFile; fileRef = 15865AEC105CDD690041CE5F /* MvrItemStorage.m */; };
		15865AEF105CDD690041CE5F /* MvrItemStorage.h in Headers */ = {isa = PBXBuildFile; fileRef = 15865AEB105CDD690041CE5F /* MvrItemStorage.h */; };
		15865AF0105CDD690041CE5F /* MvrItemStorage.m in Sources */ = {isa = PBXBuildFile; fileRef = 15865AEC105CDD690041CE5F /* MvrItemStorage.m */; };
		15865B38105CE3F00041CE5F /* libMuiKit.a in Frameworks */ = {isa = PBXBuildFile; fileRef = 15F60400105BDE2800F73794 /* libMuiKit.a */; };
		15865B3A105CE3FD0041CE5F /* MobileCoreServices.framework in Frameworks */ = {isa = PBXBuildFile; fileRef = 15865B39105CE3FD0041CE5F /* MobileCoreServices.framework */; };
		1593E94C105BB73B00220989 /* MvrProtocol.h in Headers */ = {isa = PBXBuildFile; fileRef = 1593E94B105BB73B00220989 /* MvrProtocol.h */; };
		1593E972105BBA3E00220989 /* MvrPacketBuilderTests.m in Sources */ = {isa = PBXBuildFile; fileRef = 1593E970105BBA3E00220989 /* MvrPacketBuilderTests.m */; };
		1593E973105BBA3E00220989 /* MvrPacketParserTests.m in Sources */ = {isa = PBXBuildFile; fileRef = 1593E971105BBA3E00220989 /* MvrPacketParserTests.m */; };
		1593E974105BBA4A00220989 /* MvrPacketBuilder.m in Sources */ = {isa = PBXBuildFile; fileRef = 156CF112105BB356006D8E7A /* MvrPacketBuilder.m */; };
		1593E975105BBA4A00220989 /* MvrPacketParser.m in Sources */ = {isa = PBXBuildFile; fileRef = 156CF114105BB356006D8E7A /* MvrPacketParser.m */; };
		1593E98F105BBB2600220989 /* OK-longer.data in Resources */ = {isa = PBXBuildFile; fileRef = 1593E983105BBACD00220989 /* OK-longer.data */; };
		1593E990105BBB2600220989 /* OK.data in Resources */ = {isa = PBXBuildFile; fileRef = 1593E984105BBACD00220989 /* OK.data */; };
		1593E991105BBB2600220989 /* WOW-longer.data in Resources */ = {isa = PBXBuildFile; fileRef = 1593E97D105BBAC500220989 /* WOW-longer.data */; };
		1593E992105BBB2600220989 /* WOW-tooshort.data in Resources */ = {isa = PBXBuildFile; fileRef = 1593E97E105BBAC500220989 /* WOW-tooshort.data */; };
		1593E993105BBB2600220989 /* WOW.data in Resources */ = {isa = PBXBuildFile; fileRef = 1593E97F105BBAC500220989 /* WOW.data */; };
		1593E9B8105BBD4900220989 /* MvrWiFi.h in Headers */ = {isa = PBXBuildFile; fileRef = 1593E9B5105BBD4300220989 /* MvrWiFi.h */; };
		1593E9B9105BBD4900220989 /* MvrWiFi.m in Sources */ = {isa = PBXBuildFile; fileRef = 1593E9B6105BBD4300220989 /* MvrWiFi.m */; };
		1593E9BD105BBE2700220989 /* MvrModernWiFi.h in Headers */ = {isa = PBXBuildFile; fileRef = 1593E9BA105BBDFB00220989 /* MvrModernWiFi.h */; };
		1593E9BE105BBE2A00220989 /* MvrModernWiFi.m in Sources */ = {isa = PBXBuildFile; fileRef = 1593E9BB105BBDFB00220989 /* MvrModernWiFi.m */; };
		1593E9C1105BBE4300220989 /* MvrWiFiScanner.h in Headers */ = {isa = PBXBuildFile; fileRef = 1593E9BF105BBE4300220989 /* MvrWiFiScanner.h */; };
		1593E9C2105BBE4300220989 /* MvrWiFiScanner.m in Sources */ = {isa = PBXBuildFile; fileRef = 1593E9C0105BBE4300220989 /* MvrWiFiScanner.m */; };
		159AF90F1060FE3B0070141A /* MvrStorageCentral.m in Sources */ = {isa = PBXBuildFile; fileRef = 159AF90E1060FE3B0070141A /* MvrStorageCentral.m */; };
		159AF9101060FE3B0070141A /* MvrStorageCentral.m in Sources */ = {isa = PBXBuildFile; fileRef = 159AF90E1060FE3B0070141A /* MvrStorageCentral.m */; };
		159AF9111060FE3B0070141A /* MvrStorageCentral.h in Headers */ = {isa = PBXBuildFile; fileRef = 159AF90D1060FE3B0070141A /* MvrStorageCentral.h */; };
		159AF9121060FE3B0070141A /* MvrStorageCentral.m in Sources */ = {isa = PBXBuildFile; fileRef = 159AF90E1060FE3B0070141A /* MvrStorageCentral.m */; };
		159AF91F1060FF4F0070141A /* MvrMetadataStorage.h in Headers */ = {isa = PBXBuildFile; fileRef = 159AF91E1060FF4F0070141A /* MvrMetadataStorage.h */; };
		159AF98F10610AB70070141A /* MvrScannerObserver.m in Sources */ = {isa = PBXBuildFile; fileRef = 159AF98E10610AB70070141A /* MvrScannerObserver.m */; };
		159AF99010610AB70070141A /* MvrScannerObserver.m in Sources */ = {isa = PBXBuildFile; fileRef = 159AF98E10610AB70070141A /* MvrScannerObserver.m */; };
		159AF99110610AB70070141A /* MvrScannerObserver.h in Headers */ = {isa = PBXBuildFile; fileRef = 159AF98D10610AB70070141A /* MvrScannerObserver.h */; };
		159AF99210610AB70070141A /* MvrScannerObserver.m in Sources */ = {isa = PBXBuildFile; fileRef = 159AF98E10610AB70070141A /* MvrScannerObserver.m */; };
		15F09649105E56270016E2B6 /* BLIP.h in Headers */ = {isa = PBXBuildFile; fileRef = 15F09619105E56270016E2B6 /* BLIP.h */; };
		15F0964A105E56270016E2B6 /* BLIP_Internal.h in Headers */ = {isa = PBXBuildFile; fileRef = 15F0961B105E56270016E2B6 /* BLIP_Internal.h */; };
		15F0964B105E56270016E2B6 /* BLIPConnection.h in Headers */ = {isa = PBXBuildFile; fileRef = 15F0961C105E56270016E2B6 /* BLIPConnection.h */; };
		15F0964C105E56270016E2B6 /* BLIPConnection.m in Sources */ = {isa = PBXBuildFile; fileRef = 15F0961D105E56270016E2B6 /* BLIPConnection.m */; };
		15F0964D105E56270016E2B6 /* BLIPDispatcher.h in Headers */ = {isa = PBXBuildFile; fileRef = 15F0961E105E56270016E2B6 /* BLIPDispatcher.h */; };
		15F0964E105E56270016E2B6 /* BLIPDispatcher.m in Sources */ = {isa = PBXBuildFile; fileRef = 15F0961F105E56270016E2B6 /* BLIPDispatcher.m */; };
		15F0964F105E56270016E2B6 /* BLIPMessage.h in Headers */ = {isa = PBXBuildFile; fileRef = 15F09620105E56270016E2B6 /* BLIPMessage.h */; };
		15F09650105E56270016E2B6 /* BLIPMessage.m in Sources */ = {isa = PBXBuildFile; fileRef = 15F09621105E56270016E2B6 /* BLIPMessage.m */; };
		15F09651105E56270016E2B6 /* BLIPProperties.h in Headers */ = {isa = PBXBuildFile; fileRef = 15F09622105E56270016E2B6 /* BLIPProperties.h */; };
		15F09652105E56270016E2B6 /* BLIPProperties.m in Sources */ = {isa = PBXBuildFile; fileRef = 15F09623105E56270016E2B6 /* BLIPProperties.m */; };
		15F09653105E56270016E2B6 /* BLIPReader.h in Headers */ = {isa = PBXBuildFile; fileRef = 15F09624105E56270016E2B6 /* BLIPReader.h */; };
		15F09654105E56270016E2B6 /* BLIPReader.m in Sources */ = {isa = PBXBuildFile; fileRef = 15F09625105E56270016E2B6 /* BLIPReader.m */; };
		15F09655105E56270016E2B6 /* BLIPRequest.h in Headers */ = {isa = PBXBuildFile; fileRef = 15F09626105E56270016E2B6 /* BLIPRequest.h */; };
		15F09656105E56270016E2B6 /* BLIPRequest.m in Sources */ = {isa = PBXBuildFile; fileRef = 15F09627105E56270016E2B6 /* BLIPRequest.m */; };
		15F09657105E56270016E2B6 /* BLIPTest.m in Sources */ = {isa = PBXBuildFile; fileRef = 15F09628105E56270016E2B6 /* BLIPTest.m */; };
		15F09658105E56270016E2B6 /* BLIPWriter.h in Headers */ = {isa = PBXBuildFile; fileRef = 15F09629105E56270016E2B6 /* BLIPWriter.h */; };
		15F09659105E56270016E2B6 /* BLIPWriter.m in Sources */ = {isa = PBXBuildFile; fileRef = 15F0962A105E56270016E2B6 /* BLIPWriter.m */; };
		15F0965A105E56270016E2B6 /* IPAddress.h in Headers */ = {isa = PBXBuildFile; fileRef = 15F0962B105E56270016E2B6 /* IPAddress.h */; };
		15F0965B105E56270016E2B6 /* IPAddress.m in Sources */ = {isa = PBXBuildFile; fileRef = 15F0962C105E56270016E2B6 /* IPAddress.m */; };
		15F0965C105E56270016E2B6 /* TCP_Internal.h in Headers */ = {isa = PBXBuildFile; fileRef = 15F0962D105E56270016E2B6 /* TCP_Internal.h */; };
		15F0965D105E56270016E2B6 /* TCPConnection.h in Headers */ = {isa = PBXBuildFile; fileRef = 15F0962E105E56270016E2B6 /* TCPConnection.h */; };
		15F0965E105E56270016E2B6 /* TCPConnection.m in Sources */ = {isa = PBXBuildFile; fileRef = 15F0962F105E56270016E2B6 /* TCPConnection.m */; };
		15F0965F105E56270016E2B6 /* TCPEndpoint.h in Headers */ = {isa = PBXBuildFile; fileRef = 15F09630105E56270016E2B6 /* TCPEndpoint.h */; };
		15F09660105E56270016E2B6 /* TCPEndpoint.m in Sources */ = {isa = PBXBuildFile; fileRef = 15F09631105E56270016E2B6 /* TCPEndpoint.m */; };
		15F09661105E56270016E2B6 /* TCPListener.h in Headers */ = {isa = PBXBuildFile; fileRef = 15F09632105E56270016E2B6 /* TCPListener.h */; };
		15F09662105E56270016E2B6 /* TCPListener.m in Sources */ = {isa = PBXBuildFile; fileRef = 15F09633105E56270016E2B6 /* TCPListener.m */; };
		15F09663105E56270016E2B6 /* TCPStream.h in Headers */ = {isa = PBXBuildFile; fileRef = 15F09634105E56270016E2B6 /* TCPStream.h */; };
		15F09664105E56270016E2B6 /* TCPStream.m in Sources */ = {isa = PBXBuildFile; fileRef = 15F09635105E56270016E2B6 /* TCPStream.m */; };
		15F09665105E56270016E2B6 /* TCPWriter.h in Headers */ = {isa = PBXBuildFile; fileRef = 15F09636105E56270016E2B6 /* TCPWriter.h */; };
		15F09666105E56270016E2B6 /* TCPWriter.m in Sources */ = {isa = PBXBuildFile; fileRef = 15F09637105E56270016E2B6 /* TCPWriter.m */; };
		15F09667105E56270016E2B6 /* CollectionUtils.h in Headers */ = {isa = PBXBuildFile; fileRef = 15F09639105E56270016E2B6 /* CollectionUtils.h */; };
		15F09668105E56270016E2B6 /* CollectionUtils.m in Sources */ = {isa = PBXBuildFile; fileRef = 15F0963A105E56270016E2B6 /* CollectionUtils.m */; };
		15F09669105E56270016E2B6 /* ExceptionUtils.h in Headers */ = {isa = PBXBuildFile; fileRef = 15F0963B105E56270016E2B6 /* ExceptionUtils.h */; };
		15F0966A105E56270016E2B6 /* ExceptionUtils.m in Sources */ = {isa = PBXBuildFile; fileRef = 15F0963C105E56270016E2B6 /* ExceptionUtils.m */; };
		15F0966B105E56270016E2B6 /* GTMDefines.h in Headers */ = {isa = PBXBuildFile; fileRef = 15F0963E105E56270016E2B6 /* GTMDefines.h */; };
		15F0966C105E56270016E2B6 /* GTMNSData+zlib.h in Headers */ = {isa = PBXBuildFile; fileRef = 15F0963F105E56270016E2B6 /* GTMNSData+zlib.h */; };
		15F0966D105E56270016E2B6 /* GTMNSData+zlib.m in Sources */ = {isa = PBXBuildFile; fileRef = 15F09640105E56270016E2B6 /* GTMNSData+zlib.m */; };
		15F0966E105E56270016E2B6 /* Logging.h in Headers */ = {isa = PBXBuildFile; fileRef = 15F09641105E56270016E2B6 /* Logging.h */; };
		15F0966F105E56270016E2B6 /* Logging.m in Sources */ = {isa = PBXBuildFile; fileRef = 15F09642105E56270016E2B6 /* Logging.m */; };
		15F09672105E56270016E2B6 /* Target.h in Headers */ = {isa = PBXBuildFile; fileRef = 15F09645105E56270016E2B6 /* Target.h */; };
		15F09673105E56270016E2B6 /* Target.m in Sources */ = {isa = PBXBuildFile; fileRef = 15F09646105E56270016E2B6 /* Target.m */; };
		15F09676105E56270016E2B6 /* BLIP Overview.txt in Resources */ = {isa = PBXBuildFile; fileRef = 15F09618105E56270016E2B6 /* BLIP Overview.txt */; };
		15F09677105E56270016E2B6 /* BLIP.png in Resources */ = {isa = PBXBuildFile; fileRef = 15F0961A105E56270016E2B6 /* BLIP.png */; };
		15F09678105E56270016E2B6 /* BLIPConnection.m in Sources */ = {isa = PBXBuildFile; fileRef = 15F0961D105E56270016E2B6 /* BLIPConnection.m */; };
		15F09679105E56270016E2B6 /* BLIPDispatcher.m in Sources */ = {isa = PBXBuildFile; fileRef = 15F0961F105E56270016E2B6 /* BLIPDispatcher.m */; };
		15F0967A105E56270016E2B6 /* BLIPMessage.m in Sources */ = {isa = PBXBuildFile; fileRef = 15F09621105E56270016E2B6 /* BLIPMessage.m */; };
		15F0967B105E56270016E2B6 /* BLIPProperties.m in Sources */ = {isa = PBXBuildFile; fileRef = 15F09623105E56270016E2B6 /* BLIPProperties.m */; };
		15F0967C105E56270016E2B6 /* BLIPReader.m in Sources */ = {isa = PBXBuildFile; fileRef = 15F09625105E56270016E2B6 /* BLIPReader.m */; };
		15F0967D105E56270016E2B6 /* BLIPRequest.m in Sources */ = {isa = PBXBuildFile; fileRef = 15F09627105E56270016E2B6 /* BLIPRequest.m */; };
		15F0967E105E56270016E2B6 /* BLIPTest.m in Sources */ = {isa = PBXBuildFile; fileRef = 15F09628105E56270016E2B6 /* BLIPTest.m */; };
		15F0967F105E56270016E2B6 /* BLIPWriter.m in Sources */ = {isa = PBXBuildFile; fileRef = 15F0962A105E56270016E2B6 /* BLIPWriter.m */; };
		15F09680105E56270016E2B6 /* IPAddress.m in Sources */ = {isa = PBXBuildFile; fileRef = 15F0962C105E56270016E2B6 /* IPAddress.m */; };
		15F09681105E56270016E2B6 /* TCPConnection.m in Sources */ = {isa = PBXBuildFile; fileRef = 15F0962F105E56270016E2B6 /* TCPConnection.m */; };
		15F09682105E56270016E2B6 /* TCPEndpoint.m in Sources */ = {isa = PBXBuildFile; fileRef = 15F09631105E56270016E2B6 /* TCPEndpoint.m */; };
		15F09683105E56270016E2B6 /* TCPListener.m in Sources */ = {isa = PBXBuildFile; fileRef = 15F09633105E56270016E2B6 /* TCPListener.m */; };
		15F09684105E56270016E2B6 /* TCPStream.m in Sources */ = {isa = PBXBuildFile; fileRef = 15F09635105E56270016E2B6 /* TCPStream.m */; };
		15F09685105E56270016E2B6 /* TCPWriter.m in Sources */ = {isa = PBXBuildFile; fileRef = 15F09637105E56270016E2B6 /* TCPWriter.m */; };
		15F09686105E56270016E2B6 /* CollectionUtils.m in Sources */ = {isa = PBXBuildFile; fileRef = 15F0963A105E56270016E2B6 /* CollectionUtils.m */; };
		15F09687105E56270016E2B6 /* ExceptionUtils.m in Sources */ = {isa = PBXBuildFile; fileRef = 15F0963C105E56270016E2B6 /* ExceptionUtils.m */; };
		15F09688105E56270016E2B6 /* GTMNSData+zlib.m in Sources */ = {isa = PBXBuildFile; fileRef = 15F09640105E56270016E2B6 /* GTMNSData+zlib.m */; };
		15F09689105E56270016E2B6 /* Logging.m in Sources */ = {isa = PBXBuildFile; fileRef = 15F09642105E56270016E2B6 /* Logging.m */; };
		15F0968B105E56270016E2B6 /* Target.m in Sources */ = {isa = PBXBuildFile; fileRef = 15F09646105E56270016E2B6 /* Target.m */; };
		15F0968D105E56270016E2B6 /* BLIPConnection.m in Sources */ = {isa = PBXBuildFile; fileRef = 15F0961D105E56270016E2B6 /* BLIPConnection.m */; };
		15F0968E105E56270016E2B6 /* BLIPDispatcher.m in Sources */ = {isa = PBXBuildFile; fileRef = 15F0961F105E56270016E2B6 /* BLIPDispatcher.m */; };
		15F0968F105E56270016E2B6 /* BLIPMessage.m in Sources */ = {isa = PBXBuildFile; fileRef = 15F09621105E56270016E2B6 /* BLIPMessage.m */; };
		15F09690105E56270016E2B6 /* BLIPProperties.m in Sources */ = {isa = PBXBuildFile; fileRef = 15F09623105E56270016E2B6 /* BLIPProperties.m */; };
		15F09691105E56270016E2B6 /* BLIPReader.m in Sources */ = {isa = PBXBuildFile; fileRef = 15F09625105E56270016E2B6 /* BLIPReader.m */; };
		15F09692105E56270016E2B6 /* BLIPRequest.m in Sources */ = {isa = PBXBuildFile; fileRef = 15F09627105E56270016E2B6 /* BLIPRequest.m */; };
		15F09693105E56270016E2B6 /* BLIPTest.m in Sources */ = {isa = PBXBuildFile; fileRef = 15F09628105E56270016E2B6 /* BLIPTest.m */; };
		15F09694105E56270016E2B6 /* BLIPWriter.m in Sources */ = {isa = PBXBuildFile; fileRef = 15F0962A105E56270016E2B6 /* BLIPWriter.m */; };
		15F09695105E56270016E2B6 /* IPAddress.m in Sources */ = {isa = PBXBuildFile; fileRef = 15F0962C105E56270016E2B6 /* IPAddress.m */; };
		15F09696105E56270016E2B6 /* TCPConnection.m in Sources */ = {isa = PBXBuildFile; fileRef = 15F0962F105E56270016E2B6 /* TCPConnection.m */; };
		15F09697105E56270016E2B6 /* TCPEndpoint.m in Sources */ = {isa = PBXBuildFile; fileRef = 15F09631105E56270016E2B6 /* TCPEndpoint.m */; };
		15F09698105E56270016E2B6 /* TCPListener.m in Sources */ = {isa = PBXBuildFile; fileRef = 15F09633105E56270016E2B6 /* TCPListener.m */; };
		15F09699105E56270016E2B6 /* TCPStream.m in Sources */ = {isa = PBXBuildFile; fileRef = 15F09635105E56270016E2B6 /* TCPStream.m */; };
		15F0969A105E56270016E2B6 /* TCPWriter.m in Sources */ = {isa = PBXBuildFile; fileRef = 15F09637105E56270016E2B6 /* TCPWriter.m */; };
		15F0969B105E56270016E2B6 /* CollectionUtils.m in Sources */ = {isa = PBXBuildFile; fileRef = 15F0963A105E56270016E2B6 /* CollectionUtils.m */; };
		15F0969C105E56270016E2B6 /* ExceptionUtils.m in Sources */ = {isa = PBXBuildFile; fileRef = 15F0963C105E56270016E2B6 /* ExceptionUtils.m */; };
		15F0969D105E56270016E2B6 /* GTMNSData+zlib.m in Sources */ = {isa = PBXBuildFile; fileRef = 15F09640105E56270016E2B6 /* GTMNSData+zlib.m */; };
		15F0969E105E56270016E2B6 /* Logging.m in Sources */ = {isa = PBXBuildFile; fileRef = 15F09642105E56270016E2B6 /* Logging.m */; };
		15F096A0105E56270016E2B6 /* Target.m in Sources */ = {isa = PBXBuildFile; fileRef = 15F09646105E56270016E2B6 /* Target.m */; };
		15F096AD105E56A90016E2B6 /* Test.h in Headers */ = {isa = PBXBuildFile; fileRef = 15F096AB105E56A90016E2B6 /* Test.h */; };
		15F096AE105E56A90016E2B6 /* Test.m in Sources */ = {isa = PBXBuildFile; fileRef = 15F096AC105E56A90016E2B6 /* Test.m */; };
		15F096AF105E56A90016E2B6 /* Test.m in Sources */ = {isa = PBXBuildFile; fileRef = 15F096AC105E56A90016E2B6 /* Test.m */; };
		15F096B0105E56A90016E2B6 /* Test.m in Sources */ = {isa = PBXBuildFile; fileRef = 15F096AC105E56A90016E2B6 /* Test.m */; };
		15F096B4105E56C00016E2B6 /* libz.1.1.3.dylib in Frameworks */ = {isa = PBXBuildFile; fileRef = 15F096B3105E56C00016E2B6 /* libz.1.1.3.dylib */; };
		15F096C2105E57690016E2B6 /* MvrLegacyWiFi.h in Headers */ = {isa = PBXBuildFile; fileRef = 15F096C0105E57690016E2B6 /* MvrLegacyWiFi.h */; };
		15F096C3105E57690016E2B6 /* MvrLegacyWiFi.m in Sources */ = {isa = PBXBuildFile; fileRef = 15F096C1105E57690016E2B6 /* MvrLegacyWiFi.m */; };
		15F096C4105E57690016E2B6 /* MvrLegacyWiFi.m in Sources */ = {isa = PBXBuildFile; fileRef = 15F096C1105E57690016E2B6 /* MvrLegacyWiFi.m */; };
		15F096C5105E57690016E2B6 /* MvrLegacyWiFi.m in Sources */ = {isa = PBXBuildFile; fileRef = 15F096C1105E57690016E2B6 /* MvrLegacyWiFi.m */; };
/* End PBXBuildFile section */

/* Begin PBXContainerItemProxy section */
		153B416E105BEFCA00DB8FB2 /* PBXContainerItemProxy */ = {
			isa = PBXContainerItemProxy;
			containerPortal = 15F603EA105BDE1100F73794 /* MuiKit.xcodeproj */;
			proxyType = 2;
			remoteGlobalIDString = 153B416C105BEFCA00DB8FB2;
			remoteInfo = "MuiKit (Library) copy";
		};
		153B4203105BF36700DB8FB2 /* PBXContainerItemProxy */ = {
			isa = PBXContainerItemProxy;
			containerPortal = 15F603EA105BDE1100F73794 /* MuiKit.xcodeproj */;
			proxyType = 1;
			remoteGlobalIDString = 153B41BA105BF0B100DB8FB2;
			remoteInfo = "MuiKit (Mac OS X)";
		};
		15865B36105CE3E90041CE5F /* PBXContainerItemProxy */ = {
			isa = PBXContainerItemProxy;
			containerPortal = 15F603EA105BDE1100F73794 /* MuiKit.xcodeproj */;
			proxyType = 1;
			remoteGlobalIDString = 156FD7720F7A261B00F83283;
			remoteInfo = MuiKit;
		};
		15F603FF105BDE2800F73794 /* PBXContainerItemProxy */ = {
			isa = PBXContainerItemProxy;
			containerPortal = 15F603EA105BDE1100F73794 /* MuiKit.xcodeproj */;
			proxyType = 2;
			remoteGlobalIDString = 154B01F00F78156D0082109B;
			remoteInfo = "MuiKit (Library)";
		};
		15F60401105BDE2800F73794 /* PBXContainerItemProxy */ = {
			isa = PBXContainerItemProxy;
			containerPortal = 15F603EA105BDE1100F73794 /* MuiKit.xcodeproj */;
			proxyType = 2;
			remoteGlobalIDString = 156FD76B0F7A25F900F83283;
			remoteInfo = "MuiKit (Resources)";
		};
		15F60403105BDE2800F73794 /* PBXContainerItemProxy */ = {
			isa = PBXContainerItemProxy;
			containerPortal = 15F603EA105BDE1100F73794 /* MuiKit.xcodeproj */;
			proxyType = 2;
			remoteGlobalIDString = 154635591011BD77000238EE;
			remoteInfo = "MuiKit+Test";
		};
		15F6040B105BDE3900F73794 /* PBXContainerItemProxy */ = {
			isa = PBXContainerItemProxy;
			containerPortal = 15F603EA105BDE1100F73794 /* MuiKit.xcodeproj */;
			proxyType = 1;
			remoteGlobalIDString = 156FD7720F7A261B00F83283;
			remoteInfo = MuiKit;
		};
/* End PBXContainerItemProxy section */

/* Begin PBXCopyFilesBuildPhase section */
		1593E998105BBB4F00220989 /* Copy OCMock */ = {
			isa = PBXCopyFilesBuildPhase;
			buildActionMask = 2147483647;
			dstPath = "";
			dstSubfolderSpec = 16;
			files = (
			);
			name = "Copy OCMock";
			runOnlyForDeploymentPostprocessing = 0;
		};
/* End PBXCopyFilesBuildPhase section */

/* Begin PBXFileReference section */
		150717C6105FAE4700FA0BF4 /* MvrWiFiChannel.h */ = {isa = PBXFileReference; fileEncoding = 4; lastKnownFileType = sourcecode.c.h; path = MvrWiFiChannel.h; sourceTree = "<group>"; };
		150717C7105FAE4700FA0BF4 /* MvrWiFiChannel.m */ = {isa = PBXFileReference; fileEncoding = 4; lastKnownFileType = sourcecode.c.objc; path = MvrWiFiChannel.m; sourceTree = "<group>"; };
		15071823105FB1CE00FA0BF4 /* MvrLegacyWiFiChannel.h */ = {isa = PBXFileReference; fileEncoding = 4; lastKnownFileType = sourcecode.c.h; path = MvrLegacyWiFiChannel.h; sourceTree = "<group>"; };
		15071824105FB1CE00FA0BF4 /* MvrLegacyWiFiChannel.m */ = {isa = PBXFileReference; fileEncoding = 4; lastKnownFileType = sourcecode.c.objc; path = MvrLegacyWiFiChannel.m; sourceTree = "<group>"; };
		1507185F105FC36800FA0BF4 /* MvrGenericIncoming.h */ = {isa = PBXFileReference; fileEncoding = 4; lastKnownFileType = sourcecode.c.h; path = MvrGenericIncoming.h; sourceTree = "<group>"; };
		15071860105FC36800FA0BF4 /* MvrGenericIncoming.m */ = {isa = PBXFileReference; fileEncoding = 4; lastKnownFileType = sourcecode.c.objc; path = MvrGenericIncoming.m; sourceTree = "<group>"; };
		15071870105FC48600FA0BF4 /* MvrLegacyWiFiIncoming.h */ = {isa = PBXFileReference; fileEncoding = 4; lastKnownFileType = sourcecode.c.h; path = MvrLegacyWiFiIncoming.h; sourceTree = "<group>"; };
		15071871105FC48600FA0BF4 /* MvrLegacyWiFiIncoming.m */ = {isa = PBXFileReference; fileEncoding = 4; lastKnownFileType = sourcecode.c.objc; path = MvrLegacyWiFiIncoming.m; sourceTree = "<group>"; };
		150718C9105FD55900FA0BF4 /* MvrLegacyWiFiOutgoing.h */ = {isa = PBXFileReference; fileEncoding = 4; lastKnownFileType = sourcecode.c.h; path = MvrLegacyWiFiOutgoing.h; sourceTree = "<group>"; };
		150718CA105FD55900FA0BF4 /* MvrLegacyWiFiOutgoing.m */ = {isa = PBXFileReference; fileEncoding = 4; lastKnownFileType = sourcecode.c.objc; path = MvrLegacyWiFiOutgoing.m; sourceTree = "<group>"; };
		150718D1105FD5AA00FA0BF4 /* MvrOutgoing.h */ = {isa = PBXFileReference; fileEncoding = 4; lastKnownFileType = sourcecode.c.h; path = MvrOutgoing.h; sourceTree = "<group>"; };
		1537A7D8107A598300B16B88 /* MvrBuffer.h */ = {isa = PBXFileReference; fileEncoding = 4; lastKnownFileType = sourcecode.c.h; path = MvrBuffer.h; sourceTree = "<group>"; };
		1537A7D9107A598300B16B88 /* MvrBuffer.m */ = {isa = PBXFileReference; fileEncoding = 4; lastKnownFileType = sourcecode.c.objc; path = MvrBuffer.m; sourceTree = "<group>"; };
		153AF199105C17B300DD862F /* MvrScanner.h */ = {isa = PBXFileReference; fileEncoding = 4; lastKnownFileType = sourcecode.c.h; path = MvrScanner.h; sourceTree = "<group>"; };
		153AF1A1105C18F800DD862F /* MvrChannel.h */ = {isa = PBXFileReference; fileEncoding = 4; lastKnownFileType = sourcecode.c.h; path = MvrChannel.h; sourceTree = "<group>"; };
		153AF1A4105C192300DD862F /* MvrIncoming.h */ = {isa = PBXFileReference; fileEncoding = 4; lastKnownFileType = sourcecode.c.h; path = MvrIncoming.h; sourceTree = "<group>"; };
		153AF1A8105C206000DD862F /* AsyncSocket.h */ = {isa = PBXFileReference; fileEncoding = 4; lastKnownFileType = sourcecode.c.h; path = AsyncSocket.h; sourceTree = "<group>"; };
		153AF1A9105C206000DD862F /* AsyncSocket.m */ = {isa = PBXFileReference; fileEncoding = 4; lastKnownFileType = sourcecode.c.objc; path = AsyncSocket.m; sourceTree = "<group>"; };
		153AF1AE105C217400DD862F /* MvrModernWiFiChannel.h */ = {isa = PBXFileReference; fileEncoding = 4; lastKnownFileType = sourcecode.c.h; path = MvrModernWiFiChannel.h; sourceTree = "<group>"; };
		153AF1AF105C217400DD862F /* MvrModernWiFiChannel.m */ = {isa = PBXFileReference; fileEncoding = 4; lastKnownFileType = sourcecode.c.objc; path = MvrModernWiFiChannel.m; sourceTree = "<group>"; };
		153AF1DC105C2ACC00DD862F /* SystemConfiguration.framework */ = {isa = PBXFileReference; lastKnownFileType = wrapper.framework; name = SystemConfiguration.framework; path = System/Library/Frameworks/SystemConfiguration.framework; sourceTree = SDKROOT; };
		153AF1DE105C2AD800DD862F /* Foundation.framework */ = {isa = PBXFileReference; lastKnownFileType = wrapper.framework; name = Foundation.framework; path = System/Library/Frameworks/Foundation.framework; sourceTree = SDKROOT; };
		153AF20E105C2B5600DD862F /* OCMock.framework */ = {isa = PBXFileReference; lastKnownFileType = wrapper.framework; name = OCMock.framework; path = ../OCMock.framework; sourceTree = SOURCE_ROOT; };
		153B40A8105BEA2C00DB8FB2 /* mvr-wifi.m */ = {isa = PBXFileReference; fileEncoding = 4; lastKnownFileType = sourcecode.c.objc; path = "mvr-wifi.m"; sourceTree = "<group>"; };
		153B40B9105BEAFC00DB8FB2 /* DDCliApplication.h */ = {isa = PBXFileReference; fileEncoding = 4; lastKnownFileType = sourcecode.c.h; path = DDCliApplication.h; sourceTree = "<group>"; };
		153B40BA105BEAFC00DB8FB2 /* DDCliApplication.m */ = {isa = PBXFileReference; fileEncoding = 4; lastKnownFileType = sourcecode.c.objc; path = DDCliApplication.m; sourceTree = "<group>"; };
		153B40BB105BEAFC00DB8FB2 /* DDCliParseException.h */ = {isa = PBXFileReference; fileEncoding = 4; lastKnownFileType = sourcecode.c.h; path = DDCliParseException.h; sourceTree = "<group>"; };
		153B40BC105BEAFC00DB8FB2 /* DDCliParseException.m */ = {isa = PBXFileReference; fileEncoding = 4; lastKnownFileType = sourcecode.c.objc; path = DDCliParseException.m; sourceTree = "<group>"; };
		153B40BD105BEAFC00DB8FB2 /* DDCliUtil.h */ = {isa = PBXFileReference; fileEncoding = 4; lastKnownFileType = sourcecode.c.h; path = DDCliUtil.h; sourceTree = "<group>"; };
		153B40BE105BEAFC00DB8FB2 /* DDCliUtil.m */ = {isa = PBXFileReference; fileEncoding = 4; lastKnownFileType = sourcecode.c.objc; path = DDCliUtil.m; sourceTree = "<group>"; };
		153B40BF105BEAFC00DB8FB2 /* DDCommandLineInterface.h */ = {isa = PBXFileReference; fileEncoding = 4; lastKnownFileType = sourcecode.c.h; path = DDCommandLineInterface.h; sourceTree = "<group>"; };
		153B40C0105BEAFC00DB8FB2 /* DDGetoptLongParser.h */ = {isa = PBXFileReference; fileEncoding = 4; lastKnownFileType = sourcecode.c.h; path = DDGetoptLongParser.h; sourceTree = "<group>"; };
		153B40C1105BEAFC00DB8FB2 /* DDGetoptLongParser.m */ = {isa = PBXFileReference; fileEncoding = 4; lastKnownFileType = sourcecode.c.objc; path = DDGetoptLongParser.m; sourceTree = "<group>"; };
		153B40F4105BEC9500DB8FB2 /* TestTool.xcconfig */ = {isa = PBXFileReference; fileEncoding = 4; lastKnownFileType = text.xcconfig; path = TestTool.xcconfig; sourceTree = "<group>"; };
		153B4212105BF36700DB8FB2 /* mvr-wifi */ = {isa = PBXFileReference; explicitFileType = "compiled.mach-o.executable"; includeInIndex = 0; path = "mvr-wifi"; sourceTree = BUILT_PRODUCTS_DIR; };
		155E8F8F107B24AA00F8B33B /* MvrStreamedIncoming.h */ = {isa = PBXFileReference; fileEncoding = 4; lastKnownFileType = sourcecode.c.h; path = MvrStreamedIncoming.h; sourceTree = "<group>"; };
		155E8F91107B24AA00F8B33B /* MvrStreamedIncoming.m */ = {isa = PBXFileReference; fileEncoding = 4; lastKnownFileType = sourcecode.c.objc; path = MvrStreamedIncoming.m; sourceTree = "<group>"; };
		156CF111105BB355006D8E7A /* MvrPacketBuilder.h */ = {isa = PBXFileReference; fileEncoding = 4; lastKnownFileType = sourcecode.c.h; path = MvrPacketBuilder.h; sourceTree = "<group>"; };
		156CF112105BB356006D8E7A /* MvrPacketBuilder.m */ = {isa = PBXFileReference; fileEncoding = 4; lastKnownFileType = sourcecode.c.objc; path = MvrPacketBuilder.m; sourceTree = "<group>"; };
		156CF113105BB356006D8E7A /* MvrPacketParser.h */ = {isa = PBXFileReference; fileEncoding = 4; lastKnownFileType = sourcecode.c.h; path = MvrPacketParser.h; sourceTree = "<group>"; };
		156CF114105BB356006D8E7A /* MvrPacketParser.m */ = {isa = PBXFileReference; fileEncoding = 4; lastKnownFileType = sourcecode.c.objc; path = MvrPacketParser.m; sourceTree = "<group>"; };
		156CF11B105BB36F006D8E7A /* Mover-Network.xcconfig */ = {isa = PBXFileReference; fileEncoding = 4; lastKnownFileType = text.xcconfig; path = "Mover-Network.xcconfig"; sourceTree = "<group>"; };
		156CF142105BB61D006D8E7A /* Mover-Network-Debug.xcconfig */ = {isa = PBXFileReference; fileEncoding = 4; lastKnownFileType = text.xcconfig; path = "Mover-Network-Debug.xcconfig"; sourceTree = "<group>"; };
		156CF144105BB64D006D8E7A /* Mover-Network-Release.xcconfig */ = {isa = PBXFileReference; fileEncoding = 4; lastKnownFileType = text.xcconfig; path = "Mover-Network-Release.xcconfig"; sourceTree = "<group>"; };
		157A101E105D3E7A0033B623 /* MvrItem.h */ = {isa = PBXFileReference; fileEncoding = 4; lastKnownFileType = sourcecode.c.h; path = MvrItem.h; sourceTree = "<group>"; };
		157A101F105D3E7A0033B623 /* MvrItem.m */ = {isa = PBXFileReference; fileEncoding = 4; lastKnownFileType = sourcecode.c.objc; path = MvrItem.m; sourceTree = "<group>"; };
		157A1123105D45BE0033B623 /* MvrModernWiFiOutgoing.h */ = {isa = PBXFileReference; fileEncoding = 4; lastKnownFileType = sourcecode.c.h; path = MvrModernWiFiOutgoing.h; sourceTree = "<group>"; };
		157A1124105D45BE0033B623 /* MvrModernWiFiOutgoing.m */ = {isa = PBXFileReference; fileEncoding = 4; lastKnownFileType = sourcecode.c.objc; path = MvrModernWiFiOutgoing.m; sourceTree = "<group>"; };
		157A11E7105D64530033B623 /* MvrGenericItem.h */ = {isa = PBXFileReference; fileEncoding = 4; lastKnownFileType = sourcecode.c.h; path = MvrGenericItem.h; sourceTree = "<group>"; };
		157A11E8105D64530033B623 /* MvrGenericItem.m */ = {isa = PBXFileReference; fileEncoding = 4; lastKnownFileType = sourcecode.c.objc; path = MvrGenericItem.m; sourceTree = "<group>"; };
		157A11EE105D64B50033B623 /* MvrUTISupport.h */ = {isa = PBXFileReference; fileEncoding = 4; lastKnownFileType = sourcecode.c.h; path = MvrUTISupport.h; sourceTree = "<group>"; };
		157FA472105E14EB00BD01FC /* MvrModernWiFiIncoming.h */ = {isa = PBXFileReference; fileEncoding = 4; lastKnownFileType = sourcecode.c.h; path = MvrModernWiFiIncoming.h; sourceTree = "<group>"; };
		157FA474105E14FD00BD01FC /* MvrModernWiFiIncoming.m */ = {isa = PBXFileReference; fileEncoding = 4; lastKnownFileType = sourcecode.c.objc; path = MvrModernWiFiIncoming.m; sourceTree = "<group>"; };
		15833F0F105F6F890015388E /* MvrPlatformInfo.h */ = {isa = PBXFileReference; fileEncoding = 4; lastKnownFileType = sourcecode.c.h; path = MvrPlatformInfo.h; sourceTree = "<group>"; };
		15833F12105F739E0015388E /* MvrPlatformInfo.m */ = {isa = PBXFileReference; fileEncoding = 4; lastKnownFileType = sourcecode.c.objc; path = MvrPlatformInfo.m; sourceTree = "<group>"; };
		15865AEB105CDD690041CE5F /* MvrItemStorage.h */ = {isa = PBXFileReference; fileEncoding = 4; lastKnownFileType = sourcecode.c.h; path = MvrItemStorage.h; sourceTree = "<group>"; };
		15865AEC105CDD690041CE5F /* MvrItemStorage.m */ = {isa = PBXFileReference; fileEncoding = 4; lastKnownFileType = sourcecode.c.objc; path = MvrItemStorage.m; sourceTree = "<group>"; };
		15865B39105CE3FD0041CE5F /* MobileCoreServices.framework */ = {isa = PBXFileReference; lastKnownFileType = wrapper.framework; name = MobileCoreServices.framework; path = System/Library/Frameworks/MobileCoreServices.framework; sourceTree = SDKROOT; };
		1593E94B105BB73B00220989 /* MvrProtocol.h */ = {isa = PBXFileReference; fileEncoding = 4; lastKnownFileType = sourcecode.c.h; path = MvrProtocol.h; sourceTree = "<group>"; };
		1593E964105BB9FB00220989 /* Network+Test.octest */ = {isa = PBXFileReference; explicitFileType = wrapper.cfbundle; includeInIndex = 0; path = "Network+Test.octest"; sourceTree = BUILT_PRODUCTS_DIR; };
		1593E965105BB9FB00220989 /* Network+Test-Info.plist */ = {isa = PBXFileReference; lastKnownFileType = text.plist.xml; path = "Network+Test-Info.plist"; sourceTree = "<group>"; };
		1593E970105BBA3E00220989 /* MvrPacketBuilderTests.m */ = {isa = PBXFileReference; fileEncoding = 4; lastKnownFileType = sourcecode.c.objc; path = MvrPacketBuilderTests.m; sourceTree = "<group>"; };
		1593E971105BBA3E00220989 /* MvrPacketParserTests.m */ = {isa = PBXFileReference; fileEncoding = 4; lastKnownFileType = sourcecode.c.objc; path = MvrPacketParserTests.m; sourceTree = "<group>"; };
		1593E97C105BBAB500220989 /* MvrPacketTestsCommon.h */ = {isa = PBXFileReference; fileEncoding = 4; lastKnownFileType = sourcecode.c.h; path = MvrPacketTestsCommon.h; sourceTree = "<group>"; };
		1593E97D105BBAC500220989 /* WOW-longer.data */ = {isa = PBXFileReference; fileEncoding = 4; lastKnownFileType = text; path = "WOW-longer.data"; sourceTree = "<group>"; };
		1593E97E105BBAC500220989 /* WOW-tooshort.data */ = {isa = PBXFileReference; fileEncoding = 4; lastKnownFileType = text; path = "WOW-tooshort.data"; sourceTree = "<group>"; };
		1593E97F105BBAC500220989 /* WOW.data */ = {isa = PBXFileReference; fileEncoding = 4; lastKnownFileType = text; path = WOW.data; sourceTree = "<group>"; };
		1593E983105BBACD00220989 /* OK-longer.data */ = {isa = PBXFileReference; fileEncoding = 4; lastKnownFileType = text; path = "OK-longer.data"; sourceTree = "<group>"; };
		1593E984105BBACD00220989 /* OK.data */ = {isa = PBXFileReference; fileEncoding = 4; lastKnownFileType = text; path = OK.data; sourceTree = "<group>"; };
		1593E9B5105BBD4300220989 /* MvrWiFi.h */ = {isa = PBXFileReference; fileEncoding = 4; lastKnownFileType = sourcecode.c.h; path = MvrWiFi.h; sourceTree = "<group>"; };
		1593E9B6105BBD4300220989 /* MvrWiFi.m */ = {isa = PBXFileReference; fileEncoding = 4; lastKnownFileType = sourcecode.c.objc; path = MvrWiFi.m; sourceTree = "<group>"; };
		1593E9BA105BBDFB00220989 /* MvrModernWiFi.h */ = {isa = PBXFileReference; fileEncoding = 4; lastKnownFileType = sourcecode.c.h; path = MvrModernWiFi.h; sourceTree = "<group>"; };
		1593E9BB105BBDFB00220989 /* MvrModernWiFi.m */ = {isa = PBXFileReference; fileEncoding = 4; lastKnownFileType = sourcecode.c.objc; path = MvrModernWiFi.m; sourceTree = "<group>"; };
		1593E9BF105BBE4300220989 /* MvrWiFiScanner.h */ = {isa = PBXFileReference; fileEncoding = 4; lastKnownFileType = sourcecode.c.h; path = MvrWiFiScanner.h; sourceTree = "<group>"; };
		1593E9C0105BBE4300220989 /* MvrWiFiScanner.m */ = {isa = PBXFileReference; fileEncoding = 4; lastKnownFileType = sourcecode.c.objc; path = MvrWiFiScanner.m; sourceTree = "<group>"; };
		159AF90D1060FE3B0070141A /* MvrStorageCentral.h */ = {isa = PBXFileReference; fileEncoding = 4; lastKnownFileType = sourcecode.c.h; path = MvrStorageCentral.h; sourceTree = "<group>"; };
		159AF90E1060FE3B0070141A /* MvrStorageCentral.m */ = {isa = PBXFileReference; fileEncoding = 4; lastKnownFileType = sourcecode.c.objc; path = MvrStorageCentral.m; sourceTree = "<group>"; };
		159AF91E1060FF4F0070141A /* MvrMetadataStorage.h */ = {isa = PBXFileReference; fileEncoding = 4; lastKnownFileType = sourcecode.c.h; path = MvrMetadataStorage.h; sourceTree = "<group>"; };
		159AF98D10610AB70070141A /* MvrScannerObserver.h */ = {isa = PBXFileReference; fileEncoding = 4; lastKnownFileType = sourcecode.c.h; path = MvrScannerObserver.h; sourceTree = "<group>"; };
		159AF98E10610AB70070141A /* MvrScannerObserver.m */ = {isa = PBXFileReference; fileEncoding = 4; lastKnownFileType = sourcecode.c.objc; path = MvrScannerObserver.m; sourceTree = "<group>"; };
		15F09618105E56270016E2B6 /* BLIP Overview.txt */ = {isa = PBXFileReference; fileEncoding = 4; lastKnownFileType = text; path = "BLIP Overview.txt"; sourceTree = "<group>"; };
		15F09619105E56270016E2B6 /* BLIP.h */ = {isa = PBXFileReference; fileEncoding = 4; lastKnownFileType = sourcecode.c.h; path = BLIP.h; sourceTree = "<group>"; };
		15F0961A105E56270016E2B6 /* BLIP.png */ = {isa = PBXFileReference; lastKnownFileType = image.png; path = BLIP.png; sourceTree = "<group>"; };
		15F0961B105E56270016E2B6 /* BLIP_Internal.h */ = {isa = PBXFileReference; fileEncoding = 4; lastKnownFileType = sourcecode.c.h; path = BLIP_Internal.h; sourceTree = "<group>"; };
		15F0961C105E56270016E2B6 /* BLIPConnection.h */ = {isa = PBXFileReference; fileEncoding = 4; lastKnownFileType = sourcecode.c.h; path = BLIPConnection.h; sourceTree = "<group>"; };
		15F0961D105E56270016E2B6 /* BLIPConnection.m */ = {isa = PBXFileReference; fileEncoding = 4; lastKnownFileType = sourcecode.c.objc; path = BLIPConnection.m; sourceTree = "<group>"; };
		15F0961E105E56270016E2B6 /* BLIPDispatcher.h */ = {isa = PBXFileReference; fileEncoding = 4; lastKnownFileType = sourcecode.c.h; path = BLIPDispatcher.h; sourceTree = "<group>"; };
		15F0961F105E56270016E2B6 /* BLIPDispatcher.m */ = {isa = PBXFileReference; fileEncoding = 4; lastKnownFileType = sourcecode.c.objc; path = BLIPDispatcher.m; sourceTree = "<group>"; };
		15F09620105E56270016E2B6 /* BLIPMessage.h */ = {isa = PBXFileReference; fileEncoding = 4; lastKnownFileType = sourcecode.c.h; path = BLIPMessage.h; sourceTree = "<group>"; };
		15F09621105E56270016E2B6 /* BLIPMessage.m */ = {isa = PBXFileReference; fileEncoding = 4; lastKnownFileType = sourcecode.c.objc; path = BLIPMessage.m; sourceTree = "<group>"; };
		15F09622105E56270016E2B6 /* BLIPProperties.h */ = {isa = PBXFileReference; fileEncoding = 4; lastKnownFileType = sourcecode.c.h; path = BLIPProperties.h; sourceTree = "<group>"; };
		15F09623105E56270016E2B6 /* BLIPProperties.m */ = {isa = PBXFileReference; fileEncoding = 4; lastKnownFileType = sourcecode.c.objc; path = BLIPProperties.m; sourceTree = "<group>"; };
		15F09624105E56270016E2B6 /* BLIPReader.h */ = {isa = PBXFileReference; fileEncoding = 4; lastKnownFileType = sourcecode.c.h; path = BLIPReader.h; sourceTree = "<group>"; };
		15F09625105E56270016E2B6 /* BLIPReader.m */ = {isa = PBXFileReference; fileEncoding = 4; lastKnownFileType = sourcecode.c.objc; path = BLIPReader.m; sourceTree = "<group>"; };
		15F09626105E56270016E2B6 /* BLIPRequest.h */ = {isa = PBXFileReference; fileEncoding = 4; lastKnownFileType = sourcecode.c.h; path = BLIPRequest.h; sourceTree = "<group>"; };
		15F09627105E56270016E2B6 /* BLIPRequest.m */ = {isa = PBXFileReference; fileEncoding = 4; lastKnownFileType = sourcecode.c.objc; path = BLIPRequest.m; sourceTree = "<group>"; };
		15F09628105E56270016E2B6 /* BLIPTest.m */ = {isa = PBXFileReference; fileEncoding = 4; lastKnownFileType = sourcecode.c.objc; path = BLIPTest.m; sourceTree = "<group>"; };
		15F09629105E56270016E2B6 /* BLIPWriter.h */ = {isa = PBXFileReference; fileEncoding = 4; lastKnownFileType = sourcecode.c.h; path = BLIPWriter.h; sourceTree = "<group>"; };
		15F0962A105E56270016E2B6 /* BLIPWriter.m */ = {isa = PBXFileReference; fileEncoding = 4; lastKnownFileType = sourcecode.c.objc; path = BLIPWriter.m; sourceTree = "<group>"; };
		15F0962B105E56270016E2B6 /* IPAddress.h */ = {isa = PBXFileReference; fileEncoding = 4; lastKnownFileType = sourcecode.c.h; path = IPAddress.h; sourceTree = "<group>"; };
		15F0962C105E56270016E2B6 /* IPAddress.m */ = {isa = PBXFileReference; fileEncoding = 4; lastKnownFileType = sourcecode.c.objc; path = IPAddress.m; sourceTree = "<group>"; };
		15F0962D105E56270016E2B6 /* TCP_Internal.h */ = {isa = PBXFileReference; fileEncoding = 4; lastKnownFileType = sourcecode.c.h; path = TCP_Internal.h; sourceTree = "<group>"; };
		15F0962E105E56270016E2B6 /* TCPConnection.h */ = {isa = PBXFileReference; fileEncoding = 4; lastKnownFileType = sourcecode.c.h; path = TCPConnection.h; sourceTree = "<group>"; };
		15F0962F105E56270016E2B6 /* TCPConnection.m */ = {isa = PBXFileReference; fileEncoding = 4; lastKnownFileType = sourcecode.c.objc; path = TCPConnection.m; sourceTree = "<group>"; };
		15F09630105E56270016E2B6 /* TCPEndpoint.h */ = {isa = PBXFileReference; fileEncoding = 4; lastKnownFileType = sourcecode.c.h; path = TCPEndpoint.h; sourceTree = "<group>"; };
		15F09631105E56270016E2B6 /* TCPEndpoint.m */ = {isa = PBXFileReference; fileEncoding = 4; lastKnownFileType = sourcecode.c.objc; path = TCPEndpoint.m; sourceTree = "<group>"; };
		15F09632105E56270016E2B6 /* TCPListener.h */ = {isa = PBXFileReference; fileEncoding = 4; lastKnownFileType = sourcecode.c.h; path = TCPListener.h; sourceTree = "<group>"; };
		15F09633105E56270016E2B6 /* TCPListener.m */ = {isa = PBXFileReference; fileEncoding = 4; lastKnownFileType = sourcecode.c.objc; path = TCPListener.m; sourceTree = "<group>"; };
		15F09634105E56270016E2B6 /* TCPStream.h */ = {isa = PBXFileReference; fileEncoding = 4; lastKnownFileType = sourcecode.c.h; path = TCPStream.h; sourceTree = "<group>"; };
		15F09635105E56270016E2B6 /* TCPStream.m */ = {isa = PBXFileReference; fileEncoding = 4; lastKnownFileType = sourcecode.c.objc; path = TCPStream.m; sourceTree = "<group>"; };
		15F09636105E56270016E2B6 /* TCPWriter.h */ = {isa = PBXFileReference; fileEncoding = 4; lastKnownFileType = sourcecode.c.h; path = TCPWriter.h; sourceTree = "<group>"; };
		15F09637105E56270016E2B6 /* TCPWriter.m */ = {isa = PBXFileReference; fileEncoding = 4; lastKnownFileType = sourcecode.c.objc; path = TCPWriter.m; sourceTree = "<group>"; };
		15F09639105E56270016E2B6 /* CollectionUtils.h */ = {isa = PBXFileReference; fileEncoding = 4; lastKnownFileType = sourcecode.c.h; path = CollectionUtils.h; sourceTree = "<group>"; };
		15F0963A105E56270016E2B6 /* CollectionUtils.m */ = {isa = PBXFileReference; fileEncoding = 4; lastKnownFileType = sourcecode.c.objc; path = CollectionUtils.m; sourceTree = "<group>"; };
		15F0963B105E56270016E2B6 /* ExceptionUtils.h */ = {isa = PBXFileReference; fileEncoding = 4; lastKnownFileType = sourcecode.c.h; path = ExceptionUtils.h; sourceTree = "<group>"; };
		15F0963C105E56270016E2B6 /* ExceptionUtils.m */ = {isa = PBXFileReference; fileEncoding = 4; lastKnownFileType = sourcecode.c.objc; path = ExceptionUtils.m; sourceTree = "<group>"; };
		15F0963E105E56270016E2B6 /* GTMDefines.h */ = {isa = PBXFileReference; fileEncoding = 4; lastKnownFileType = sourcecode.c.h; path = GTMDefines.h; sourceTree = "<group>"; };
		15F0963F105E56270016E2B6 /* GTMNSData+zlib.h */ = {isa = PBXFileReference; fileEncoding = 4; lastKnownFileType = sourcecode.c.h; path = "GTMNSData+zlib.h"; sourceTree = "<group>"; };
		15F09640105E56270016E2B6 /* GTMNSData+zlib.m */ = {isa = PBXFileReference; fileEncoding = 4; lastKnownFileType = sourcecode.c.objc; path = "GTMNSData+zlib.m"; sourceTree = "<group>"; };
		15F09641105E56270016E2B6 /* Logging.h */ = {isa = PBXFileReference; fileEncoding = 4; lastKnownFileType = sourcecode.c.h; path = Logging.h; sourceTree = "<group>"; };
		15F09642105E56270016E2B6 /* Logging.m */ = {isa = PBXFileReference; fileEncoding = 4; lastKnownFileType = sourcecode.c.objc; path = Logging.m; sourceTree = "<group>"; };
		15F09645105E56270016E2B6 /* Target.h */ = {isa = PBXFileReference; fileEncoding = 4; lastKnownFileType = sourcecode.c.h; path = Target.h; sourceTree = "<group>"; };
		15F09646105E56270016E2B6 /* Target.m */ = {isa = PBXFileReference; fileEncoding = 4; lastKnownFileType = sourcecode.c.objc; path = Target.m; sourceTree = "<group>"; };
		15F096AB105E56A90016E2B6 /* Test.h */ = {isa = PBXFileReference; fileEncoding = 4; lastKnownFileType = sourcecode.c.h; name = Test.h; path = ../../MYUtilities/Test.h; sourceTree = SOURCE_ROOT; };
		15F096AC105E56A90016E2B6 /* Test.m */ = {isa = PBXFileReference; fileEncoding = 4; lastKnownFileType = sourcecode.c.objc; name = Test.m; path = ../../MYUtilities/Test.m; sourceTree = SOURCE_ROOT; };
		15F096B3105E56C00016E2B6 /* libz.1.1.3.dylib */ = {isa = PBXFileReference; lastKnownFileType = "compiled.mach-o.dylib"; name = libz.1.1.3.dylib; path = usr/lib/libz.1.1.3.dylib; sourceTree = SDKROOT; };
		15F096C0105E57690016E2B6 /* MvrLegacyWiFi.h */ = {isa = PBXFileReference; fileEncoding = 4; lastKnownFileType = sourcecode.c.h; path = MvrLegacyWiFi.h; sourceTree = "<group>"; };
		15F096C1105E57690016E2B6 /* MvrLegacyWiFi.m */ = {isa = PBXFileReference; fileEncoding = 4; lastKnownFileType = sourcecode.c.objc; path = MvrLegacyWiFi.m; sourceTree = "<group>"; };
		15F603EA105BDE1100F73794 /* MuiKit.xcodeproj */ = {isa = PBXFileReference; lastKnownFileType = "wrapper.pb-project"; path = MuiKit.xcodeproj; sourceTree = INFINITELABS_LIB_MUIKIT; };
		D2AAC07E0554694100DB518D /* libMoverNetwork.a */ = {isa = PBXFileReference; explicitFileType = archive.ar; includeInIndex = 0; path = libMoverNetwork.a; sourceTree = BUILT_PRODUCTS_DIR; };
/* End PBXFileReference section */

/* Begin PBXFrameworksBuildPhase section */
		153B420D105BF36700DB8FB2 /* Frameworks */ = {
			isa = PBXFrameworksBuildPhase;
			buildActionMask = 2147483647;
			files = (
				153B420E105BF36700DB8FB2 /* libMuiKit-Mac.a in Frameworks */,
				153AF1DD105C2ACC00DD862F /* SystemConfiguration.framework in Frameworks */,
				153AF1DF105C2AD800DD862F /* Foundation.framework in Frameworks */,
				15F096B4105E56C00016E2B6 /* libz.1.1.3.dylib in Frameworks */,
			);
			runOnlyForDeploymentPostprocessing = 0;
		};
		1593E961105BB9FB00220989 /* Frameworks */ = {
			isa = PBXFrameworksBuildPhase;
			buildActionMask = 2147483647;
			files = (
				15865B38105CE3F00041CE5F /* libMuiKit.a in Frameworks */,
				153AF1E1105C2AE100DD862F /* Foundation.framework in Frameworks */,
				153AF1E2105C2AE400DD862F /* SystemConfiguration.framework in Frameworks */,
				153AF20F105C2B5600DD862F /* OCMock.framework in Frameworks */,
				15865B3A105CE3FD0041CE5F /* MobileCoreServices.framework in Frameworks */,
			);
			runOnlyForDeploymentPostprocessing = 0;
		};
		D2AAC07C0554694100DB518D /* Frameworks */ = {
			isa = PBXFrameworksBuildPhase;
			buildActionMask = 2147483647;
			files = (
				153AF1E0105C2ADF00DD862F /* Foundation.framework in Frameworks */,
				153AF1E3105C2AE500DD862F /* SystemConfiguration.framework in Frameworks */,
			);
			runOnlyForDeploymentPostprocessing = 0;
		};
/* End PBXFrameworksBuildPhase section */

/* Begin PBXGroup section */
		034768DFFF38A50411DB9C8B /* Products */ = {
			isa = PBXGroup;
			children = (
				D2AAC07E0554694100DB518D /* libMoverNetwork.a */,
				1593E964105BB9FB00220989 /* Network+Test.octest */,
				153B4212105BF36700DB8FB2 /* mvr-wifi */,
			);
			name = Products;
			sourceTree = "<group>";
		};
		0867D691FE84028FC02AAC07 /* Network */ = {
			isa = PBXGroup;
			children = (
				15F603EA105BDE1100F73794 /* MuiKit.xcodeproj */,
				156CF11A105BB35D006D8E7A /* Configuration files */,
				1557278C105BAD8400D9398F /* Sources */,
				15F60468105BE58400F73794 /* Test Tools */,
				034768DFFF38A50411DB9C8B /* Products */,
				1593E965105BB9FB00220989 /* Network+Test-Info.plist */,
				153AF20E105C2B5600DD862F /* OCMock.framework */,
				153AF1DC105C2ACC00DD862F /* SystemConfiguration.framework */,
				153AF1DE105C2AD800DD862F /* Foundation.framework */,
				15865B39105CE3FD0041CE5F /* MobileCoreServices.framework */,
				15F096B3105E56C00016E2B6 /* libz.1.1.3.dylib */,
			);
			name = Network;
			sourceTree = "<group>";
		};
		153AF19B105C17FF00DD862F /* Protocols & Utility Headers */ = {
			isa = PBXGroup;
			children = (
				153AF199105C17B300DD862F /* MvrScanner.h */,
				159AF91E1060FF4F0070141A /* MvrMetadataStorage.h */,
				15833F0F105F6F890015388E /* MvrPlatformInfo.h */,
				15833F12105F739E0015388E /* MvrPlatformInfo.m */,
				153AF1A4105C192300DD862F /* MvrIncoming.h */,
				150718D1105FD5AA00FA0BF4 /* MvrOutgoing.h */,
				153AF1A1105C18F800DD862F /* MvrChannel.h */,
				157A11EE105D64B50033B623 /* MvrUTISupport.h */,
			);
			name = "Protocols & Utility Headers";
			sourceTree = "<group>";
		};
		153AF1AD105C214C00DD862F /* Modern Wi-Fi */ = {
			isa = PBXGroup;
			children = (
				153AF1A8105C206000DD862F /* AsyncSocket.h */,
				153AF1A9105C206000DD862F /* AsyncSocket.m */,
				1593E9BA105BBDFB00220989 /* MvrModernWiFi.h */,
				1593E9BB105BBDFB00220989 /* MvrModernWiFi.m */,
				153AF1AE105C217400DD862F /* MvrModernWiFiChannel.h */,
				153AF1AF105C217400DD862F /* MvrModernWiFiChannel.m */,
				157A1123105D45BE0033B623 /* MvrModernWiFiOutgoing.h */,
				157A1124105D45BE0033B623 /* MvrModernWiFiOutgoing.m */,
				157FA472105E14EB00BD01FC /* MvrModernWiFiIncoming.h */,
				157FA474105E14FD00BD01FC /* MvrModernWiFiIncoming.m */,
			);
			name = "Modern Wi-Fi";
			sourceTree = "<group>";
		};
		153AF268105C3D6D00DD862F /* Storage */ = {
			isa = PBXGroup;
			children = (
				157A11E7105D64530033B623 /* MvrGenericItem.h */,
				157A11E8105D64530033B623 /* MvrGenericItem.m */,
				15865AEB105CDD690041CE5F /* MvrItemStorage.h */,
				15865AEC105CDD690041CE5F /* MvrItemStorage.m */,
				157A101E105D3E7A0033B623 /* MvrItem.h */,
				157A101F105D3E7A0033B623 /* MvrItem.m */,
				159AF90D1060FE3B0070141A /* MvrStorageCentral.h */,
				159AF90E1060FE3B0070141A /* MvrStorageCentral.m */,
			);
			name = Storage;
			sourceTree = "<group>";
		};
		153B40B8105BEAFC00DB8FB2 /* DDCommandLineInterface */ = {
			isa = PBXGroup;
			children = (
				153B40B9105BEAFC00DB8FB2 /* DDCliApplication.h */,
				153B40BA105BEAFC00DB8FB2 /* DDCliApplication.m */,
				153B40BB105BEAFC00DB8FB2 /* DDCliParseException.h */,
				153B40BC105BEAFC00DB8FB2 /* DDCliParseException.m */,
				153B40BD105BEAFC00DB8FB2 /* DDCliUtil.h */,
				153B40BE105BEAFC00DB8FB2 /* DDCliUtil.m */,
				153B40BF105BEAFC00DB8FB2 /* DDCommandLineInterface.h */,
				153B40C0105BEAFC00DB8FB2 /* DDGetoptLongParser.h */,
				153B40C1105BEAFC00DB8FB2 /* DDGetoptLongParser.m */,
			);
			name = DDCommandLineInterface;
			path = ../DDCli/DDCommandLineInterface;
			sourceTree = SOURCE_ROOT;
		};
		1557278C105BAD8400D9398F /* Sources */ = {
			isa = PBXGroup;
			children = (
				159AF98C10610AAB0070141A /* Scanner & Channel Utilities */,
				153AF19B105C17FF00DD862F /* Protocols & Utility Headers */,
				1593E9B4105BBD3000220989 /* Wi-Fi Scanner Family */,
				1593E969105BBA2100220989 /* Packet building */,
				153AF268105C3D6D00DD862F /* Storage */,
			);
			name = Sources;
			sourceTree = "<group>";
		};
		156CF11A105BB35D006D8E7A /* Configuration files */ = {
			isa = PBXGroup;
			children = (
				156CF11B105BB36F006D8E7A /* Mover-Network.xcconfig */,
				156CF142105BB61D006D8E7A /* Mover-Network-Debug.xcconfig */,
				156CF144105BB64D006D8E7A /* Mover-Network-Release.xcconfig */,
				153B40F4105BEC9500DB8FB2 /* TestTool.xcconfig */,
			);
			name = "Configuration files";
			sourceTree = "<group>";
		};
		1593E969105BBA2100220989 /* Packet building */ = {
			isa = PBXGroup;
			children = (
				1593E96A105BBA2C00220989 /* Unit tests */,
				1593E94B105BB73B00220989 /* MvrProtocol.h */,
				156CF111105BB355006D8E7A /* MvrPacketBuilder.h */,
				156CF112105BB356006D8E7A /* MvrPacketBuilder.m */,
				156CF113105BB356006D8E7A /* MvrPacketParser.h */,
				156CF114105BB356006D8E7A /* MvrPacketParser.m */,
				1537A7D8107A598300B16B88 /* MvrBuffer.h */,
				1537A7D9107A598300B16B88 /* MvrBuffer.m */,
			);
			name = "Packet building";
			sourceTree = "<group>";
		};
		1593E96A105BBA2C00220989 /* Unit tests */ = {
			isa = PBXGroup;
			children = (
				1593E983105BBACD00220989 /* OK-longer.data */,
				1593E984105BBACD00220989 /* OK.data */,
				1593E97D105BBAC500220989 /* WOW-longer.data */,
				1593E97E105BBAC500220989 /* WOW-tooshort.data */,
				1593E97F105BBAC500220989 /* WOW.data */,
				1593E97C105BBAB500220989 /* MvrPacketTestsCommon.h */,
				1593E970105BBA3E00220989 /* MvrPacketBuilderTests.m */,
				1593E971105BBA3E00220989 /* MvrPacketParserTests.m */,
			);
			name = "Unit tests";
			sourceTree = "<group>";
		};
		1593E9B4105BBD3000220989 /* Wi-Fi Scanner Family */ = {
			isa = PBXGroup;
			children = (
				1593E9B5105BBD4300220989 /* MvrWiFi.h */,
				1593E9B6105BBD4300220989 /* MvrWiFi.m */,
				1593E9BF105BBE4300220989 /* MvrWiFiScanner.h */,
				1593E9C0105BBE4300220989 /* MvrWiFiScanner.m */,
				150717C6105FAE4700FA0BF4 /* MvrWiFiChannel.h */,
				150717C7105FAE4700FA0BF4 /* MvrWiFiChannel.m */,
				1507185F105FC36800FA0BF4 /* MvrGenericIncoming.h */,
				15071860105FC36800FA0BF4 /* MvrGenericIncoming.m */,
				15F09613105E55DD0016E2B6 /* Legacy Wi-Fi */,
				153AF1AD105C214C00DD862F /* Modern Wi-Fi */,
			);
			name = "Wi-Fi Scanner Family";
			sourceTree = "<group>";
		};
		159AF98C10610AAB0070141A /* Scanner & Channel Utilities */ = {
			isa = PBXGroup;
			children = (
				155E8F8F107B24AA00F8B33B /* MvrStreamedIncoming.h */,
				155E8F91107B24AA00F8B33B /* MvrStreamedIncoming.m */,
				159AF98D10610AB70070141A /* MvrScannerObserver.h */,
				159AF98E10610AB70070141A /* MvrScannerObserver.m */,
			);
			name = "Scanner & Channel Utilities";
			sourceTree = "<group>";
		};
		15F09613105E55DD0016E2B6 /* Legacy Wi-Fi */ = {
			isa = PBXGroup;
			children = (
				15F09617105E56270016E2B6 /* MYNetwork */,
				15F09638105E56270016E2B6 /* MYUtilities */,
				15F096C0105E57690016E2B6 /* MvrLegacyWiFi.h */,
				15F096C1105E57690016E2B6 /* MvrLegacyWiFi.m */,
				15071823105FB1CE00FA0BF4 /* MvrLegacyWiFiChannel.h */,
				15071824105FB1CE00FA0BF4 /* MvrLegacyWiFiChannel.m */,
				15071870105FC48600FA0BF4 /* MvrLegacyWiFiIncoming.h */,
				15071871105FC48600FA0BF4 /* MvrLegacyWiFiIncoming.m */,
				150718C9105FD55900FA0BF4 /* MvrLegacyWiFiOutgoing.h */,
				150718CA105FD55900FA0BF4 /* MvrLegacyWiFiOutgoing.m */,
			);
			name = "Legacy Wi-Fi";
			sourceTree = "<group>";
		};
		15F09617105E56270016E2B6 /* MYNetwork */ = {
			isa = PBXGroup;
			children = (
				15F09618105E56270016E2B6 /* BLIP Overview.txt */,
				15F09619105E56270016E2B6 /* BLIP.h */,
				15F0961A105E56270016E2B6 /* BLIP.png */,
				15F0961B105E56270016E2B6 /* BLIP_Internal.h */,
				15F0961C105E56270016E2B6 /* BLIPConnection.h */,
				15F0961D105E56270016E2B6 /* BLIPConnection.m */,
				15F0961E105E56270016E2B6 /* BLIPDispatcher.h */,
				15F0961F105E56270016E2B6 /* BLIPDispatcher.m */,
				15F09620105E56270016E2B6 /* BLIPMessage.h */,
				15F09621105E56270016E2B6 /* BLIPMessage.m */,
				15F09622105E56270016E2B6 /* BLIPProperties.h */,
				15F09623105E56270016E2B6 /* BLIPProperties.m */,
				15F09624105E56270016E2B6 /* BLIPReader.h */,
				15F09625105E56270016E2B6 /* BLIPReader.m */,
				15F09626105E56270016E2B6 /* BLIPRequest.h */,
				15F09627105E56270016E2B6 /* BLIPRequest.m */,
				15F09628105E56270016E2B6 /* BLIPTest.m */,
				15F09629105E56270016E2B6 /* BLIPWriter.h */,
				15F0962A105E56270016E2B6 /* BLIPWriter.m */,
				15F0962B105E56270016E2B6 /* IPAddress.h */,
				15F0962C105E56270016E2B6 /* IPAddress.m */,
				15F0962D105E56270016E2B6 /* TCP_Internal.h */,
				15F0962E105E56270016E2B6 /* TCPConnection.h */,
				15F0962F105E56270016E2B6 /* TCPConnection.m */,
				15F09630105E56270016E2B6 /* TCPEndpoint.h */,
				15F09631105E56270016E2B6 /* TCPEndpoint.m */,
				15F09632105E56270016E2B6 /* TCPListener.h */,
				15F09633105E56270016E2B6 /* TCPListener.m */,
				15F09634105E56270016E2B6 /* TCPStream.h */,
				15F09635105E56270016E2B6 /* TCPStream.m */,
				15F09636105E56270016E2B6 /* TCPWriter.h */,
				15F09637105E56270016E2B6 /* TCPWriter.m */,
			);
			path = MYNetwork;
			sourceTree = "<group>";
		};
		15F09638105E56270016E2B6 /* MYUtilities */ = {
			isa = PBXGroup;
			children = (
				15F09639105E56270016E2B6 /* CollectionUtils.h */,
				15F0963A105E56270016E2B6 /* CollectionUtils.m */,
				15F0963B105E56270016E2B6 /* ExceptionUtils.h */,
				15F0963C105E56270016E2B6 /* ExceptionUtils.m */,
				15F0963D105E56270016E2B6 /* GoogleToolboxSubset */,
				15F09641105E56270016E2B6 /* Logging.h */,
				15F09642105E56270016E2B6 /* Logging.m */,
				15F09645105E56270016E2B6 /* Target.h */,
				15F09646105E56270016E2B6 /* Target.m */,
				15F096AB105E56A90016E2B6 /* Test.h */,
				15F096AC105E56A90016E2B6 /* Test.m */,
			);
			path = MYUtilities;
			sourceTree = "<group>";
		};
		15F0963D105E56270016E2B6 /* GoogleToolboxSubset */ = {
			isa = PBXGroup;
			children = (
				15F0963E105E56270016E2B6 /* GTMDefines.h */,
				15F0963F105E56270016E2B6 /* GTMNSData+zlib.h */,
				15F09640105E56270016E2B6 /* GTMNSData+zlib.m */,
			);
			path = GoogleToolboxSubset;
			sourceTree = "<group>";
		};
		15F603F8105BDE2800F73794 /* Products */ = {
			isa = PBXGroup;
			children = (
				15F60400105BDE2800F73794 /* libMuiKit.a */,
				15F60402105BDE2800F73794 /* MuiKit.bundle */,
				15F60404105BDE2800F73794 /* MuiKit+Test.octest */,
				153B416F105BEFCA00DB8FB2 /* libMuiKit-Mac.a */,
			);
			name = Products;
			sourceTree = "<group>";
		};
		15F60468105BE58400F73794 /* Test Tools */ = {
			isa = PBXGroup;
			children = (
				153B40B8105BEAFC00DB8FB2 /* DDCommandLineInterface */,
				153B40A8105BEA2C00DB8FB2 /* mvr-wifi.m */,
			);
			name = "Test Tools";
			sourceTree = "<group>";
		};
/* End PBXGroup section */

/* Begin PBXHeadersBuildPhase section */
		D2AAC07A0554694100DB518D /* Headers */ = {
			isa = PBXHeadersBuildPhase;
			buildActionMask = 2147483647;
			files = (
				156CF115105BB356006D8E7A /* MvrPacketBuilder.h in Headers */,
				156CF117105BB356006D8E7A /* MvrPacketParser.h in Headers */,
				1593E94C105BB73B00220989 /* MvrProtocol.h in Headers */,
				1593E9B8105BBD4900220989 /* MvrWiFi.h in Headers */,
				1593E9BD105BBE2700220989 /* MvrModernWiFi.h in Headers */,
				1593E9C1105BBE4300220989 /* MvrWiFiScanner.h in Headers */,
				153AF19A105C17B300DD862F /* MvrScanner.h in Headers */,
				153AF1A2105C18F800DD862F /* MvrChannel.h in Headers */,
				153AF1A5105C192300DD862F /* MvrIncoming.h in Headers */,
				153AF1AA105C206000DD862F /* AsyncSocket.h in Headers */,
				153AF1B0105C217400DD862F /* MvrModernWiFiChannel.h in Headers */,
				15865AEF105CDD690041CE5F /* MvrItemStorage.h in Headers */,
				157A1020105D3E7A0033B623 /* MvrItem.h in Headers */,
				157A1125105D45BE0033B623 /* MvrModernWiFiOutgoing.h in Headers */,
				157A11E9105D64530033B623 /* MvrGenericItem.h in Headers */,
				157A11EF105D64B50033B623 /* MvrUTISupport.h in Headers */,
				157FA473105E14EB00BD01FC /* MvrModernWiFiIncoming.h in Headers */,
				15F09649105E56270016E2B6 /* BLIP.h in Headers */,
				15F0964A105E56270016E2B6 /* BLIP_Internal.h in Headers */,
				15F0964B105E56270016E2B6 /* BLIPConnection.h in Headers */,
				15F0964D105E56270016E2B6 /* BLIPDispatcher.h in Headers */,
				15F0964F105E56270016E2B6 /* BLIPMessage.h in Headers */,
				15F09651105E56270016E2B6 /* BLIPProperties.h in Headers */,
				15F09653105E56270016E2B6 /* BLIPReader.h in Headers */,
				15F09655105E56270016E2B6 /* BLIPRequest.h in Headers */,
				15F09658105E56270016E2B6 /* BLIPWriter.h in Headers */,
				15F0965A105E56270016E2B6 /* IPAddress.h in Headers */,
				15F0965C105E56270016E2B6 /* TCP_Internal.h in Headers */,
				15F0965D105E56270016E2B6 /* TCPConnection.h in Headers */,
				15F0965F105E56270016E2B6 /* TCPEndpoint.h in Headers */,
				15F09661105E56270016E2B6 /* TCPListener.h in Headers */,
				15F09663105E56270016E2B6 /* TCPStream.h in Headers */,
				15F09665105E56270016E2B6 /* TCPWriter.h in Headers */,
				15F09667105E56270016E2B6 /* CollectionUtils.h in Headers */,
				15F09669105E56270016E2B6 /* ExceptionUtils.h in Headers */,
				15F0966B105E56270016E2B6 /* GTMDefines.h in Headers */,
				15F0966C105E56270016E2B6 /* GTMNSData+zlib.h in Headers */,
				15F0966E105E56270016E2B6 /* Logging.h in Headers */,
				15F09672105E56270016E2B6 /* Target.h in Headers */,
				15F096AD105E56A90016E2B6 /* Test.h in Headers */,
				15F096C2105E57690016E2B6 /* MvrLegacyWiFi.h in Headers */,
				15833F10105F6F890015388E /* MvrPlatformInfo.h in Headers */,
				150717C8105FAE4700FA0BF4 /* MvrWiFiChannel.h in Headers */,
				15071825105FB1CE00FA0BF4 /* MvrLegacyWiFiChannel.h in Headers */,
				15071861105FC36800FA0BF4 /* MvrGenericIncoming.h in Headers */,
				15071872105FC48600FA0BF4 /* MvrLegacyWiFiIncoming.h in Headers */,
				150718CC105FD55900FA0BF4 /* MvrLegacyWiFiOutgoing.h in Headers */,
				150718D2105FD5AA00FA0BF4 /* MvrOutgoing.h in Headers */,
				159AF9111060FE3B0070141A /* MvrStorageCentral.h in Headers */,
				159AF91F1060FF4F0070141A /* MvrMetadataStorage.h in Headers */,
				159AF99110610AB70070141A /* MvrScannerObserver.h in Headers */,
				1537A7DA107A598300B16B88 /* MvrBuffer.h in Headers */,
				155E8F90107B24AA00F8B33B /* MvrStreamedIncoming.h in Headers */,
			);
			runOnlyForDeploymentPostprocessing = 0;
		};
/* End PBXHeadersBuildPhase section */

/* Begin PBXNativeTarget section */
		153B4201105BF36700DB8FB2 /* mvr-wifi */ = {
			isa = PBXNativeTarget;
			buildConfigurationList = 153B420F105BF36700DB8FB2 /* Build configuration list for PBXNativeTarget "mvr-wifi" */;
			buildPhases = (
				153B4204105BF36700DB8FB2 /* Sources */,
				153B420D105BF36700DB8FB2 /* Frameworks */,
			);
			buildRules = (
			);
			dependencies = (
				153B4202105BF36700DB8FB2 /* PBXTargetDependency */,
			);
			name = "mvr-wifi";
			productName = "mvr-wifi";
			productReference = 153B4212105BF36700DB8FB2 /* mvr-wifi */;
			productType = "com.apple.product-type.tool";
		};
		1593E963105BB9FB00220989 /* Network+Test */ = {
			isa = PBXNativeTarget;
			buildConfigurationList = 1593E968105BB9FD00220989 /* Build configuration list for PBXNativeTarget "Network+Test" */;
			buildPhases = (
				1593E998105BBB4F00220989 /* Copy OCMock */,
				1593E95F105BB9FB00220989 /* Resources */,
				1593E960105BB9FB00220989 /* Sources */,
				1593E961105BB9FB00220989 /* Frameworks */,
				1593E962105BB9FB00220989 /* ShellScript */,
			);
			buildRules = (
			);
			dependencies = (
				15865B37105CE3E90041CE5F /* PBXTargetDependency */,
			);
			name = "Network+Test";
			productName = "Network+Test";
			productReference = 1593E964105BB9FB00220989 /* Network+Test.octest */;
			productType = "com.apple.product-type.bundle";
		};
		D2AAC07D0554694100DB518D /* Network */ = {
			isa = PBXNativeTarget;
			buildConfigurationList = 1DEB921E08733DC00010E9CD /* Build configuration list for PBXNativeTarget "Network" */;
			buildPhases = (
				D2AAC07A0554694100DB518D /* Headers */,
				D2AAC07B0554694100DB518D /* Sources */,
				D2AAC07C0554694100DB518D /* Frameworks */,
			);
			buildRules = (
			);
			dependencies = (
				15F6040C105BDE3900F73794 /* PBXTargetDependency */,
			);
			name = Network;
			productName = Network;
			productReference = D2AAC07E0554694100DB518D /* libMoverNetwork.a */;
			productType = "com.apple.product-type.library.static";
		};
/* End PBXNativeTarget section */

/* Begin PBXProject section */
		0867D690FE84028FC02AAC07 /* Project object */ = {
			isa = PBXProject;
			buildConfigurationList = 1DEB922208733DC00010E9CD /* Build configuration list for PBXProject "Network+Storage" */;
			compatibilityVersion = "Xcode 3.1";
			hasScannedForEncodings = 1;
			mainGroup = 0867D691FE84028FC02AAC07 /* Network */;
			productRefGroup = 034768DFFF38A50411DB9C8B /* Products */;
			projectDirPath = "";
			projectReferences = (
				{
					ProductGroup = 15F603F8105BDE2800F73794 /* Products */;
					ProjectRef = 15F603EA105BDE1100F73794 /* MuiKit.xcodeproj */;
				},
			);
			projectRoot = "";
			targets = (
				D2AAC07D0554694100DB518D /* Network */,
				1593E963105BB9FB00220989 /* Network+Test */,
				153B4201105BF36700DB8FB2 /* mvr-wifi */,
			);
		};
/* End PBXProject section */

/* Begin PBXReferenceProxy section */
		153B416F105BEFCA00DB8FB2 /* libMuiKit-Mac.a */ = {
			isa = PBXReferenceProxy;
			fileType = archive.ar;
			path = "libMuiKit-Mac.a";
			remoteRef = 153B416E105BEFCA00DB8FB2 /* PBXContainerItemProxy */;
			sourceTree = BUILT_PRODUCTS_DIR;
		};
		15F60400105BDE2800F73794 /* libMuiKit.a */ = {
			isa = PBXReferenceProxy;
			fileType = archive.ar;
			path = libMuiKit.a;
			remoteRef = 15F603FF105BDE2800F73794 /* PBXContainerItemProxy */;
			sourceTree = BUILT_PRODUCTS_DIR;
		};
		15F60402105BDE2800F73794 /* MuiKit.bundle */ = {
			isa = PBXReferenceProxy;
			fileType = wrapper.cfbundle;
			path = MuiKit.bundle;
			remoteRef = 15F60401105BDE2800F73794 /* PBXContainerItemProxy */;
			sourceTree = BUILT_PRODUCTS_DIR;
		};
		15F60404105BDE2800F73794 /* MuiKit+Test.octest */ = {
			isa = PBXReferenceProxy;
			fileType = wrapper.cfbundle;
			path = "MuiKit+Test.octest";
			remoteRef = 15F60403105BDE2800F73794 /* PBXContainerItemProxy */;
			sourceTree = BUILT_PRODUCTS_DIR;
		};
/* End PBXReferenceProxy section */

/* Begin PBXResourcesBuildPhase section */
		1593E95F105BB9FB00220989 /* Resources */ = {
			isa = PBXResourcesBuildPhase;
			buildActionMask = 2147483647;
			files = (
				1593E98F105BBB2600220989 /* OK-longer.data in Resources */,
				1593E990105BBB2600220989 /* OK.data in Resources */,
				1593E991105BBB2600220989 /* WOW-longer.data in Resources */,
				1593E992105BBB2600220989 /* WOW-tooshort.data in Resources */,
				1593E993105BBB2600220989 /* WOW.data in Resources */,
				15F09676105E56270016E2B6 /* BLIP Overview.txt in Resources */,
				15F09677105E56270016E2B6 /* BLIP.png in Resources */,
			);
			runOnlyForDeploymentPostprocessing = 0;
		};
/* End PBXResourcesBuildPhase section */

/* Begin PBXShellScriptBuildPhase section */
		1593E962105BB9FB00220989 /* ShellScript */ = {
			isa = PBXShellScriptBuildPhase;
			buildActionMask = 2147483647;
			files = (
			);
			inputPaths = (
			);
			outputPaths = (
			);
			runOnlyForDeploymentPostprocessing = 0;
			shellPath = /bin/sh;
			shellScript = "# Run the unit tests in this test bundle.\n\"${SYSTEM_DEVELOPER_DIR}/Tools/RunUnitTests\"\n";
		};
/* End PBXShellScriptBuildPhase section */

/* Begin PBXSourcesBuildPhase section */
		153B4204105BF36700DB8FB2 /* Sources */ = {
			isa = PBXSourcesBuildPhase;
			buildActionMask = 2147483647;
			files = (
				153B4205105BF36700DB8FB2 /* MvrWiFi.m in Sources */,
				153B4206105BF36700DB8FB2 /* MvrModernWiFi.m in Sources */,
				153B4207105BF36700DB8FB2 /* MvrWiFiScanner.m in Sources */,
				153B4208105BF36700DB8FB2 /* mvr-wifi.m in Sources */,
				153B4209105BF36700DB8FB2 /* DDCliApplication.m in Sources */,
				153B420A105BF36700DB8FB2 /* DDCliParseException.m in Sources */,
				153B420B105BF36700DB8FB2 /* DDCliUtil.m in Sources */,
				153B420C105BF36700DB8FB2 /* DDGetoptLongParser.m in Sources */,
				153AF1AC105C206000DD862F /* AsyncSocket.m in Sources */,
				153AF1B2105C217400DD862F /* MvrModernWiFiChannel.m in Sources */,
				15865AED105CDD690041CE5F /* MvrItemStorage.m in Sources */,
				157A1023105D3E7A0033B623 /* MvrItem.m in Sources */,
				157A1128105D45BE0033B623 /* MvrModernWiFiOutgoing.m in Sources */,
				157A1157105D47560033B623 /* MvrPacketBuilder.m in Sources */,
				157A1158105D47560033B623 /* MvrPacketParser.m in Sources */,
				157A11EC105D64530033B623 /* MvrGenericItem.m in Sources */,
				157FA477105E14FD00BD01FC /* MvrModernWiFiIncoming.m in Sources */,
				15F0968D105E56270016E2B6 /* BLIPConnection.m in Sources */,
				15F0968E105E56270016E2B6 /* BLIPDispatcher.m in Sources */,
				15F0968F105E56270016E2B6 /* BLIPMessage.m in Sources */,
				15F09690105E56270016E2B6 /* BLIPProperties.m in Sources */,
				15F09691105E56270016E2B6 /* BLIPReader.m in Sources */,
				15F09692105E56270016E2B6 /* BLIPRequest.m in Sources */,
				15F09693105E56270016E2B6 /* BLIPTest.m in Sources */,
				15F09694105E56270016E2B6 /* BLIPWriter.m in Sources */,
				15F09695105E56270016E2B6 /* IPAddress.m in Sources */,
				15F09696105E56270016E2B6 /* TCPConnection.m in Sources */,
				15F09697105E56270016E2B6 /* TCPEndpoint.m in Sources */,
				15F09698105E56270016E2B6 /* TCPListener.m in Sources */,
				15F09699105E56270016E2B6 /* TCPStream.m in Sources */,
				15F0969A105E56270016E2B6 /* TCPWriter.m in Sources */,
				15F0969B105E56270016E2B6 /* CollectionUtils.m in Sources */,
				15F0969C105E56270016E2B6 /* ExceptionUtils.m in Sources */,
				15F0969D105E56270016E2B6 /* GTMNSData+zlib.m in Sources */,
				15F0969E105E56270016E2B6 /* Logging.m in Sources */,
				15F096A0105E56270016E2B6 /* Target.m in Sources */,
				15F096B0105E56A90016E2B6 /* Test.m in Sources */,
				15F096C5105E57690016E2B6 /* MvrLegacyWiFi.m in Sources */,
				15833F15105F739E0015388E /* MvrPlatformInfo.m in Sources */,
				150717CB105FAE4700FA0BF4 /* MvrWiFiChannel.m in Sources */,
				15071828105FB1CE00FA0BF4 /* MvrLegacyWiFiChannel.m in Sources */,
				15071863105FC36800FA0BF4 /* MvrGenericIncoming.m in Sources */,
				15071875105FC48600FA0BF4 /* MvrLegacyWiFiIncoming.m in Sources */,
				150718CB105FD55900FA0BF4 /* MvrLegacyWiFiOutgoing.m in Sources */,
				159AF90F1060FE3B0070141A /* MvrStorageCentral.m in Sources */,
				159AF98F10610AB70070141A /* MvrScannerObserver.m in Sources */,
				1537A7DC107A598300B16B88 /* MvrBuffer.m in Sources */,
				155E8F93107B24AA00F8B33B /* MvrStreamedIncoming.m in Sources */,
			);
			runOnlyForDeploymentPostprocessing = 0;
		};
		1593E960105BB9FB00220989 /* Sources */ = {
			isa = PBXSourcesBuildPhase;
			buildActionMask = 2147483647;
			files = (
				1593E972105BBA3E00220989 /* MvrPacketBuilderTests.m in Sources */,
				1593E973105BBA3E00220989 /* MvrPacketParserTests.m in Sources */,
				1593E974105BBA4A00220989 /* MvrPacketBuilder.m in Sources */,
				1593E975105BBA4A00220989 /* MvrPacketParser.m in Sources */,
				15865AEE105CDD690041CE5F /* MvrItemStorage.m in Sources */,
				157A1022105D3E7A0033B623 /* MvrItem.m in Sources */,
				157A1127105D45BE0033B623 /* MvrModernWiFiOutgoing.m in Sources */,
				157A11EB105D64530033B623 /* MvrGenericItem.m in Sources */,
				157FA476105E14FD00BD01FC /* MvrModernWiFiIncoming.m in Sources */,
				15F09678105E56270016E2B6 /* BLIPConnection.m in Sources */,
				15F09679105E56270016E2B6 /* BLIPDispatcher.m in Sources */,
				15F0967A105E56270016E2B6 /* BLIPMessage.m in Sources */,
				15F0967B105E56270016E2B6 /* BLIPProperties.m in Sources */,
				15F0967C105E56270016E2B6 /* BLIPReader.m in Sources */,
				15F0967D105E56270016E2B6 /* BLIPRequest.m in Sources */,
				15F0967E105E56270016E2B6 /* BLIPTest.m in Sources */,
				15F0967F105E56270016E2B6 /* BLIPWriter.m in Sources */,
				15F09680105E56270016E2B6 /* IPAddress.m in Sources */,
				15F09681105E56270016E2B6 /* TCPConnection.m in Sources */,
				15F09682105E56270016E2B6 /* TCPEndpoint.m in Sources */,
				15F09683105E56270016E2B6 /* TCPListener.m in Sources */,
				15F09684105E56270016E2B6 /* TCPStream.m in Sources */,
				15F09685105E56270016E2B6 /* TCPWriter.m in Sources */,
				15F09686105E56270016E2B6 /* CollectionUtils.m in Sources */,
				15F09687105E56270016E2B6 /* ExceptionUtils.m in Sources */,
				15F09688105E56270016E2B6 /* GTMNSData+zlib.m in Sources */,
				15F09689105E56270016E2B6 /* Logging.m in Sources */,
				15F0968B105E56270016E2B6 /* Target.m in Sources */,
				15F096AF105E56A90016E2B6 /* Test.m in Sources */,
				15F096C4105E57690016E2B6 /* MvrLegacyWiFi.m in Sources */,
				15833F14105F739E0015388E /* MvrPlatformInfo.m in Sources */,
				150717CA105FAE4700FA0BF4 /* MvrWiFiChannel.m in Sources */,
				15071827105FB1CE00FA0BF4 /* MvrLegacyWiFiChannel.m in Sources */,
				15071864105FC36800FA0BF4 /* MvrGenericIncoming.m in Sources */,
				15071874105FC48600FA0BF4 /* MvrLegacyWiFiIncoming.m in Sources */,
				150718CE105FD55900FA0BF4 /* MvrLegacyWiFiOutgoing.m in Sources */,
				159AF9101060FE3B0070141A /* MvrStorageCentral.m in Sources */,
				159AF99010610AB70070141A /* MvrScannerObserver.m in Sources */,
				155E8F94107B24AA00F8B33B /* MvrStreamedIncoming.m in Sources */,
			);
			runOnlyForDeploymentPostprocessing = 0;
		};
		D2AAC07B0554694100DB518D /* Sources */ = {
			isa = PBXSourcesBuildPhase;
			buildActionMask = 2147483647;
			files = (
				156CF116105BB356006D8E7A /* MvrPacketBuilder.m in Sources */,
				156CF118105BB356006D8E7A /* MvrPacketParser.m in Sources */,
				1593E9B9105BBD4900220989 /* MvrWiFi.m in Sources */,
				1593E9BE105BBE2A00220989 /* MvrModernWiFi.m in Sources */,
				1593E9C2105BBE4300220989 /* MvrWiFiScanner.m in Sources */,
				153AF1AB105C206000DD862F /* AsyncSocket.m in Sources */,
				153AF1B1105C217400DD862F /* MvrModernWiFiChannel.m in Sources */,
				15865AF0105CDD690041CE5F /* MvrItemStorage.m in Sources */,
				157A1021105D3E7A0033B623 /* MvrItem.m in Sources */,
				157A1126105D45BE0033B623 /* MvrModernWiFiOutgoing.m in Sources */,
				157A11EA105D64530033B623 /* MvrGenericItem.m in Sources */,
				157FA475105E14FD00BD01FC /* MvrModernWiFiIncoming.m in Sources */,
				15F0964C105E56270016E2B6 /* BLIPConnection.m in Sources */,
				15F0964E105E56270016E2B6 /* BLIPDispatcher.m in Sources */,
				15F09650105E56270016E2B6 /* BLIPMessage.m in Sources */,
				15F09652105E56270016E2B6 /* BLIPProperties.m in Sources */,
				15F09654105E56270016E2B6 /* BLIPReader.m in Sources */,
				15F09656105E56270016E2B6 /* BLIPRequest.m in Sources */,
				15F09657105E56270016E2B6 /* BLIPTest.m in Sources */,
				15F09659105E56270016E2B6 /* BLIPWriter.m in Sources */,
				15F0965B105E56270016E2B6 /* IPAddress.m in Sources */,
				15F0965E105E56270016E2B6 /* TCPConnection.m in Sources */,
				15F09660105E56270016E2B6 /* TCPEndpoint.m in Sources */,
				15F09662105E56270016E2B6 /* TCPListener.m in Sources */,
				15F09664105E56270016E2B6 /* TCPStream.m in Sources */,
				15F09666105E56270016E2B6 /* TCPWriter.m in Sources */,
				15F09668105E56270016E2B6 /* CollectionUtils.m in Sources */,
				15F0966A105E56270016E2B6 /* ExceptionUtils.m in Sources */,
				15F0966D105E56270016E2B6 /* GTMNSData+zlib.m in Sources */,
				15F0966F105E56270016E2B6 /* Logging.m in Sources */,
				15F09673105E56270016E2B6 /* Target.m in Sources */,
				15F096AE105E56A90016E2B6 /* Test.m in Sources */,
				15F096C3105E57690016E2B6 /* MvrLegacyWiFi.m in Sources */,
				15833F13105F739E0015388E /* MvrPlatformInfo.m in Sources */,
				150717C9105FAE4700FA0BF4 /* MvrWiFiChannel.m in Sources */,
				15071826105FB1CE00FA0BF4 /* MvrLegacyWiFiChannel.m in Sources */,
				15071862105FC36800FA0BF4 /* MvrGenericIncoming.m in Sources */,
				15071873105FC48600FA0BF4 /* MvrLegacyWiFiIncoming.m in Sources */,
				150718CD105FD55900FA0BF4 /* MvrLegacyWiFiOutgoing.m in Sources */,
				159AF9121060FE3B0070141A /* MvrStorageCentral.m in Sources */,
				159AF99210610AB70070141A /* MvrScannerObserver.m in Sources */,
				1537A7DB107A598300B16B88 /* MvrBuffer.m in Sources */,
				155E8F92107B24AA00F8B33B /* MvrStreamedIncoming.m in Sources */,
			);
			runOnlyForDeploymentPostprocessing = 0;
		};
/* End PBXSourcesBuildPhase section */

/* Begin PBXTargetDependency section */
		153B4202105BF36700DB8FB2 /* PBXTargetDependency */ = {
			isa = PBXTargetDependency;
			name = "MuiKit (Mac OS X)";
			targetProxy = 153B4203105BF36700DB8FB2 /* PBXContainerItemProxy */;
		};
		15865B37105CE3E90041CE5F /* PBXTargetDependency */ = {
			isa = PBXTargetDependency;
			name = MuiKit;
			targetProxy = 15865B36105CE3E90041CE5F /* PBXContainerItemProxy */;
		};
		15F6040C105BDE3900F73794 /* PBXTargetDependency */ = {
			isa = PBXTargetDependency;
			name = MuiKit;
			targetProxy = 15F6040B105BDE3900F73794 /* PBXContainerItemProxy */;
		};
/* End PBXTargetDependency section */

/* Begin XCBuildConfiguration section */
		153B4210105BF36700DB8FB2 /* Debug */ = {
			isa = XCBuildConfiguration;
			baseConfigurationReference = 153B40F4105BEC9500DB8FB2 /* TestTool.xcconfig */;
			buildSettings = {
				PRODUCT_NAME = "mvr-wifi";
			};
			name = Debug;
		};
		153B4211105BF36700DB8FB2 /* Release */ = {
			isa = XCBuildConfiguration;
			baseConfigurationReference = 153B40F4105BEC9500DB8FB2 /* TestTool.xcconfig */;
			buildSettings = {
				PRODUCT_NAME = "mvr-wifi";
			};
			name = Release;
		};
		1593E966105BB9FD00220989 /* Debug */ = {
			isa = XCBuildConfiguration;
			buildSettings = {
				ALWAYS_SEARCH_USER_PATHS = NO;
				COPY_PHASE_STRIP = NO;
				FRAMEWORK_SEARCH_PATHS = (
					"\"$(SDKROOT)/Developer/Library/Frameworks\"",
					"\"$(DEVELOPER_LIBRARY_DIR)/Frameworks\"",
					"\"$(SRCROOT)/..\"",
				);
				GCC_DYNAMIC_NO_PIC = NO;
				GCC_ENABLE_FIX_AND_CONTINUE = NO;
				GCC_ENABLE_OBJC_EXCEPTIONS = YES;
				GCC_OPTIMIZATION_LEVEL = 0;
				INFOPLIST_FILE = "Network+Test-Info.plist";
				OTHER_LDFLAGS = (
					"-framework",
					Foundation,
					"-framework",
					SenTestingKit,
					"-framework",
					UIKit,
				);
				PREBINDING = NO;
				PRODUCT_NAME = "Network+Test";
				SDKROOT = iphonesimulator3.1;
				WRAPPER_EXTENSION = octest;
			};
			name = Debug;
		};
		1593E967105BB9FD00220989 /* Release */ = {
			isa = XCBuildConfiguration;
			buildSettings = {
				ALWAYS_SEARCH_USER_PATHS = NO;
				COPY_PHASE_STRIP = YES;
				DEBUG_INFORMATION_FORMAT = "dwarf-with-dsym";
				FRAMEWORK_SEARCH_PATHS = (
					"\"$(SDKROOT)/Developer/Library/Frameworks\"",
					"\"$(DEVELOPER_LIBRARY_DIR)/Frameworks\"",
					"\"$(SRCROOT)/..\"",
				);
				GCC_ENABLE_FIX_AND_CONTINUE = NO;
				GCC_ENABLE_OBJC_EXCEPTIONS = YES;
				INFOPLIST_FILE = "Network+Test-Info.plist";
				OTHER_LDFLAGS = (
					"-framework",
					Foundation,
					"-framework",
					SenTestingKit,
					"-framework",
					UIKit,
				);
				PREBINDING = NO;
				PRODUCT_NAME = "Network+Test";
				WRAPPER_EXTENSION = octest;
				ZERO_LINK = NO;
			};
			name = Release;
		};
		1DEB921F08733DC00010E9CD /* Debug */ = {
			isa = XCBuildConfiguration;
			baseConfigurationReference = 156CF142105BB61D006D8E7A /* Mover-Network-Debug.xcconfig */;
			buildSettings = {
			};
			name = Debug;
		};
		1DEB922008733DC00010E9CD /* Release */ = {
			isa = XCBuildConfiguration;
			baseConfigurationReference = 156CF144105BB64D006D8E7A /* Mover-Network-Release.xcconfig */;
			buildSettings = {
				DSTROOT = /tmp/Network.dst;
				GCC_MODEL_TUNING = G5;
				INSTALL_PATH = /usr/local/lib;
				PRODUCT_NAME = Network;
			};
			name = Release;
		};
		1DEB922308733DC00010E9CD /* Debug */ = {
			isa = XCBuildConfiguration;
			baseConfigurationReference = 156CF11B105BB36F006D8E7A /* Mover-Network.xcconfig */;
			buildSettings = {
				GCC_C_LANGUAGE_STANDARD = c99;
				GCC_OPTIMIZATION_LEVEL = 0;
				GCC_WARN_ABOUT_RETURN_TYPE = YES;
				GCC_WARN_UNUSED_VARIABLE = YES;
				OTHER_LDFLAGS = "-ObjC";
				PREBINDING = NO;
			};
			name = Debug;
		};
		1DEB922408733DC00010E9CD /* Release */ = {
			isa = XCBuildConfiguration;
			baseConfigurationReference = 156CF11B105BB36F006D8E7A /* Mover-Network.xcconfig */;
			buildSettings = {
				GCC_C_LANGUAGE_STANDARD = c99;
				GCC_WARN_ABOUT_RETURN_TYPE = YES;
				GCC_WARN_UNUSED_VARIABLE = YES;
				OTHER_LDFLAGS = "-ObjC";
				PREBINDING = NO;
			};
			name = Release;
		};
/* End XCBuildConfiguration section */

/* Begin XCConfigurationList section */
		153B420F105BF36700DB8FB2 /* Build configuration list for PBXNativeTarget "mvr-wifi" */ = {
			isa = XCConfigurationList;
			buildConfigurations = (
				153B4210105BF36700DB8FB2 /* Debug */,
				153B4211105BF36700DB8FB2 /* Release */,
			);
			defaultConfigurationIsVisible = 0;
			defaultConfigurationName = Release;
		};
		1593E968105BB9FD00220989 /* Build configuration list for PBXNativeTarget "Network+Test" */ = {
			isa = XCConfigurationList;
			buildConfigurations = (
				1593E966105BB9FD00220989 /* Debug */,
				1593E967105BB9FD00220989 /* Release */,
			);
			defaultConfigurationIsVisible = 0;
			defaultConfigurationName = Release;
		};
		1DEB921E08733DC00010E9CD /* Build configuration list for PBXNativeTarget "Network" */ = {
			isa = XCConfigurationList;
			buildConfigurations = (
				1DEB921F08733DC00010E9CD /* Debug */,
				1DEB922008733DC00010E9CD /* Release */,
			);
			defaultConfigurationIsVisible = 0;
			defaultConfigurationName = Release;
		};
		1DEB922208733DC00010E9CD /* Build configuration list for PBXProject "Network+Storage" */ = {
			isa = XCConfigurationList;
			buildConfigurations = (
				1DEB922308733DC00010E9CD /* Debug */,
				1DEB922408733DC00010E9CD /* Release */,
			);
			defaultConfigurationIsVisible = 0;
			defaultConfigurationName = Release;
		};
/* End XCConfigurationList section */
	};
	rootObject = 0867D690FE84028FC02AAC07 /* Project object */;
}
