// !$*UTF8*$!
{
	archiveVersion = 1;
	classes = {
	};
	objectVersion = 45;
	objects = {

/* Begin PBXBuildFile section */
		15015CA9118AED3600972828 /* MvrInertia.m in Sources */ = {isa = PBXBuildFile; fileRef = 15015CA8118AED3600972828 /* MvrInertia.m */; };
		1520961011859ADA00D16CB7 /* PLBlocks.framework in Frameworks */ = {isa = PBXBuildFile; fileRef = 1520960F11859ADA00D16CB7 /* PLBlocks.framework */; };
		1520961911859AFE00D16CB7 /* PLActionSheet.m in Sources */ = {isa = PBXBuildFile; fileRef = 1520961811859AFE00D16CB7 /* PLActionSheet.m */; };
		1555DFB8117F3BE0009D6926 /* MvrDraggableView.m in Sources */ = {isa = PBXBuildFile; fileRef = 1555DFB7117F3BE0009D6926 /* MvrDraggableView.m */; };
		155F08DD1181E86F00A6CE5E /* ILViewController.m in Sources */ = {isa = PBXBuildFile; fileRef = 155F08DB1181E86F00A6CE5E /* ILViewController.m */; };
		155F08EB1181E9E600A6CE5E /* Backdrop.png in Resources */ = {isa = PBXBuildFile; fileRef = 155F08EA1181E9E600A6CE5E /* Backdrop.png */; };
		155F09771181F09200A6CE5E /* MvrImageItem.m in Sources */ = {isa = PBXBuildFile; fileRef = 155F09761181F09200A6CE5E /* MvrImageItem.m */; };
		155F09801181F0AC00A6CE5E /* ILPartController.m in Sources */ = {isa = PBXBuildFile; fileRef = 155F097F1181F0AC00A6CE5E /* ILPartController.m */; };
		155F09841181F0D700A6CE5E /* MobileCoreServices.framework in Frameworks */ = {isa = PBXBuildFile; fileRef = 155F09831181F0D700A6CE5E /* MobileCoreServices.framework */; };
		155F098B1181F1B600A6CE5E /* MvrItemController.m in Sources */ = {isa = PBXBuildFile; fileRef = 155F098A1181F1B600A6CE5E /* MvrItemController.m */; };
		155F099D1181F5D900A6CE5E /* MvrImageItemController.m in Sources */ = {isa = PBXBuildFile; fileRef = 155F099B1181F5D900A6CE5E /* MvrImageItemController.m */; };
		155F099E1181F5D900A6CE5E /* MvrImageItemController.xib in Resources */ = {isa = PBXBuildFile; fileRef = 155F099C1181F5D900A6CE5E /* MvrImageItemController.xib */; };
		155F09C2118232CD00A6CE5E /* IMG_0439.jpg in Resources */ = {isa = PBXBuildFile; fileRef = 155F09C1118232CD00A6CE5E /* IMG_0439.jpg */; };
		155F09DB1182332B00A6CE5E /* QuartzCore.framework in Frameworks */ = {isa = PBXBuildFile; fileRef = 155F09DA1182332B00A6CE5E /* QuartzCore.framework */; };
		1594522811766FF2003126B6 /* libNetwork.a in Frameworks */ = {isa = PBXBuildFile; fileRef = 1594521A11766FB9003126B6 /* libNetwork.a */; };
		159452531176702D003126B6 /* libMuiKit.a in Frameworks */ = {isa = PBXBuildFile; fileRef = 1594524C11767023003126B6 /* libMuiKit.a */; };
		1594525411767031003126B6 /* MuiKit.bundle in Resources */ = {isa = PBXBuildFile; fileRef = 1594524E11767023003126B6 /* MuiKit.bundle */; };
		15945260117672AC003126B6 /* MvrInertia_Old.m in Sources */ = {isa = PBXBuildFile; fileRef = 1594525F117672AC003126B6 /* MvrInertia_Old.m */; };
		15E43D3A1184C03E00047418 /* libz.1.1.3.dylib in Frameworks */ = {isa = PBXBuildFile; fileRef = 15E43D391184C03E00047418 /* libz.1.1.3.dylib */; };
		15E43D3C1184C04300047418 /* SystemConfiguration.framework in Frameworks */ = {isa = PBXBuildFile; fileRef = 15E43D3B1184C04300047418 /* SystemConfiguration.framework */; };
		15E43D421184C04D00047418 /* CFNetwork.framework in Frameworks */ = {isa = PBXBuildFile; fileRef = 15E43D411184C04D00047418 /* CFNetwork.framework */; };
		15E43E0D1184D40700047418 /* ActionButton.png in Resources */ = {isa = PBXBuildFile; fileRef = 15E43E0B1184D40700047418 /* ActionButton.png */; };
		15E43E0E1184D40700047418 /* ActionButton_Pressed.png in Resources */ = {isa = PBXBuildFile; fileRef = 15E43E0C1184D40700047418 /* ActionButton_Pressed.png */; };
		1D3623260D0F684500981E51 /* MvrAppDelegate_iPad.m in Sources */ = {isa = PBXBuildFile; fileRef = 1D3623250D0F684500981E51 /* MvrAppDelegate_iPad.m */; };
		1D60589B0D05DD56006BFB54 /* main.m in Sources */ = {isa = PBXBuildFile; fileRef = 29B97316FDCFA39411CA2CEA /* main.m */; };
		1D60589F0D05DD5A006BFB54 /* Foundation.framework in Frameworks */ = {isa = PBXBuildFile; fileRef = 1D30AB110D05D00D00671497 /* Foundation.framework */; };
		1DF5F4E00D08C38300B7A737 /* UIKit.framework in Frameworks */ = {isa = PBXBuildFile; fileRef = 1DF5F4DF0D08C38300B7A737 /* UIKit.framework */; };
		288765A50DF7441C002DB57D /* CoreGraphics.framework in Frameworks */ = {isa = PBXBuildFile; fileRef = 288765A40DF7441C002DB57D /* CoreGraphics.framework */; };
		2899E5220DE3E06400AC0155 /* MvrTableController_iPad.xib in Resources */ = {isa = PBXBuildFile; fileRef = 2899E5210DE3E06400AC0155 /* MvrTableController_iPad.xib */; };
		28AD733F0D9D9553002E5188 /* MainWindow.xib in Resources */ = {isa = PBXBuildFile; fileRef = 28AD733E0D9D9553002E5188 /* MainWindow.xib */; };
		28D7ACF80DDB3853001CB0EB /* MvrTableController_iPad.m in Sources */ = {isa = PBXBuildFile; fileRef = 28D7ACF70DDB3853001CB0EB /* MvrTableController_iPad.m */; };
/* End PBXBuildFile section */

/* Begin PBXContainerItemProxy section */
		1594521711766FB9003126B6 /* PBXContainerItemProxy */ = {
			isa = PBXContainerItemProxy;
			containerPortal = 1594520811766FB8003126B6 /* Network+Storage.xcodeproj */;
			proxyType = 2;
			remoteGlobalIDString = 1535D2361090336700CBF778;
			remoteInfo = "Network (Mac OS X)";
		};
		1594521911766FB9003126B6 /* PBXContainerItemProxy */ = {
			isa = PBXContainerItemProxy;
			containerPortal = 1594520811766FB8003126B6 /* Network+Storage.xcodeproj */;
			proxyType = 2;
			remoteGlobalIDString = D2AAC07E0554694100DB518D;
			remoteInfo = "Network (iPhone)";
		};
		1594521B11766FB9003126B6 /* PBXContainerItemProxy */ = {
			isa = PBXContainerItemProxy;
			containerPortal = 1594520811766FB8003126B6 /* Network+Storage.xcodeproj */;
			proxyType = 2;
			remoteGlobalIDString = 1593E964105BB9FB00220989;
			remoteInfo = "Network+Test";
		};
		1594521D11766FB9003126B6 /* PBXContainerItemProxy */ = {
			isa = PBXContainerItemProxy;
			containerPortal = 1594520811766FB8003126B6 /* Network+Storage.xcodeproj */;
			proxyType = 2;
			remoteGlobalIDString = 153B4212105BF36700DB8FB2;
			remoteInfo = "mvr-wifi";
		};
		1594521F11766FD8003126B6 /* PBXContainerItemProxy */ = {
			isa = PBXContainerItemProxy;
			containerPortal = 1594520811766FB8003126B6 /* Network+Storage.xcodeproj */;
			proxyType = 1;
			remoteGlobalIDString = D2AAC07D0554694100DB518D;
			remoteInfo = "Network (iPhone)";
		};
		1594524B11767023003126B6 /* PBXContainerItemProxy */ = {
			isa = PBXContainerItemProxy;
			containerPortal = 1594523011767013003126B6 /* MuiKit.xcodeproj */;
			proxyType = 2;
			remoteGlobalIDString = 154B01F00F78156D0082109B;
			remoteInfo = "MuiKit (Library)";
		};
		1594524D11767023003126B6 /* PBXContainerItemProxy */ = {
			isa = PBXContainerItemProxy;
			containerPortal = 1594523011767013003126B6 /* MuiKit.xcodeproj */;
			proxyType = 2;
			remoteGlobalIDString = 156FD76B0F7A25F900F83283;
			remoteInfo = "MuiKit (Resources)";
		};
		1594524F11767023003126B6 /* PBXContainerItemProxy */ = {
			isa = PBXContainerItemProxy;
			containerPortal = 1594523011767013003126B6 /* MuiKit.xcodeproj */;
			proxyType = 2;
			remoteGlobalIDString = 154635591011BD77000238EE;
			remoteInfo = "MuiKit+Test";
		};
		1594525111767023003126B6 /* PBXContainerItemProxy */ = {
			isa = PBXContainerItemProxy;
			containerPortal = 1594523011767013003126B6 /* MuiKit.xcodeproj */;
			proxyType = 2;
			remoteGlobalIDString = 153B416C105BEFCA00DB8FB2;
			remoteInfo = "MuiKit (Library - Mac OS X)";
		};
		1594525511767039003126B6 /* PBXContainerItemProxy */ = {
			isa = PBXContainerItemProxy;
			containerPortal = 1594523011767013003126B6 /* MuiKit.xcodeproj */;
			proxyType = 1;
			remoteGlobalIDString = 156FD7720F7A261B00F83283;
			remoteInfo = MuiKit;
		};
/* End PBXContainerItemProxy section */

/* Begin PBXFileReference section */
		15015CA7118AED3600972828 /* MvrInertia.h */ = {isa = PBXFileReference; fileEncoding = 4; lastKnownFileType = sourcecode.c.h; path = MvrInertia.h; sourceTree = "<group>"; };
		15015CA8118AED3600972828 /* MvrInertia.m */ = {isa = PBXFileReference; fileEncoding = 4; lastKnownFileType = sourcecode.c.objc; path = MvrInertia.m; sourceTree = "<group>"; };
		1520960F11859ADA00D16CB7 /* PLBlocks.framework */ = {isa = PBXFileReference; lastKnownFileType = wrapper.framework; path = PLBlocks.framework; sourceTree = "<group>"; };
		1520961711859AFE00D16CB7 /* PLActionSheet.h */ = {isa = PBXFileReference; fileEncoding = 4; lastKnownFileType = sourcecode.c.h; path = PLActionSheet.h; sourceTree = "<group>"; };
		1520961811859AFE00D16CB7 /* PLActionSheet.m */ = {isa = PBXFileReference; fileEncoding = 4; lastKnownFileType = sourcecode.c.objc; path = PLActionSheet.m; sourceTree = "<group>"; };
		1555DFB6117F3BE0009D6926 /* MvrDraggableView.h */ = {isa = PBXFileReference; fileEncoding = 4; lastKnownFileType = sourcecode.c.h; path = MvrDraggableView.h; sourceTree = "<group>"; };
		1555DFB7117F3BE0009D6926 /* MvrDraggableView.m */ = {isa = PBXFileReference; fileEncoding = 4; lastKnownFileType = sourcecode.c.objc; path = MvrDraggableView.m; sourceTree = "<group>"; };
		155F08DB1181E86F00A6CE5E /* ILViewController.m */ = {isa = PBXFileReference; fileEncoding = 4; lastKnownFileType = sourcecode.c.objc; path = ILViewController.m; sourceTree = "<group>"; };
		155F08DC1181E86F00A6CE5E /* ILViewController.h */ = {isa = PBXFileReference; fileEncoding = 4; lastKnownFileType = sourcecode.c.h; path = ILViewController.h; sourceTree = "<group>"; };
		155F08EA1181E9E600A6CE5E /* Backdrop.png */ = {isa = PBXFileReference; lastKnownFileType = image.png; path = Backdrop.png; sourceTree = "<group>"; };
		155F09751181F09200A6CE5E /* MvrImageItem.h */ = {isa = PBXFileReference; fileEncoding = 4; lastKnownFileType = sourcecode.c.h; name = MvrImageItem.h; path = ../iPhone/Classes/MvrImageItem.h; sourceTree = SOURCE_ROOT; };
		155F09761181F09200A6CE5E /* MvrImageItem.m */ = {isa = PBXFileReference; fileEncoding = 4; lastKnownFileType = sourcecode.c.objc; name = MvrImageItem.m; path = ../iPhone/Classes/MvrImageItem.m; sourceTree = SOURCE_ROOT; };
		155F097E1181F0AC00A6CE5E /* ILPartController.h */ = {isa = PBXFileReference; fileEncoding = 4; lastKnownFileType = sourcecode.c.h; path = ILPartController.h; sourceTree = "<group>"; };
		155F097F1181F0AC00A6CE5E /* ILPartController.m */ = {isa = PBXFileReference; fileEncoding = 4; lastKnownFileType = sourcecode.c.objc; path = ILPartController.m; sourceTree = "<group>"; };
		155F09831181F0D700A6CE5E /* MobileCoreServices.framework */ = {isa = PBXFileReference; lastKnownFileType = wrapper.framework; name = MobileCoreServices.framework; path = System/Library/Frameworks/MobileCoreServices.framework; sourceTree = SDKROOT; };
		155F09891181F1B600A6CE5E /* MvrItemController.h */ = {isa = PBXFileReference; fileEncoding = 4; lastKnownFileType = sourcecode.c.h; path = MvrItemController.h; sourceTree = "<group>"; };
		155F098A1181F1B600A6CE5E /* MvrItemController.m */ = {isa = PBXFileReference; fileEncoding = 4; lastKnownFileType = sourcecode.c.objc; path = MvrItemController.m; sourceTree = "<group>"; };
		155F099A1181F5D900A6CE5E /* MvrImageItemController.h */ = {isa = PBXFileReference; fileEncoding = 4; lastKnownFileType = sourcecode.c.h; path = MvrImageItemController.h; sourceTree = "<group>"; };
		155F099B1181F5D900A6CE5E /* MvrImageItemController.m */ = {isa = PBXFileReference; fileEncoding = 4; lastKnownFileType = sourcecode.c.objc; path = MvrImageItemController.m; sourceTree = "<group>"; };
		155F099C1181F5D900A6CE5E /* MvrImageItemController.xib */ = {isa = PBXFileReference; lastKnownFileType = file.xib; path = MvrImageItemController.xib; sourceTree = "<group>"; };
		155F09C1118232CD00A6CE5E /* IMG_0439.jpg */ = {isa = PBXFileReference; lastKnownFileType = image.jpeg; path = IMG_0439.jpg; sourceTree = "<group>"; };
		155F09DA1182332B00A6CE5E /* QuartzCore.framework */ = {isa = PBXFileReference; lastKnownFileType = wrapper.framework; name = QuartzCore.framework; path = System/Library/Frameworks/QuartzCore.framework; sourceTree = SDKROOT; };
		1594520811766FB8003126B6 /* Network+Storage.xcodeproj */ = {isa = PBXFileReference; lastKnownFileType = "wrapper.pb-project"; name = "Network+Storage.xcodeproj"; path = "../Network+Storage/Network+Storage.xcodeproj"; sourceTree = SOURCE_ROOT; };
		1594523011767013003126B6 /* MuiKit.xcodeproj */ = {isa = PBXFileReference; lastKnownFileType = "wrapper.pb-project"; path = MuiKit.xcodeproj; sourceTree = INFINITELABS_LIB_MUIKIT; };
		1594525E117672AC003126B6 /* MvrInertia_Old.h */ = {isa = PBXFileReference; fileEncoding = 4; lastKnownFileType = sourcecode.c.h; path = MvrInertia_Old.h; sourceTree = "<group>"; };
		1594525F117672AC003126B6 /* MvrInertia_Old.m */ = {isa = PBXFileReference; fileEncoding = 4; lastKnownFileType = sourcecode.c.objc; path = MvrInertia_Old.m; sourceTree = "<group>"; };
		15E43D391184C03E00047418 /* libz.1.1.3.dylib */ = {isa = PBXFileReference; lastKnownFileType = "compiled.mach-o.dylib"; name = libz.1.1.3.dylib; path = usr/lib/libz.1.1.3.dylib; sourceTree = SDKROOT; };
		15E43D3B1184C04300047418 /* SystemConfiguration.framework */ = {isa = PBXFileReference; lastKnownFileType = wrapper.framework; name = SystemConfiguration.framework; path = System/Library/Frameworks/SystemConfiguration.framework; sourceTree = SDKROOT; };
		15E43D411184C04D00047418 /* CFNetwork.framework */ = {isa = PBXFileReference; lastKnownFileType = wrapper.framework; name = CFNetwork.framework; path = System/Library/Frameworks/CFNetwork.framework; sourceTree = SDKROOT; };
		15E43E0B1184D40700047418 /* ActionButton.png */ = {isa = PBXFileReference; lastKnownFileType = image.png; path = ActionButton.png; sourceTree = "<group>"; };
		15E43E0C1184D40700047418 /* ActionButton_Pressed.png */ = {isa = PBXFileReference; lastKnownFileType = image.png; path = ActionButton_Pressed.png; sourceTree = "<group>"; };
		1D30AB110D05D00D00671497 /* Foundation.framework */ = {isa = PBXFileReference; lastKnownFileType = wrapper.framework; name = Foundation.framework; path = System/Library/Frameworks/Foundation.framework; sourceTree = SDKROOT; };
		1D3623240D0F684500981E51 /* MvrAppDelegate_iPad.h */ = {isa = PBXFileReference; fileEncoding = 4; lastKnownFileType = sourcecode.c.h; path = MvrAppDelegate_iPad.h; sourceTree = "<group>"; };
		1D3623250D0F684500981E51 /* MvrAppDelegate_iPad.m */ = {isa = PBXFileReference; fileEncoding = 4; lastKnownFileType = sourcecode.c.objc; path = MvrAppDelegate_iPad.m; sourceTree = "<group>"; };
		1D6058910D05DD3D006BFB54 /* Mover3-iPad.app */ = {isa = PBXFileReference; explicitFileType = wrapper.application; includeInIndex = 0; path = "Mover3-iPad.app"; sourceTree = BUILT_PRODUCTS_DIR; };
		1DF5F4DF0D08C38300B7A737 /* UIKit.framework */ = {isa = PBXFileReference; lastKnownFileType = wrapper.framework; name = UIKit.framework; path = System/Library/Frameworks/UIKit.framework; sourceTree = SDKROOT; };
		288765A40DF7441C002DB57D /* CoreGraphics.framework */ = {isa = PBXFileReference; lastKnownFileType = wrapper.framework; name = CoreGraphics.framework; path = System/Library/Frameworks/CoreGraphics.framework; sourceTree = SDKROOT; };
		2899E5210DE3E06400AC0155 /* MvrTableController_iPad.xib */ = {isa = PBXFileReference; lastKnownFileType = file.xib; path = MvrTableController_iPad.xib; sourceTree = "<group>"; };
		28AD733E0D9D9553002E5188 /* MainWindow.xib */ = {isa = PBXFileReference; lastKnownFileType = file.xib; path = MainWindow.xib; sourceTree = "<group>"; };
		28D7ACF60DDB3853001CB0EB /* MvrTableController_iPad.h */ = {isa = PBXFileReference; fileEncoding = 4; lastKnownFileType = sourcecode.c.h; path = MvrTableController_iPad.h; sourceTree = "<group>"; };
		28D7ACF70DDB3853001CB0EB /* MvrTableController_iPad.m */ = {isa = PBXFileReference; fileEncoding = 4; lastKnownFileType = sourcecode.c.objc; path = MvrTableController_iPad.m; sourceTree = "<group>"; };
		29B97316FDCFA39411CA2CEA /* main.m */ = {isa = PBXFileReference; fileEncoding = 4; lastKnownFileType = sourcecode.c.objc; path = main.m; sourceTree = "<group>"; };
		8D1107310486CEB800E47090 /* Mover3_iPad-Info.plist */ = {isa = PBXFileReference; fileEncoding = 4; lastKnownFileType = text.plist.xml; path = "Mover3_iPad-Info.plist"; plistStructureDefinitionIdentifier = "com.apple.xcode.plist.structure-definition.iphone.info-plist"; sourceTree = "<group>"; };
/* End PBXFileReference section */

/* Begin PBXFrameworksBuildPhase section */
		1D60588F0D05DD3D006BFB54 /* Frameworks */ = {
			isa = PBXFrameworksBuildPhase;
			buildActionMask = 2147483647;
			files = (
				159452531176702D003126B6 /* libMuiKit.a in Frameworks */,
				1594522811766FF2003126B6 /* libNetwork.a in Frameworks */,
				1D60589F0D05DD5A006BFB54 /* Foundation.framework in Frameworks */,
				1DF5F4E00D08C38300B7A737 /* UIKit.framework in Frameworks */,
				288765A50DF7441C002DB57D /* CoreGraphics.framework in Frameworks */,
				155F09841181F0D700A6CE5E /* MobileCoreServices.framework in Frameworks */,
				155F09DB1182332B00A6CE5E /* QuartzCore.framework in Frameworks */,
				15E43D3A1184C03E00047418 /* libz.1.1.3.dylib in Frameworks */,
				15E43D3C1184C04300047418 /* SystemConfiguration.framework in Frameworks */,
				15E43D421184C04D00047418 /* CFNetwork.framework in Frameworks */,
				1520961011859ADA00D16CB7 /* PLBlocks.framework in Frameworks */,
			);
			runOnlyForDeploymentPostprocessing = 0;
		};
/* End PBXFrameworksBuildPhase section */

/* Begin PBXGroup section */
		080E96DDFE201D6D7F000001 /* Classes */ = {
			isa = PBXGroup;
			children = (
				155F09781181F09B00A6CE5E /* Tools */,
				155F094D1181EFF100A6CE5E /* Items */,
				1594525E117672AC003126B6 /* MvrInertia_Old.h */,
				1594525F117672AC003126B6 /* MvrInertia_Old.m */,
				1D3623240D0F684500981E51 /* MvrAppDelegate_iPad.h */,
				1D3623250D0F684500981E51 /* MvrAppDelegate_iPad.m */,
				28D7ACF60DDB3853001CB0EB /* MvrTableController_iPad.h */,
				28D7ACF70DDB3853001CB0EB /* MvrTableController_iPad.m */,
				1555DFB6117F3BE0009D6926 /* MvrDraggableView.h */,
				1555DFB7117F3BE0009D6926 /* MvrDraggableView.m */,
				15E43E0A1184D3FB00047418 /* Item Controller */,
				15015CA7118AED3600972828 /* MvrInertia.h */,
				15015CA8118AED3600972828 /* MvrInertia.m */,
			);
			path = Classes;
			sourceTree = "<group>";
		};
		155F094D1181EFF100A6CE5E /* Items */ = {
			isa = PBXGroup;
			children = (
				155F09751181F09200A6CE5E /* MvrImageItem.h */,
				155F09761181F09200A6CE5E /* MvrImageItem.m */,
				155F099A1181F5D900A6CE5E /* MvrImageItemController.h */,
				155F099B1181F5D900A6CE5E /* MvrImageItemController.m */,
				155F099C1181F5D900A6CE5E /* MvrImageItemController.xib */,
			);
			name = Items;
			sourceTree = "<group>";
		};
		155F09781181F09B00A6CE5E /* Tools */ = {
			isa = PBXGroup;
			children = (
				1520961711859AFE00D16CB7 /* PLActionSheet.h */,
				1520961811859AFE00D16CB7 /* PLActionSheet.m */,
				155F097E1181F0AC00A6CE5E /* ILPartController.h */,
				155F097F1181F0AC00A6CE5E /* ILPartController.m */,
				155F08DC1181E86F00A6CE5E /* ILViewController.h */,
				155F08DB1181E86F00A6CE5E /* ILViewController.m */,
			);
			name = Tools;
			sourceTree = "<group>";
		};
		1594520911766FB8003126B6 /* Products */ = {
			isa = PBXGroup;
			children = (
				1594521811766FB9003126B6 /* libNetwork.a */,
				1594521A11766FB9003126B6 /* libNetwork.a */,
				1594521C11766FB9003126B6 /* Network+Test.octest */,
				1594521E11766FB9003126B6 /* mvr-wifi */,
			);
			name = Products;
			sourceTree = "<group>";
		};
		1594524211767023003126B6 /* Products */ = {
			isa = PBXGroup;
			children = (
				1594524C11767023003126B6 /* libMuiKit.a */,
				1594524E11767023003126B6 /* MuiKit.bundle */,
				1594525011767023003126B6 /* MuiKit+Test.octest */,
				1594525211767023003126B6 /* libMuiKit-Mac.a */,
			);
			name = Products;
			sourceTree = "<group>";
		};
		15E43E0A1184D3FB00047418 /* Item Controller */ = {
			isa = PBXGroup;
			children = (
				15E43E0B1184D40700047418 /* ActionButton.png */,
				15E43E0C1184D40700047418 /* ActionButton_Pressed.png */,
				155F09891181F1B600A6CE5E /* MvrItemController.h */,
				155F098A1181F1B600A6CE5E /* MvrItemController.m */,
			);
			name = "Item Controller";
			sourceTree = "<group>";
		};
		19C28FACFE9D520D11CA2CBB /* Products */ = {
			isa = PBXGroup;
			children = (
				1D6058910D05DD3D006BFB54 /* Mover3-iPad.app */,
			);
			name = Products;
			sourceTree = "<group>";
		};
		29B97314FDCFA39411CA2CEA /* CustomTemplate */ = {
			isa = PBXGroup;
			children = (
				1594523011767013003126B6 /* MuiKit.xcodeproj */,
				1594520811766FB8003126B6 /* Network+Storage.xcodeproj */,
				080E96DDFE201D6D7F000001 /* Classes */,
				29B97315FDCFA39411CA2CEA /* Other Sources */,
				29B97317FDCFA39411CA2CEA /* Resources */,
				29B97323FDCFA39411CA2CEA /* Frameworks */,
				19C28FACFE9D520D11CA2CBB /* Products */,
				155F09831181F0D700A6CE5E /* MobileCoreServices.framework */,
				155F09DA1182332B00A6CE5E /* QuartzCore.framework */,
				15E43D391184C03E00047418 /* libz.1.1.3.dylib */,
				15E43D3B1184C04300047418 /* SystemConfiguration.framework */,
				15E43D411184C04D00047418 /* CFNetwork.framework */,
			);
			name = CustomTemplate;
			sourceTree = "<group>";
		};
		29B97315FDCFA39411CA2CEA /* Other Sources */ = {
			isa = PBXGroup;
			children = (
				29B97316FDCFA39411CA2CEA /* main.m */,
			);
			name = "Other Sources";
			sourceTree = "<group>";
		};
		29B97317FDCFA39411CA2CEA /* Resources */ = {
			isa = PBXGroup;
			children = (
				155F09C1118232CD00A6CE5E /* IMG_0439.jpg */,
				155F08EA1181E9E600A6CE5E /* Backdrop.png */,
				2899E5210DE3E06400AC0155 /* MvrTableController_iPad.xib */,
				28AD733E0D9D9553002E5188 /* MainWindow.xib */,
				8D1107310486CEB800E47090 /* Mover3_iPad-Info.plist */,
			);
			name = Resources;
			sourceTree = "<group>";
		};
		29B97323FDCFA39411CA2CEA /* Frameworks */ = {
			isa = PBXGroup;
			children = (
				1520960F11859ADA00D16CB7 /* PLBlocks.framework */,
				1DF5F4DF0D08C38300B7A737 /* UIKit.framework */,
				1D30AB110D05D00D00671497 /* Foundation.framework */,
				288765A40DF7441C002DB57D /* CoreGraphics.framework */,
			);
			name = Frameworks;
			sourceTree = "<group>";
		};
/* End PBXGroup section */

/* Begin PBXNativeTarget section */
		1D6058900D05DD3D006BFB54 /* Mover3-iPad */ = {
			isa = PBXNativeTarget;
			buildConfigurationList = 1D6058960D05DD3E006BFB54 /* Build configuration list for PBXNativeTarget "Mover3-iPad" */;
			buildPhases = (
				1D60588D0D05DD3D006BFB54 /* Resources */,
				1D60588E0D05DD3D006BFB54 /* Sources */,
				1D60588F0D05DD3D006BFB54 /* Frameworks */,
			);
			buildRules = (
			);
			dependencies = (
				1594522011766FD8003126B6 /* PBXTargetDependency */,
				1594525611767039003126B6 /* PBXTargetDependency */,
			);
			name = "Mover3-iPad";
			productName = "Mover3-iPad";
			productReference = 1D6058910D05DD3D006BFB54 /* Mover3-iPad.app */;
			productType = "com.apple.product-type.application";
		};
/* End PBXNativeTarget section */

/* Begin PBXProject section */
		29B97313FDCFA39411CA2CEA /* Project object */ = {
			isa = PBXProject;
			buildConfigurationList = C01FCF4E08A954540054247B /* Build configuration list for PBXProject "Mover3-iPad" */;
			compatibilityVersion = "Xcode 3.1";
			hasScannedForEncodings = 1;
			mainGroup = 29B97314FDCFA39411CA2CEA /* CustomTemplate */;
			projectDirPath = "";
			projectReferences = (
				{
					ProductGroup = 1594524211767023003126B6 /* Products */;
					ProjectRef = 1594523011767013003126B6 /* MuiKit.xcodeproj */;
				},
				{
					ProductGroup = 1594520911766FB8003126B6 /* Products */;
					ProjectRef = 1594520811766FB8003126B6 /* Network+Storage.xcodeproj */;
				},
			);
			projectRoot = "";
			targets = (
				1D6058900D05DD3D006BFB54 /* Mover3-iPad */,
			);
		};
/* End PBXProject section */

/* Begin PBXReferenceProxy section */
		1594521811766FB9003126B6 /* libNetwork.a */ = {
			isa = PBXReferenceProxy;
			fileType = archive.ar;
			path = libNetwork.a;
			remoteRef = 1594521711766FB9003126B6 /* PBXContainerItemProxy */;
			sourceTree = BUILT_PRODUCTS_DIR;
		};
		1594521A11766FB9003126B6 /* libNetwork.a */ = {
			isa = PBXReferenceProxy;
			fileType = archive.ar;
			path = libNetwork.a;
			remoteRef = 1594521911766FB9003126B6 /* PBXContainerItemProxy */;
			sourceTree = BUILT_PRODUCTS_DIR;
		};
		1594521C11766FB9003126B6 /* Network+Test.octest */ = {
			isa = PBXReferenceProxy;
			fileType = wrapper.cfbundle;
			path = "Network+Test.octest";
			remoteRef = 1594521B11766FB9003126B6 /* PBXContainerItemProxy */;
			sourceTree = BUILT_PRODUCTS_DIR;
		};
		1594521E11766FB9003126B6 /* mvr-wifi */ = {
			isa = PBXReferenceProxy;
			fileType = "compiled.mach-o.executable";
			path = "mvr-wifi";
			remoteRef = 1594521D11766FB9003126B6 /* PBXContainerItemProxy */;
			sourceTree = BUILT_PRODUCTS_DIR;
		};
		1594524C11767023003126B6 /* libMuiKit.a */ = {
			isa = PBXReferenceProxy;
			fileType = archive.ar;
			path = libMuiKit.a;
			remoteRef = 1594524B11767023003126B6 /* PBXContainerItemProxy */;
			sourceTree = BUILT_PRODUCTS_DIR;
		};
		1594524E11767023003126B6 /* MuiKit.bundle */ = {
			isa = PBXReferenceProxy;
			fileType = wrapper.cfbundle;
			path = MuiKit.bundle;
			remoteRef = 1594524D11767023003126B6 /* PBXContainerItemProxy */;
			sourceTree = BUILT_PRODUCTS_DIR;
		};
		1594525011767023003126B6 /* MuiKit+Test.octest */ = {
			isa = PBXReferenceProxy;
			fileType = wrapper.cfbundle;
			path = "MuiKit+Test.octest";
			remoteRef = 1594524F11767023003126B6 /* PBXContainerItemProxy */;
			sourceTree = BUILT_PRODUCTS_DIR;
		};
		1594525211767023003126B6 /* libMuiKit-Mac.a */ = {
			isa = PBXReferenceProxy;
			fileType = archive.ar;
			path = "libMuiKit-Mac.a";
			remoteRef = 1594525111767023003126B6 /* PBXContainerItemProxy */;
			sourceTree = BUILT_PRODUCTS_DIR;
		};
/* End PBXReferenceProxy section */

/* Begin PBXResourcesBuildPhase section */
		1D60588D0D05DD3D006BFB54 /* Resources */ = {
			isa = PBXResourcesBuildPhase;
			buildActionMask = 2147483647;
			files = (
				1594525411767031003126B6 /* MuiKit.bundle in Resources */,
				28AD733F0D9D9553002E5188 /* MainWindow.xib in Resources */,
				2899E5220DE3E06400AC0155 /* MvrTableController_iPad.xib in Resources */,
				155F08EB1181E9E600A6CE5E /* Backdrop.png in Resources */,
				155F099E1181F5D900A6CE5E /* MvrImageItemController.xib in Resources */,
				155F09C2118232CD00A6CE5E /* IMG_0439.jpg in Resources */,
				15E43E0D1184D40700047418 /* ActionButton.png in Resources */,
				15E43E0E1184D40700047418 /* ActionButton_Pressed.png in Resources */,
			);
			runOnlyForDeploymentPostprocessing = 0;
		};
/* End PBXResourcesBuildPhase section */

/* Begin PBXSourcesBuildPhase section */
		1D60588E0D05DD3D006BFB54 /* Sources */ = {
			isa = PBXSourcesBuildPhase;
			buildActionMask = 2147483647;
			files = (
				1D60589B0D05DD56006BFB54 /* main.m in Sources */,
				1D3623260D0F684500981E51 /* MvrAppDelegate_iPad.m in Sources */,
				28D7ACF80DDB3853001CB0EB /* MvrTableController_iPad.m in Sources */,
				15945260117672AC003126B6 /* MvrInertia_Old.m in Sources */,
				1555DFB8117F3BE0009D6926 /* MvrDraggableView.m in Sources */,
				155F08DD1181E86F00A6CE5E /* ILViewController.m in Sources */,
				155F09771181F09200A6CE5E /* MvrImageItem.m in Sources */,
				155F09801181F0AC00A6CE5E /* ILPartController.m in Sources */,
				155F098B1181F1B600A6CE5E /* MvrItemController.m in Sources */,
				155F099D1181F5D900A6CE5E /* MvrImageItemController.m in Sources */,
				1520961911859AFE00D16CB7 /* PLActionSheet.m in Sources */,
				15015CA9118AED3600972828 /* MvrInertia.m in Sources */,
			);
			runOnlyForDeploymentPostprocessing = 0;
		};
/* End PBXSourcesBuildPhase section */

/* Begin PBXTargetDependency section */
		1594522011766FD8003126B6 /* PBXTargetDependency */ = {
			isa = PBXTargetDependency;
			name = "Network (iPhone)";
			targetProxy = 1594521F11766FD8003126B6 /* PBXContainerItemProxy */;
		};
		1594525611767039003126B6 /* PBXTargetDependency */ = {
			isa = PBXTargetDependency;
			name = MuiKit;
			targetProxy = 1594525511767039003126B6 /* PBXContainerItemProxy */;
		};
/* End PBXTargetDependency section */

/* Begin XCBuildConfiguration section */
		1D6058940D05DD3E006BFB54 /* Debug */ = {
			isa = XCBuildConfiguration;
			buildSettings = {
				ALWAYS_SEARCH_USER_PATHS = NO;
				COPY_PHASE_STRIP = NO;
				FRAMEWORK_SEARCH_PATHS = (
					"$(inherited)",
					"\"$(SRCROOT)\"",
				);
				GCC_DYNAMIC_NO_PIC = NO;
				GCC_OPTIMIZATION_LEVEL = 0;
				GCC_PRECOMPILE_PREFIX_HEADER = YES;
				GCC_PREFIX_HEADER = "$(INFINITELABS_TOOLS)/Common/iPhone/UIKit.pch";
				GCC_PREPROCESSOR_DEFINITIONS = "DEBUG=1";
				GCC_VERSION = coop.plausible.blocks.compilers.gcc.4_2;
				HEADER_SEARCH_PATHS = "$(INFINITELABS_LIB_MUIKIT)/Build/Headers";
				INFOPLIST_FILE = "Mover3_iPad-Info.plist";
				OTHER_LDFLAGS = (
					"-all_load",
					"-ObjC",
				);
				PRODUCT_NAME = "Mover3-iPad";
				USER_HEADER_SEARCH_PATHS = "$(SRCROOT)/..";
			};
			name = Debug;
		};
		1D6058950D05DD3E006BFB54 /* Release */ = {
			isa = XCBuildConfiguration;
			buildSettings = {
				ALWAYS_SEARCH_USER_PATHS = NO;
				COPY_PHASE_STRIP = YES;
				FRAMEWORK_SEARCH_PATHS = (
					"$(inherited)",
					"\"$(SRCROOT)\"",
				);
				GCC_PRECOMPILE_PREFIX_HEADER = YES;
				GCC_PREFIX_HEADER = "$(INFINITELABS_TOOLS)/Common/iPhone/UIKit.pch";
				HEADER_SEARCH_PATHS = "$(INFINITELABS_LIB_MUIKIT)/Build/Headers";
				INFOPLIST_FILE = "Mover3_iPad-Info.plist";
				OTHER_LDFLAGS = (
					"-all_load",
					"-ObjC",
				);
				PRODUCT_NAME = "Mover3-iPad";
				USER_HEADER_SEARCH_PATHS = "$(SRCROOT)/..";
				VALIDATE_PRODUCT = YES;
			};
			name = Release;
		};
		C01FCF4F08A954540054247B /* Debug */ = {
			isa = XCBuildConfiguration;
			buildSettings = {
				"ARCHS[sdk=iphoneos*]" = armv7;
				"ARCHS[sdk=iphonesimulator*]" = i386;
				"CODE_SIGN_IDENTITY[sdk=iphoneos*]" = "iPhone Developer";
				GCC_C_LANGUAGE_STANDARD = c99;
				GCC_WARN_ABOUT_RETURN_TYPE = YES;
				GCC_WARN_UNUSED_VARIABLE = YES;
				PREBINDING = NO;
				SDKROOT = iphoneos3.2;
				TARGETED_DEVICE_FAMILY = 2;
			};
			name = Debug;
		};
		C01FCF5008A954540054247B /* Release */ = {
			isa = XCBuildConfiguration;
			buildSettings = {
				"ARCHS[sdk=iphoneos*]" = armv7;
				"ARCHS[sdk=iphonesimulator*]" = i386;
				"CODE_SIGN_IDENTITY[sdk=iphoneos*]" = "iPhone Developer";
				GCC_C_LANGUAGE_STANDARD = c99;
				GCC_WARN_ABOUT_RETURN_TYPE = YES;
				GCC_WARN_UNUSED_VARIABLE = YES;
				OTHER_CFLAGS = "-DNS_BLOCK_ASSERTIONS=1";
				PREBINDING = NO;
				SDKROOT = iphoneos3.2;
				TARGETED_DEVICE_FAMILY = 2;
			};
			name = Release;
		};
/* End XCBuildConfiguration section */

/* Begin XCConfigurationList section */
		1D6058960D05DD3E006BFB54 /* Build configuration list for PBXNativeTarget "Mover3-iPad" */ = {
			isa = XCConfigurationList;
			buildConfigurations = (
				1D6058940D05DD3E006BFB54 /* Debug */,
				1D6058950D05DD3E006BFB54 /* Release */,
			);
			defaultConfigurationIsVisible = 0;
			defaultConfigurationName = Release;
		};
		C01FCF4E08A954540054247B /* Build configuration list for PBXProject "Mover3-iPad" */ = {
			isa = XCConfigurationList;
			buildConfigurations = (
				C01FCF4F08A954540054247B /* Debug */,
				C01FCF5008A954540054247B /* Release */,
			);
			defaultConfigurationIsVisible = 0;
			defaultConfigurationName = Release;
		};
/* End XCConfigurationList section */
	};
	rootObject = 29B97313FDCFA39411CA2CEA /* Project object */;
}
